{
  "version": 4,
  "terraform_version": "1.11.3",
  "serial": 438,
  "lineage": "907a8323-7aaf-70a1-f9dc-b3ded2e6ff5a",
  "outputs": {
    "db-endpoint": {
      "value": "autocap-wordpress-db.c184icugqfwq.eu-west-3.rds.amazonaws.com:3306",
      "type": "string"
    },
    "wordpress_public_ip": {
      "value": "15.237.191.255",
      "type": "string"
    }
  },
  "resources": [
    {
      "mode": "data",
      "type": "aws_cloudfront_distribution",
      "name": "cloudfront",
      "provider": "provider[\"registry.terraform.io/hashicorp/aws\"]",
      "instances": [
        {
          "schema_version": 0,
          "attributes": {
            "aliases": [],
            "anycast_ip_list_id": "",
            "arn": "arn:aws:cloudfront::015937138823:distribution/E2572YCWOWSTVG",
            "domain_name": "d2rtl9v6atkc4f.cloudfront.net",
            "enabled": true,
            "etag": "E321B4V4BKM1OK",
            "hosted_zone_id": "Z2FDTNDATAQYW2",
            "id": "E2572YCWOWSTVG",
            "in_progress_validation_batches": 0,
            "last_modified_time": "2025-12-10 12:06:37.493 +0000 UTC",
            "status": "Deployed",
            "tags": {
              "Name": "autocap-cloudfront"
            },
            "web_acl_id": ""
          },
          "sensitive_attributes": []
        }
      ]
    },
    {
      "mode": "data",
      "type": "aws_iam_policy_document",
      "name": "autocap_media_policy",
      "provider": "provider[\"registry.terraform.io/hashicorp/aws\"]",
      "instances": [
        {
          "schema_version": 0,
          "attributes": {
            "id": "3089675213",
            "json": "{\n  \"Version\": \"2012-10-17\",\n  \"Statement\": [\n    {\n      \"Effect\": \"Allow\",\n      \"Action\": [\n        \"s3:ListBucket\",\n        \"s3:GetObjectVersion\",\n        \"s3:GetObject\"\n      ],\n      \"Resource\": [\n        \"arn:aws:s3:::autocap-media/*\",\n        \"arn:aws:s3:::autocap-media\"\n      ],\n      \"Principal\": {\n        \"AWS\": \"*\"\n      }\n    }\n  ]\n}",
            "minified_json": "{\"Version\":\"2012-10-17\",\"Statement\":[{\"Effect\":\"Allow\",\"Action\":[\"s3:ListBucket\",\"s3:GetObjectVersion\",\"s3:GetObject\"],\"Resource\":[\"arn:aws:s3:::autocap-media/*\",\"arn:aws:s3:::autocap-media\"],\"Principal\":{\"AWS\":\"*\"}}]}",
            "override_json": null,
            "override_policy_documents": null,
            "policy_id": null,
            "source_json": null,
            "source_policy_documents": null,
            "statement": [
              {
                "actions": [
                  "s3:GetObject",
                  "s3:GetObjectVersion",
                  "s3:ListBucket"
                ],
                "condition": [],
                "effect": "Allow",
                "not_actions": [],
                "not_principals": [],
                "not_resources": [],
                "principals": [
                  {
                    "identifiers": [
                      "*"
                    ],
                    "type": "AWS"
                  }
                ],
                "resources": [
                  "arn:aws:s3:::autocap-media",
                  "arn:aws:s3:::autocap-media/*"
                ],
                "sid": ""
              }
            ],
            "version": "2012-10-17"
          },
          "sensitive_attributes": []
        }
      ]
    },
    {
      "mode": "data",
      "type": "aws_iam_policy_document",
      "name": "log_bucket_access_policy",
      "provider": "provider[\"registry.terraform.io/hashicorp/aws\"]",
      "instances": [
        {
          "schema_version": 0,
          "attributes": {
            "id": "1511914020",
            "json": "{\n  \"Version\": \"2012-10-17\",\n  \"Statement\": [\n    {\n      \"Effect\": \"Allow\",\n      \"Action\": [\n        \"s3:PutObject\",\n        \"s3:PutBucketAcl\",\n        \"s3:GetObject\",\n        \"s3:GetBucketAcl\"\n      ],\n      \"Resource\": [\n        \"arn:aws:s3:::autocap-log-bucket/*\",\n        \"arn:aws:s3:::autocap-log-bucket\"\n      ],\n      \"Principal\": {\n        \"AWS\": \"*\"\n      }\n    }\n  ]\n}",
            "minified_json": "{\"Version\":\"2012-10-17\",\"Statement\":[{\"Effect\":\"Allow\",\"Action\":[\"s3:PutObject\",\"s3:PutBucketAcl\",\"s3:GetObject\",\"s3:GetBucketAcl\"],\"Resource\":[\"arn:aws:s3:::autocap-log-bucket/*\",\"arn:aws:s3:::autocap-log-bucket\"],\"Principal\":{\"AWS\":\"*\"}}]}",
            "override_json": null,
            "override_policy_documents": null,
            "policy_id": null,
            "source_json": null,
            "source_policy_documents": null,
            "statement": [
              {
                "actions": [
                  "s3:GetBucketAcl",
                  "s3:GetObject",
                  "s3:PutBucketAcl",
                  "s3:PutObject"
                ],
                "condition": [],
                "effect": "Allow",
                "not_actions": [],
                "not_principals": [],
                "not_resources": [],
                "principals": [
                  {
                    "identifiers": [
                      "*"
                    ],
                    "type": "AWS"
                  }
                ],
                "resources": [
                  "arn:aws:s3:::autocap-log-bucket",
                  "arn:aws:s3:::autocap-log-bucket/*"
                ],
                "sid": ""
              }
            ],
            "version": "2012-10-17"
          },
          "sensitive_attributes": []
        }
      ]
    },
    {
      "mode": "data",
      "type": "aws_iam_policy_document",
      "name": "log_bucket_policy",
      "provider": "provider[\"registry.terraform.io/hashicorp/aws\"]",
      "instances": [
        {
          "schema_version": 0,
          "attributes": {
            "id": "3880517848",
            "json": "{\n  \"Version\": \"2012-10-17\",\n  \"Statement\": [\n    {\n      \"Sid\": \"AWSCloudFrontLogsPolicy\",\n      \"Effect\": \"Allow\",\n      \"Action\": \"s3:PutObject\",\n      \"Resource\": \"arn:aws:s3:::autocap-log-bucket/*\",\n      \"Principal\": {\n        \"AWS\": \"arn:aws:iam::127311923021:root\"\n      }\n    }\n  ]\n}",
            "minified_json": "{\"Version\":\"2012-10-17\",\"Statement\":[{\"Sid\":\"AWSCloudFrontLogsPolicy\",\"Effect\":\"Allow\",\"Action\":\"s3:PutObject\",\"Resource\":\"arn:aws:s3:::autocap-log-bucket/*\",\"Principal\":{\"AWS\":\"arn:aws:iam::127311923021:root\"}}]}",
            "override_json": null,
            "override_policy_documents": null,
            "policy_id": null,
            "source_json": null,
            "source_policy_documents": null,
            "statement": [
              {
                "actions": [
                  "s3:PutObject"
                ],
                "condition": [],
                "effect": "Allow",
                "not_actions": [],
                "not_principals": [],
                "not_resources": [],
                "principals": [
                  {
                    "identifiers": [
                      "arn:aws:iam::127311923021:root"
                    ],
                    "type": "AWS"
                  }
                ],
                "resources": [
                  "arn:aws:s3:::autocap-log-bucket/*"
                ],
                "sid": "AWSCloudFrontLogsPolicy"
              }
            ],
            "version": "2012-10-17"
          },
          "sensitive_attributes": []
        }
      ]
    },
    {
      "mode": "managed",
      "type": "aws_cloudfront_distribution",
      "name": "s3_distribution",
      "provider": "provider[\"registry.terraform.io/hashicorp/aws\"]",
      "instances": [
        {
          "schema_version": 1,
          "attributes": {
            "aliases": null,
            "anycast_ip_list_id": "",
            "arn": "arn:aws:cloudfront::015937138823:distribution/E2572YCWOWSTVG",
            "caller_reference": "terraform-20251210120633462800000001",
            "comment": null,
            "continuous_deployment_policy_id": "",
            "custom_error_response": [],
            "default_cache_behavior": [
              {
                "allowed_methods": [
                  "GET",
                  "HEAD"
                ],
                "cache_policy_id": "",
                "cached_methods": [
                  "GET",
                  "HEAD"
                ],
                "compress": false,
                "default_ttl": 3600,
                "field_level_encryption_id": "",
                "forwarded_values": [
                  {
                    "cookies": [
                      {
                        "forward": "none",
                        "whitelisted_names": []
                      }
                    ],
                    "headers": [],
                    "query_string": false,
                    "query_string_cache_keys": []
                  }
                ],
                "function_association": [],
                "grpc_config": [
                  {
                    "enabled": false
                  }
                ],
                "lambda_function_association": [],
                "max_ttl": 86400,
                "min_ttl": 0,
                "origin_request_policy_id": "",
                "realtime_log_config_arn": "",
                "response_headers_policy_id": "",
                "smooth_streaming": false,
                "target_origin_id": "autocap-media",
                "trusted_key_groups": [],
                "trusted_signers": [],
                "viewer_protocol_policy": "allow-all"
              }
            ],
            "default_root_object": "",
            "domain_name": "d2rtl9v6atkc4f.cloudfront.net",
            "enabled": true,
            "etag": "E321B4V4BKM1OK",
            "hosted_zone_id": "Z2FDTNDATAQYW2",
            "http_version": "http2",
            "id": "E2572YCWOWSTVG",
            "in_progress_validation_batches": 0,
            "is_ipv6_enabled": false,
            "last_modified_time": "2025-12-10 12:06:37.493 +0000 UTC",
            "logging_config": [
              {
                "bucket": "autocap-log-bucket.s3.amazonaws.com",
                "include_cookies": false,
                "prefix": "cloudfront-log"
              }
            ],
            "logging_v1_enabled": true,
            "ordered_cache_behavior": [],
            "origin": [
              {
                "connection_attempts": 3,
                "connection_timeout": 10,
                "custom_header": [],
                "custom_origin_config": [],
                "domain_name": "autocap-media.s3.eu-west-3.amazonaws.com",
                "origin_access_control_id": "",
                "origin_id": "autocap-media",
                "origin_path": "",
                "origin_shield": [],
                "response_completion_timeout": 0,
                "s3_origin_config": [],
                "vpc_origin_config": []
              }
            ],
            "origin_group": [],
            "price_class": "PriceClass_All",
            "restrictions": [
              {
                "geo_restriction": [
                  {
                    "locations": [],
                    "restriction_type": "none"
                  }
                ]
              }
            ],
            "retain_on_delete": false,
            "staging": false,
            "status": "Deployed",
            "tags": {
              "Name": "autocap-cloudfront"
            },
            "tags_all": {
              "Name": "autocap-cloudfront"
            },
            "trusted_key_groups": [
              {
                "enabled": false,
                "items": []
              }
            ],
            "trusted_signers": [
              {
                "enabled": false,
                "items": []
              }
            ],
            "viewer_certificate": [
              {
                "acm_certificate_arn": "",
                "cloudfront_default_certificate": true,
                "iam_certificate_id": "",
                "minimum_protocol_version": "TLSv1",
                "ssl_support_method": ""
              }
            ],
            "wait_for_deployment": true,
            "web_acl_id": ""
          },
          "sensitive_attributes": [],
          "private": "eyJzY2hlbWFfdmVyc2lvbiI6IjEifQ==",
          "dependencies": [
            "aws_s3_bucket.autocap_log_bucket",
            "aws_s3_bucket.autocap_media",
            "aws_s3_bucket_acl.log_bucket_acl",
            "aws_s3_bucket_ownership_controls.log_bucket_owner"
          ]
        }
      ]
    },
    {
      "mode": "managed",
      "type": "aws_db_instance",
      "name": "wordpress_db",
      "provider": "provider[\"registry.terraform.io/hashicorp/aws\"]",
      "instances": [
        {
          "schema_version": 2,
          "attributes": {
            "address": "autocap-wordpress-db.c184icugqfwq.eu-west-3.rds.amazonaws.com",
            "allocated_storage": 10,
            "allow_major_version_upgrade": null,
            "apply_immediately": false,
            "arn": "arn:aws:rds:eu-west-3:015937138823:db:autocap-wordpress-db",
            "auto_minor_version_upgrade": true,
            "availability_zone": "eu-west-3b",
            "backup_retention_period": 0,
            "backup_target": "region",
            "backup_window": "11:31-12:01",
            "blue_green_update": [],
            "ca_cert_identifier": "rds-ca-rsa2048-g1",
            "character_set_name": "",
            "copy_tags_to_snapshot": false,
            "custom_iam_instance_profile": "",
            "customer_owned_ip_enabled": false,
            "database_insights_mode": "standard",
            "db_name": "autocap_wordpress_db",
            "db_subnet_group_name": "database",
            "dedicated_log_volume": false,
            "delete_automated_backups": true,
            "deletion_protection": false,
            "domain": "",
            "domain_auth_secret_arn": "",
            "domain_dns_ips": [],
            "domain_fqdn": "",
            "domain_iam_role_name": "",
            "domain_ou": "",
            "enabled_cloudwatch_logs_exports": [],
            "endpoint": "autocap-wordpress-db.c184icugqfwq.eu-west-3.rds.amazonaws.com:3306",
            "engine": "mysql",
            "engine_lifecycle_support": "open-source-rds-extended-support",
            "engine_version": "5.7",
            "engine_version_actual": "5.7.44-rds.20250818",
            "final_snapshot_identifier": null,
            "hosted_zone_id": "ZMESEXB7ZGGQ3",
            "iam_database_authentication_enabled": false,
            "id": "db-ZN3WIJFJH7MWHI7NRYHPOI5SCU",
            "identifier": "autocap-wordpress-db",
            "identifier_prefix": "",
            "instance_class": "db.t3.micro",
            "iops": 0,
            "kms_key_id": "",
            "latest_restorable_time": "",
            "license_model": "general-public-license",
            "listener_endpoint": [],
            "maintenance_window": "tue:00:00-tue:00:30",
            "manage_master_user_password": null,
            "master_user_secret": [],
            "master_user_secret_kms_key_id": null,
            "max_allocated_storage": 0,
            "monitoring_interval": 0,
            "monitoring_role_arn": "",
            "multi_az": false,
            "nchar_character_set_name": "",
            "network_type": "IPV4",
            "option_group_name": "default:mysql-5-7",
            "parameter_group_name": "default.mysql5.7",
            "password": "admin123",
            "password_wo": null,
            "password_wo_version": null,
            "performance_insights_enabled": false,
            "performance_insights_kms_key_id": "",
            "performance_insights_retention_period": 0,
            "port": 3306,
            "publicly_accessible": false,
            "region": "eu-west-3",
            "replica_mode": "",
            "replicas": [],
            "replicate_source_db": "",
            "resource_id": "db-ZN3WIJFJH7MWHI7NRYHPOI5SCU",
            "restore_to_point_in_time": [],
            "s3_import": [],
            "skip_final_snapshot": true,
            "snapshot_identifier": null,
            "status": "available",
            "storage_encrypted": false,
            "storage_throughput": 0,
            "storage_type": "gp2",
            "tags": {},
            "tags_all": {},
            "timeouts": null,
            "timezone": "",
            "upgrade_storage_config": null,
            "username": "admin",
            "vpc_security_group_ids": [
              "sg-0d94ac76f91b44c68"
            ]
          },
          "sensitive_attributes": [
            [
              {
                "type": "get_attr",
                "value": "password_wo"
              }
            ],
            [
              {
                "type": "get_attr",
                "value": "password"
              }
            ]
          ],
          "private": "eyJlMmJmYjczMC1lY2FhLTExZTYtOGY4OC0zNDM2M2JjN2M0YzAiOnsiY3JlYXRlIjozMDAwMDAwMDAwMDAwLCJkZWxldGUiOjM2MDAwMDAwMDAwMDAsInVwZGF0ZSI6NDgwMDAwMDAwMDAwMH0sInNjaGVtYV92ZXJzaW9uIjoiMiJ9",
          "dependencies": [
            "aws_db_subnet_group.database",
            "aws_security_group.rds_sg",
            "aws_subnet.prv_sn1",
            "aws_subnet.prv_sn2",
            "aws_vpc.vpc"
          ]
        }
      ]
    },
    {
      "mode": "managed",
      "type": "aws_db_subnet_group",
      "name": "database",
      "provider": "provider[\"registry.terraform.io/hashicorp/aws\"]",
      "instances": [
        {
          "schema_version": 0,
          "attributes": {
            "arn": "arn:aws:rds:eu-west-3:015937138823:subgrp:database",
            "description": "Managed by Terraform",
            "id": "database",
            "name": "database",
            "name_prefix": "",
            "region": "eu-west-3",
            "subnet_ids": [
              "subnet-0b003330416146b87",
              "subnet-0cb9819bd21cb0c32"
            ],
            "supported_network_types": [
              "IPV4"
            ],
            "tags": {
              "Name": "autocap-DB-subnet"
            },
            "tags_all": {
              "Name": "autocap-DB-subnet"
            },
            "vpc_id": "vpc-0e20ae1977e18f461"
          },
          "sensitive_attributes": [],
          "private": "bnVsbA==",
          "dependencies": [
            "aws_subnet.prv_sn1",
            "aws_subnet.prv_sn2",
            "aws_vpc.vpc"
          ]
        }
      ]
    },
    {
      "mode": "managed",
      "type": "aws_eip",
      "name": "eip",
      "provider": "provider[\"registry.terraform.io/hashicorp/aws\"]",
      "instances": [
        {
          "schema_version": 0,
          "attributes": {
            "address": null,
            "allocation_id": "eipalloc-0436e32a9f149f67f",
            "arn": "arn:aws:ec2:eu-west-3:015937138823:elastic-ip/eipalloc-0436e32a9f149f67f",
            "associate_with_private_ip": null,
            "association_id": "eipassoc-0df04abdefeb836b8",
            "carrier_ip": "",
            "customer_owned_ip": "",
            "customer_owned_ipv4_pool": "",
            "domain": "vpc",
            "id": "eipalloc-0436e32a9f149f67f",
            "instance": "",
            "ipam_pool_id": null,
            "network_border_group": "eu-west-3",
            "network_interface": "eni-0da05ae82243badc5",
            "private_dns": "ip-10-0-1-201.eu-west-3.compute.internal",
            "private_ip": "10.0.1.201",
            "ptr_record": "",
            "public_dns": "ec2-51-45-41-78.eu-west-3.compute.amazonaws.com",
            "public_ip": "51.45.41.78",
            "public_ipv4_pool": "amazon",
            "region": "eu-west-3",
            "tags": {
              "Name": "autocap-eip"
            },
            "tags_all": {
              "Name": "autocap-eip"
            },
            "timeouts": null
          },
          "sensitive_attributes": [],
          "private": "eyJlMmJmYjczMC1lY2FhLTExZTYtOGY4OC0zNDM2M2JjN2M0YzAiOnsiZGVsZXRlIjoxODAwMDAwMDAwMDAsInJlYWQiOjkwMDAwMDAwMDAwMCwidXBkYXRlIjozMDAwMDAwMDAwMDB9fQ=="
        }
      ]
    },
    {
      "mode": "managed",
      "type": "aws_iam_instance_profile",
      "name": "iam_instance_profile",
      "provider": "provider[\"registry.terraform.io/hashicorp/aws\"]",
      "instances": [
        {
          "schema_version": 0,
          "attributes": {
            "arn": "arn:aws:iam::015937138823:instance-profile/autocap-instance_profile",
            "create_date": "2025-12-10T11:27:21Z",
            "id": "autocap-instance_profile",
            "name": "autocap-instance_profile",
            "name_prefix": "",
            "path": "/",
            "role": "autocap-iam_role",
            "tags": {},
            "tags_all": {},
            "unique_id": "AIPAQHNPNOCDXNWMNDGQR"
          },
          "sensitive_attributes": [],
          "private": "bnVsbA==",
          "dependencies": [
            "aws_iam_role.iam_role"
          ]
        }
      ]
    },
    {
      "mode": "managed",
      "type": "aws_iam_policy",
      "name": "s3_policy",
      "provider": "provider[\"registry.terraform.io/hashicorp/aws\"]",
      "instances": [
        {
          "schema_version": 0,
          "attributes": {
            "arn": "arn:aws:iam::015937138823:policy/acp-s3-policy",
            "attachment_count": 1,
            "description": "",
            "id": "arn:aws:iam::015937138823:policy/acp-s3-policy",
            "name": "acp-s3-policy",
            "name_prefix": "",
            "path": "/",
            "policy": "{\"Statement\":[{\"Action\":[\"s3:*\"],\"Effect\":\"Allow\",\"Resource\":\"*\"}],\"Version\":\"2012-10-17\"}",
            "policy_id": "ANPAQHNPNOCDSKHC2BRH2",
            "tags": {},
            "tags_all": {}
          },
          "sensitive_attributes": [],
          "private": "bnVsbA=="
        }
      ]
    },
    {
      "mode": "managed",
      "type": "aws_iam_role",
      "name": "iam_role",
      "provider": "provider[\"registry.terraform.io/hashicorp/aws\"]",
      "instances": [
        {
          "schema_version": 0,
          "attributes": {
            "arn": "arn:aws:iam::015937138823:role/autocap-iam_role",
            "assume_role_policy": "{\"Statement\":[{\"Action\":\"sts:AssumeRole\",\"Effect\":\"Allow\",\"Principal\":{\"Service\":\"ec2.amazonaws.com\"}}],\"Version\":\"2012-10-17\"}",
            "create_date": "2025-12-10T11:27:20Z",
            "description": "",
            "force_detach_policies": false,
            "id": "autocap-iam_role",
            "inline_policy": [],
            "managed_policy_arns": [
              "arn:aws:iam::015937138823:policy/acp-s3-policy"
            ],
            "max_session_duration": 3600,
            "name": "autocap-iam_role",
            "name_prefix": "",
            "path": "/",
            "permissions_boundary": "",
            "tags": {
              "Name": "autocap-iam_role"
            },
            "tags_all": {
              "Name": "autocap-iam_role"
            },
            "unique_id": "AROAQHNPNOCD75V6FCL7S"
          },
          "sensitive_attributes": [],
          "private": "bnVsbA=="
        }
      ]
    },
    {
      "mode": "managed",
      "type": "aws_iam_role_policy_attachment",
      "name": "iam_s3_attachment",
      "provider": "provider[\"registry.terraform.io/hashicorp/aws\"]",
      "instances": [
        {
          "schema_version": 0,
          "attributes": {
            "id": "autocap-iam_role/arn:aws:iam::015937138823:policy/acp-s3-policy",
            "policy_arn": "arn:aws:iam::015937138823:policy/acp-s3-policy",
            "role": "autocap-iam_role"
          },
          "sensitive_attributes": [],
          "private": "bnVsbA==",
          "dependencies": [
            "aws_iam_policy.s3_policy",
            "aws_iam_role.iam_role"
          ]
        }
      ]
    },
    {
      "mode": "managed",
      "type": "aws_instance",
      "name": "wordpress_server",
      "provider": "provider[\"registry.terraform.io/hashicorp/aws\"]",
      "instances": [
        {
          "schema_version": 2,
          "attributes": {
            "ami": "ami-04cdc5e4b2145a4a5",
            "arn": "arn:aws:ec2:eu-west-3:015937138823:instance/i-037a99f06f5fd22d6",
            "associate_public_ip_address": true,
            "availability_zone": "eu-west-3a",
            "capacity_reservation_specification": [
              {
                "capacity_reservation_preference": "open",
                "capacity_reservation_target": []
              }
            ],
            "cpu_options": [
              {
                "amd_sev_snp": "",
                "core_count": 1,
                "threads_per_core": 1
              }
            ],
            "credit_specification": [
              {
                "cpu_credits": "standard"
              }
            ],
            "disable_api_stop": false,
            "disable_api_termination": false,
            "ebs_block_device": [],
            "ebs_optimized": false,
            "enable_primary_ipv6": null,
            "enclave_options": [
              {
                "enabled": false
              }
            ],
            "ephemeral_block_device": [],
            "force_destroy": false,
            "get_password_data": false,
            "hibernation": false,
            "host_id": "",
            "host_resource_group_arn": null,
            "iam_instance_profile": "autocap-instance_profile",
            "id": "i-037a99f06f5fd22d6",
            "instance_initiated_shutdown_behavior": "stop",
            "instance_lifecycle": "",
            "instance_market_options": [],
            "instance_state": "running",
            "instance_type": "t2.micro",
            "ipv6_address_count": 0,
            "ipv6_addresses": [],
            "key_name": "autocap_pub_key",
            "launch_template": [],
            "maintenance_options": [
              {
                "auto_recovery": "default"
              }
            ],
            "metadata_options": [
              {
                "http_endpoint": "enabled",
                "http_protocol_ipv6": "disabled",
                "http_put_response_hop_limit": 1,
                "http_tokens": "optional",
                "instance_metadata_tags": "disabled"
              }
            ],
            "monitoring": false,
            "network_interface": [],
            "outpost_arn": "",
            "password_data": "",
            "placement_group": "",
            "placement_group_id": "",
            "placement_partition_number": 0,
            "primary_network_interface": [
              {
                "delete_on_termination": true,
                "network_interface_id": "eni-0b61d6dcad923f5e4"
              }
            ],
            "primary_network_interface_id": "eni-0b61d6dcad923f5e4",
            "private_dns": "ip-10-0-1-245.eu-west-3.compute.internal",
            "private_dns_name_options": [
              {
                "enable_resource_name_dns_a_record": false,
                "enable_resource_name_dns_aaaa_record": false,
                "hostname_type": "ip-name"
              }
            ],
            "private_ip": "10.0.1.245",
            "public_dns": "",
            "public_ip": "15.237.191.255",
            "region": "eu-west-3",
            "root_block_device": [
              {
                "delete_on_termination": true,
                "device_name": "/dev/sda1",
                "encrypted": false,
                "iops": 3000,
                "kms_key_id": "",
                "tags": {},
                "tags_all": {},
                "throughput": 125,
                "volume_id": "vol-071946d13635f296b",
                "volume_size": 10,
                "volume_type": "gp3"
              }
            ],
            "secondary_private_ips": [],
            "security_groups": [],
            "source_dest_check": true,
            "spot_instance_request_id": "",
            "subnet_id": "subnet-0d22c97c5be10df50",
            "tags": {
              "Name": "autocap-wordpress_server"
            },
            "tags_all": {
              "Name": "autocap-wordpress_server"
            },
            "tenancy": "default",
            "timeouts": null,
            "user_data": "#!/bin/bash\r\n# set -e\r\n\r\n# Update system\r\nsudo yum update -y\r\nsudo yum upgrade -y\r\n\r\n# Install AWS CLI\r\ncurl \"https://awscli.amazonaws.com/awscli-exe-linux-x86_64.zip\" -o \"awscliv2.zip\"\r\nsudo yum install unzip -y\r\nunzip awscliv2.zip\r\nsudo ./aws/install\r\n\r\n# Install Apache, PHP, and MySQL packages\r\nsudo yum install httpd php php-mysqlnd wget -y\r\n\r\n# Prepare web root\r\ncd /var/www/html\r\necho \"This is a test file\" \u003e indextest.html\r\n\r\n# Download and install WordPress\r\nwget https://wordpress.org/wordpress-6.3.1.tar.gz\r\ntar -xzf wordpress-6.3.1.tar.gz\r\ncp -r wordpress/* /var/www/html/\r\nrm -rf wordpress wordpress-6.3.1.tar.gz\r\n\r\n# Set permissions\r\nchmod -R 755 wp-content\r\nchown -R apache:apache wp-content\r\n\r\n# Configure wp-config.php\r\ncd /var/www/html\r\nmv wp-config-sample.php wp-config.php\r\nsed -i \"s@define( 'DB_NAME', 'autocap_wordpress_db' )@define( 'DB_NAME', 'autocap_wordpress_db' )@g\" wp-config.php\r\nsed -i \"s@define( 'DB_USER', 'admin' )@define( 'DB_USER', 'admin' )@g\" wp-config.php\r\nsed -i \"s@define( 'DB_PASSWORD', 'admin123' )@define( 'DB_PASSWORD', 'admin123' )@g\" wp-config.php\r\nsed -i \"s@define( 'DB_HOST', 'localhost' )@define( 'DB_HOST', 'autocap-wordpress-db.c184icugqfwq.eu-west-3.rds.amazonaws.com' )@g\" wp-config.php\r\n\r\n# Update Apache config\r\nsudo sed -i \"s/AllowOverride None/AllowOverride All/\" /etc/httpd/conf/httpd.conf\r\n\r\n# Create .htaccess\r\ncat \u003c\u003cEOT\u003e /var/www/html/.htaccess\r\nOptions +FollowSymlinks\r\nRewriteEngine on\r\nRewriteRule ^wp-content/uploads/(.*)$ http://d2rtl9v6atkc4f.cloudfront.net/\\$1 [R=301,NC,L]\r\n\r\n# BEGIN WordPress\r\n# END WordPress\r\nEOT\r\n\r\n# Sync website to S3\r\naws s3 cp --recursive /var/www/html/ s3://autocap_code_bucket\r\naws s3 sync /var/www/html/ s3://autocap_code_bucket\r\n\r\n# Setup cron jobs for sync\r\necho \"* * * * * ec2-user /usr/local/bin/aws s3 sync s3://autocap_code_bucket /var/www/html/\" \u003e /etc/crontab\r\necho \"* * * * * ec2-user /usr/local/bin/aws s3 sync /var/www/html/wp-content/uploads/ s3://autocap_media\" \u003e\u003e /etc/crontab\r\n\r\n# Start Apache\r\nsudo chkconfig httpd on\r\nsudo service httpd start\r\n\r\n# Disable SELinux enforcement\r\nsudo setenforce 0\r\n\r\n# Set hostname\r\nsudo hostnamectl set-hostname webserver\r\n",
            "user_data_base64": null,
            "user_data_replace_on_change": false,
            "volume_tags": null,
            "vpc_security_group_ids": [
              "sg-0c0a7f9aabd2ef5a7",
              "sg-0d94ac76f91b44c68"
            ]
          },
          "sensitive_attributes": [],
          "private": "eyJlMmJmYjczMC1lY2FhLTExZTYtOGY4OC0zNDM2M2JjN2M0YzAiOnsiY3JlYXRlIjo2MDAwMDAwMDAwMDAsImRlbGV0ZSI6MTIwMDAwMDAwMDAwMCwicmVhZCI6OTAwMDAwMDAwMDAwLCJ1cGRhdGUiOjYwMDAwMDAwMDAwMH0sInNjaGVtYV92ZXJzaW9uIjoiMiJ9",
          "dependencies": [
            "aws_cloudfront_distribution.s3_distribution",
            "aws_db_instance.wordpress_db",
            "aws_db_subnet_group.database",
            "aws_iam_instance_profile.iam_instance_profile",
            "aws_iam_role.iam_role",
            "aws_key_pair.key",
            "aws_s3_bucket.autocap_log_bucket",
            "aws_s3_bucket.autocap_media",
            "aws_s3_bucket_acl.log_bucket_acl",
            "aws_s3_bucket_ownership_controls.log_bucket_owner",
            "aws_security_group.autocap_sg",
            "aws_security_group.rds_sg",
            "aws_subnet.prv_sn1",
            "aws_subnet.prv_sn2",
            "aws_subnet.pub_sn1",
            "aws_vpc.vpc",
            "data.aws_cloudfront_distribution.cloudfront",
            "tls_private_key.key"
          ]
        }
      ]
    },
    {
      "mode": "managed",
      "type": "aws_internet_gateway",
      "name": "igw",
      "provider": "provider[\"registry.terraform.io/hashicorp/aws\"]",
      "instances": [
        {
          "schema_version": 0,
          "attributes": {
            "arn": "arn:aws:ec2:eu-west-3:015937138823:internet-gateway/igw-0f263c89e6f2c1342",
            "id": "igw-0f263c89e6f2c1342",
            "owner_id": "015937138823",
            "region": "eu-west-3",
            "tags": {
              "Name": "autocap-igw"
            },
            "tags_all": {
              "Name": "autocap-igw"
            },
            "timeouts": null,
            "vpc_id": "vpc-0e20ae1977e18f461"
          },
          "sensitive_attributes": [],
          "private": "eyJlMmJmYjczMC1lY2FhLTExZTYtOGY4OC0zNDM2M2JjN2M0YzAiOnsiY3JlYXRlIjoxMjAwMDAwMDAwMDAwLCJkZWxldGUiOjEyMDAwMDAwMDAwMDAsInVwZGF0ZSI6MTIwMDAwMDAwMDAwMH19",
          "dependencies": [
            "aws_vpc.vpc"
          ]
        }
      ]
    },
    {
      "mode": "managed",
      "type": "aws_key_pair",
      "name": "key",
      "provider": "provider[\"registry.terraform.io/hashicorp/aws\"]",
      "instances": [
        {
          "schema_version": 1,
          "attributes": {
            "arn": "arn:aws:ec2:eu-west-3:015937138823:key-pair/autocap_pub_key",
            "fingerprint": "04:d2:07:76:b4:51:f6:cd:0e:bb:f8:0f:8e:86:be:78",
            "id": "autocap_pub_key",
            "key_name": "autocap_pub_key",
            "key_name_prefix": "",
            "key_pair_id": "key-0d9b8aa760a07c972",
            "key_type": "rsa",
            "public_key": "ssh-rsa AAAAB3NzaC1yc2EAAAADAQABAAACAQDI0wV/xZQvhmOovnLWSoO34VASroBfaHDoW8mKESKM43XW4D4o9qlu8RJUcRD53KlFUfBjD4NH8kkaQoJmkhnDxcCPpSbPLfVqBmP+LKDT7puftu/wVykByZJiKRIyPzC3rR7v3OnlU/N/IoA69cAmhWfQnllvkXOcmj5sx9VTsHqziPMS8nhJ4w2zqCbJzxTJTS2oeKSYhs4bd4PDrV5gKXj10BWOo3srp+YYHw4srzfOFUJwv0Sxcgk/pq2JwxsACJJ9HoBUbgYuATSB0ALL0VuNir2+gH5GSR/7JwL1U20LTSPZx7tC7upCqQjkWDDqmyf9P31PnM/aLXErVg/PyyEm3WWN+scKuCkMipTf15AXnPEmCqv6bvKpturMSQ8bpdsgy9p9gR32lE4fF3xWH9+4lvWs4HwQnfSfeZo27eNcMhueYv7Khc3TIiTMV6KkVgp77M1toERrF00VR8Zv1XDhAobWx5a0EWRJmIfcveR3B7vFwy0YsyIn1inxRSSnnNPAkg0AxF+/SW5RZKaWdTICTzwnthW1bF+rkmP1sfBU78+riiBp/7w6MbV8SPbu8fXncTw6rXmDdDM3XJnNyluyAIzwd8cH5sWvgHw4y7V6RdGMCN+zchZGmrvthLiGCF8vWLkVOEsHddKnbKazXq6sJXfj+OjhJJQOrgJmCQ==",
            "region": "eu-west-3",
            "tags": {},
            "tags_all": {}
          },
          "sensitive_attributes": [],
          "private": "eyJzY2hlbWFfdmVyc2lvbiI6IjEifQ==",
          "dependencies": [
            "tls_private_key.key"
          ]
        }
      ]
    },
    {
      "mode": "managed",
      "type": "aws_nat_gateway",
      "name": "ngw",
      "provider": "provider[\"registry.terraform.io/hashicorp/aws\"]",
      "instances": [
        {
          "schema_version": 0,
          "attributes": {
            "allocation_id": "eipalloc-0436e32a9f149f67f",
            "association_id": "eipassoc-0df04abdefeb836b8",
            "auto_provision_zones": null,
            "auto_scaling_ips": null,
            "availability_mode": "zonal",
            "availability_zone_address": [],
            "connectivity_type": "public",
            "id": "nat-0e3b14612c111c50e",
            "network_interface_id": "eni-0da05ae82243badc5",
            "private_ip": "10.0.1.201",
            "public_ip": "51.45.41.78",
            "region": "eu-west-3",
            "regional_nat_gateway_address": [],
            "regional_nat_gateway_auto_mode": null,
            "route_table_id": null,
            "secondary_allocation_ids": [],
            "secondary_private_ip_address_count": 0,
            "secondary_private_ip_addresses": [],
            "subnet_id": "subnet-0d22c97c5be10df50",
            "tags": {
              "Name": "autocap-ngw"
            },
            "tags_all": {
              "Name": "autocap-ngw"
            },
            "timeouts": null,
            "vpc_id": "vpc-0e20ae1977e18f461"
          },
          "sensitive_attributes": [],
          "private": "eyJlMmJmYjczMC1lY2FhLTExZTYtOGY4OC0zNDM2M2JjN2M0YzAiOnsiY3JlYXRlIjo2MDAwMDAwMDAwMDAsImRlbGV0ZSI6MTgwMDAwMDAwMDAwMCwidXBkYXRlIjo2MDAwMDAwMDAwMDB9fQ==",
          "dependencies": [
            "aws_eip.eip",
            "aws_internet_gateway.igw",
            "aws_subnet.pub_sn1",
            "aws_vpc.vpc"
          ]
        }
      ]
    },
    {
      "mode": "managed",
      "type": "aws_route_table",
      "name": "prv_rt",
      "provider": "provider[\"registry.terraform.io/hashicorp/aws\"]",
      "instances": [
        {
          "schema_version": 0,
          "attributes": {
            "arn": "arn:aws:ec2:eu-west-3:015937138823:route-table/rtb-00f07c0a046684740",
            "id": "rtb-00f07c0a046684740",
            "owner_id": "015937138823",
            "propagating_vgws": [],
            "region": "eu-west-3",
            "route": [
              {
                "carrier_gateway_id": "",
                "cidr_block": "0.0.0.0/0",
                "core_network_arn": "",
                "destination_prefix_list_id": "",
                "egress_only_gateway_id": "",
                "gateway_id": "",
                "ipv6_cidr_block": "",
                "local_gateway_id": "",
                "nat_gateway_id": "nat-0e3b14612c111c50e",
                "network_interface_id": "",
                "transit_gateway_id": "",
                "vpc_endpoint_id": "",
                "vpc_peering_connection_id": ""
              }
            ],
            "tags": {
              "Name": "autocap-prv_rt"
            },
            "tags_all": {
              "Name": "autocap-prv_rt"
            },
            "timeouts": null,
            "vpc_id": "vpc-0e20ae1977e18f461"
          },
          "sensitive_attributes": [],
          "private": "eyJlMmJmYjczMC1lY2FhLTExZTYtOGY4OC0zNDM2M2JjN2M0YzAiOnsiY3JlYXRlIjozMDAwMDAwMDAwMDAsImRlbGV0ZSI6MzAwMDAwMDAwMDAwLCJ1cGRhdGUiOjEyMDAwMDAwMDAwMH19",
          "dependencies": [
            "aws_eip.eip",
            "aws_internet_gateway.igw",
            "aws_nat_gateway.ngw",
            "aws_subnet.pub_sn1",
            "aws_vpc.vpc"
          ]
        }
      ]
    },
    {
      "mode": "managed",
      "type": "aws_route_table",
      "name": "pub_rt",
      "provider": "provider[\"registry.terraform.io/hashicorp/aws\"]",
      "instances": [
        {
          "schema_version": 0,
          "attributes": {
            "arn": "arn:aws:ec2:eu-west-3:015937138823:route-table/rtb-0fd279b9c58a5e0d5",
            "id": "rtb-0fd279b9c58a5e0d5",
            "owner_id": "015937138823",
            "propagating_vgws": [],
            "region": "eu-west-3",
            "route": [
              {
                "carrier_gateway_id": "",
                "cidr_block": "0.0.0.0/0",
                "core_network_arn": "",
                "destination_prefix_list_id": "",
                "egress_only_gateway_id": "",
                "gateway_id": "igw-0f263c89e6f2c1342",
                "ipv6_cidr_block": "",
                "local_gateway_id": "",
                "nat_gateway_id": "",
                "network_interface_id": "",
                "transit_gateway_id": "",
                "vpc_endpoint_id": "",
                "vpc_peering_connection_id": ""
              }
            ],
            "tags": {
              "Name": "autocap-pub_rt"
            },
            "tags_all": {
              "Name": "autocap-pub_rt"
            },
            "timeouts": null,
            "vpc_id": "vpc-0e20ae1977e18f461"
          },
          "sensitive_attributes": [],
          "private": "eyJlMmJmYjczMC1lY2FhLTExZTYtOGY4OC0zNDM2M2JjN2M0YzAiOnsiY3JlYXRlIjozMDAwMDAwMDAwMDAsImRlbGV0ZSI6MzAwMDAwMDAwMDAwLCJ1cGRhdGUiOjEyMDAwMDAwMDAwMH19",
          "dependencies": [
            "aws_internet_gateway.igw",
            "aws_vpc.vpc"
          ]
        }
      ]
    },
    {
      "mode": "managed",
      "type": "aws_route_table_association",
      "name": "prv_rt_asso1",
      "provider": "provider[\"registry.terraform.io/hashicorp/aws\"]",
      "instances": [
        {
          "schema_version": 0,
          "attributes": {
            "gateway_id": "",
            "id": "rtbassoc-01391803d2edcb6e8",
            "region": "eu-west-3",
            "route_table_id": "rtb-00f07c0a046684740",
            "subnet_id": "subnet-0b003330416146b87",
            "timeouts": null
          },
          "sensitive_attributes": [],
          "private": "eyJlMmJmYjczMC1lY2FhLTExZTYtOGY4OC0zNDM2M2JjN2M0YzAiOnsiY3JlYXRlIjozMDAwMDAwMDAwMDAsImRlbGV0ZSI6MzAwMDAwMDAwMDAwLCJ1cGRhdGUiOjEyMDAwMDAwMDAwMH19",
          "dependencies": [
            "aws_eip.eip",
            "aws_internet_gateway.igw",
            "aws_nat_gateway.ngw",
            "aws_route_table.prv_rt",
            "aws_subnet.prv_sn1",
            "aws_subnet.pub_sn1",
            "aws_vpc.vpc"
          ]
        }
      ]
    },
    {
      "mode": "managed",
      "type": "aws_route_table_association",
      "name": "prv_rt_asso2",
      "provider": "provider[\"registry.terraform.io/hashicorp/aws\"]",
      "instances": [
        {
          "schema_version": 0,
          "attributes": {
            "gateway_id": "",
            "id": "rtbassoc-0e9d2da63ea7a1ab2",
            "region": "eu-west-3",
            "route_table_id": "rtb-00f07c0a046684740",
            "subnet_id": "subnet-0cb9819bd21cb0c32",
            "timeouts": null
          },
          "sensitive_attributes": [],
          "private": "eyJlMmJmYjczMC1lY2FhLTExZTYtOGY4OC0zNDM2M2JjN2M0YzAiOnsiY3JlYXRlIjozMDAwMDAwMDAwMDAsImRlbGV0ZSI6MzAwMDAwMDAwMDAwLCJ1cGRhdGUiOjEyMDAwMDAwMDAwMH19",
          "dependencies": [
            "aws_eip.eip",
            "aws_internet_gateway.igw",
            "aws_nat_gateway.ngw",
            "aws_route_table.prv_rt",
            "aws_subnet.prv_sn2",
            "aws_subnet.pub_sn1",
            "aws_vpc.vpc"
          ]
        }
      ]
    },
    {
      "mode": "managed",
      "type": "aws_route_table_association",
      "name": "pub_rt_asso1",
      "provider": "provider[\"registry.terraform.io/hashicorp/aws\"]",
      "instances": [
        {
          "schema_version": 0,
          "attributes": {
            "gateway_id": "",
            "id": "rtbassoc-0312711e48b31e7ef",
            "region": "eu-west-3",
            "route_table_id": "rtb-0fd279b9c58a5e0d5",
            "subnet_id": "subnet-0d22c97c5be10df50",
            "timeouts": null
          },
          "sensitive_attributes": [],
          "private": "eyJlMmJmYjczMC1lY2FhLTExZTYtOGY4OC0zNDM2M2JjN2M0YzAiOnsiY3JlYXRlIjozMDAwMDAwMDAwMDAsImRlbGV0ZSI6MzAwMDAwMDAwMDAwLCJ1cGRhdGUiOjEyMDAwMDAwMDAwMH19",
          "dependencies": [
            "aws_internet_gateway.igw",
            "aws_route_table.pub_rt",
            "aws_subnet.pub_sn1",
            "aws_vpc.vpc"
          ]
        }
      ]
    },
    {
      "mode": "managed",
      "type": "aws_route_table_association",
      "name": "pub_rt_asso2",
      "provider": "provider[\"registry.terraform.io/hashicorp/aws\"]",
      "instances": [
        {
          "schema_version": 0,
          "attributes": {
            "gateway_id": "",
            "id": "rtbassoc-0fe9feb05f5645dfc",
            "region": "eu-west-3",
            "route_table_id": "rtb-0fd279b9c58a5e0d5",
            "subnet_id": "subnet-04cb6fde1a11c3f15",
            "timeouts": null
          },
          "sensitive_attributes": [],
          "private": "eyJlMmJmYjczMC1lY2FhLTExZTYtOGY4OC0zNDM2M2JjN2M0YzAiOnsiY3JlYXRlIjozMDAwMDAwMDAwMDAsImRlbGV0ZSI6MzAwMDAwMDAwMDAwLCJ1cGRhdGUiOjEyMDAwMDAwMDAwMH19",
          "dependencies": [
            "aws_internet_gateway.igw",
            "aws_route_table.pub_rt",
            "aws_subnet.pub_sn2",
            "aws_vpc.vpc"
          ]
        }
      ]
    },
    {
      "mode": "managed",
      "type": "aws_s3_bucket",
      "name": "autocap_log_bucket",
      "provider": "provider[\"registry.terraform.io/hashicorp/aws\"]",
      "instances": [
        {
          "schema_version": 0,
          "attributes": {
            "acceleration_status": "",
            "acl": null,
            "arn": "arn:aws:s3:::autocap-log-bucket",
            "bucket": "autocap-log-bucket",
            "bucket_domain_name": "autocap-log-bucket.s3.amazonaws.com",
            "bucket_prefix": "",
            "bucket_region": "eu-west-3",
            "bucket_regional_domain_name": "autocap-log-bucket.s3.eu-west-3.amazonaws.com",
            "cors_rule": [],
            "force_destroy": true,
            "grant": [
              {
                "id": "0ac2dedf956e01af8c3cad0fe4d461940bee91c56daef159028a70e289861c11",
                "permissions": [
                  "FULL_CONTROL"
                ],
                "type": "CanonicalUser",
                "uri": ""
              }
            ],
            "hosted_zone_id": "Z3R1K369G5AVDG",
            "id": "autocap-log-bucket",
            "lifecycle_rule": [],
            "logging": [],
            "object_lock_configuration": [],
            "object_lock_enabled": false,
            "policy": "{\"Statement\":[{\"Action\":[\"s3:PutObject\",\"s3:PutBucketAcl\",\"s3:GetObject\",\"s3:GetBucketAcl\"],\"Effect\":\"Allow\",\"Principal\":{\"AWS\":\"*\"},\"Resource\":[\"arn:aws:s3:::autocap-log-bucket/*\",\"arn:aws:s3:::autocap-log-bucket\"]}],\"Version\":\"2012-10-17\"}",
            "region": "eu-west-3",
            "replication_configuration": [],
            "request_payer": "BucketOwner",
            "server_side_encryption_configuration": [
              {
                "rule": [
                  {
                    "apply_server_side_encryption_by_default": [
                      {
                        "kms_master_key_id": "",
                        "sse_algorithm": "AES256"
                      }
                    ],
                    "bucket_key_enabled": false
                  }
                ]
              }
            ],
            "tags": {
              "Name": "autocap-autocap_log_bucket"
            },
            "tags_all": {
              "Name": "autocap-autocap_log_bucket"
            },
            "timeouts": null,
            "versioning": [
              {
                "enabled": false,
                "mfa_delete": false
              }
            ],
            "website": [],
            "website_domain": null,
            "website_endpoint": null
          },
          "sensitive_attributes": [],
          "private": "eyJlMmJmYjczMC1lY2FhLTExZTYtOGY4OC0zNDM2M2JjN2M0YzAiOnsiY3JlYXRlIjoxMjAwMDAwMDAwMDAwLCJkZWxldGUiOjM2MDAwMDAwMDAwMDAsInJlYWQiOjEyMDAwMDAwMDAwMDAsInVwZGF0ZSI6MTIwMDAwMDAwMDAwMH19"
        }
      ]
    },
    {
      "mode": "managed",
      "type": "aws_s3_bucket",
      "name": "autocap_media",
      "provider": "provider[\"registry.terraform.io/hashicorp/aws\"]",
      "instances": [
        {
          "schema_version": 0,
          "attributes": {
            "acceleration_status": "",
            "acl": null,
            "arn": "arn:aws:s3:::autocap-media",
            "bucket": "autocap-media",
            "bucket_domain_name": "autocap-media.s3.amazonaws.com",
            "bucket_prefix": "",
            "bucket_region": "eu-west-3",
            "bucket_regional_domain_name": "autocap-media.s3.eu-west-3.amazonaws.com",
            "cors_rule": [],
            "force_destroy": true,
            "grant": [
              {
                "id": "0ac2dedf956e01af8c3cad0fe4d461940bee91c56daef159028a70e289861c11",
                "permissions": [
                  "FULL_CONTROL"
                ],
                "type": "CanonicalUser",
                "uri": ""
              }
            ],
            "hosted_zone_id": "Z3R1K369G5AVDG",
            "id": "autocap-media",
            "lifecycle_rule": [],
            "logging": [],
            "object_lock_configuration": [],
            "object_lock_enabled": false,
            "policy": "{\"Statement\":[{\"Action\":[\"s3:ListBucket\",\"s3:GetObjectVersion\",\"s3:GetObject\"],\"Effect\":\"Allow\",\"Principal\":{\"AWS\":\"*\"},\"Resource\":[\"arn:aws:s3:::autocap-media/*\",\"arn:aws:s3:::autocap-media\"]}],\"Version\":\"2012-10-17\"}",
            "region": "eu-west-3",
            "replication_configuration": [],
            "request_payer": "BucketOwner",
            "server_side_encryption_configuration": [
              {
                "rule": [
                  {
                    "apply_server_side_encryption_by_default": [
                      {
                        "kms_master_key_id": "",
                        "sse_algorithm": "AES256"
                      }
                    ],
                    "bucket_key_enabled": false
                  }
                ]
              }
            ],
            "tags": {
              "Name": "autocap-autocap-media"
            },
            "tags_all": {
              "Name": "autocap-autocap-media"
            },
            "timeouts": null,
            "versioning": [
              {
                "enabled": false,
                "mfa_delete": false
              }
            ],
            "website": [],
            "website_domain": null,
            "website_endpoint": null
          },
          "sensitive_attributes": [],
          "private": "eyJlMmJmYjczMC1lY2FhLTExZTYtOGY4OC0zNDM2M2JjN2M0YzAiOnsiY3JlYXRlIjoxMjAwMDAwMDAwMDAwLCJkZWxldGUiOjM2MDAwMDAwMDAwMDAsInJlYWQiOjEyMDAwMDAwMDAwMDAsInVwZGF0ZSI6MTIwMDAwMDAwMDAwMH19"
        }
      ]
    },
    {
      "mode": "managed",
      "type": "aws_s3_bucket",
      "name": "code_bucket",
      "provider": "provider[\"registry.terraform.io/hashicorp/aws\"]",
      "instances": [
        {
          "schema_version": 0,
          "attributes": {
            "acceleration_status": "",
            "acl": null,
            "arn": "arn:aws:s3:::autocap-code-bucket",
            "bucket": "autocap-code-bucket",
            "bucket_domain_name": "autocap-code-bucket.s3.amazonaws.com",
            "bucket_prefix": "",
            "bucket_region": "eu-west-3",
            "bucket_regional_domain_name": "autocap-code-bucket.s3.eu-west-3.amazonaws.com",
            "cors_rule": [],
            "force_destroy": true,
            "grant": [
              {
                "id": "0ac2dedf956e01af8c3cad0fe4d461940bee91c56daef159028a70e289861c11",
                "permissions": [
                  "FULL_CONTROL"
                ],
                "type": "CanonicalUser",
                "uri": ""
              }
            ],
            "hosted_zone_id": "Z3R1K369G5AVDG",
            "id": "autocap-code-bucket",
            "lifecycle_rule": [],
            "logging": [],
            "object_lock_configuration": [],
            "object_lock_enabled": false,
            "policy": "",
            "region": "eu-west-3",
            "replication_configuration": [],
            "request_payer": "BucketOwner",
            "server_side_encryption_configuration": [
              {
                "rule": [
                  {
                    "apply_server_side_encryption_by_default": [
                      {
                        "kms_master_key_id": "",
                        "sse_algorithm": "AES256"
                      }
                    ],
                    "bucket_key_enabled": false
                  }
                ]
              }
            ],
            "tags": {
              "Name": "autocap-autocap-code-bucket"
            },
            "tags_all": {
              "Name": "autocap-autocap-code-bucket"
            },
            "timeouts": null,
            "versioning": [
              {
                "enabled": false,
                "mfa_delete": false
              }
            ],
            "website": [],
            "website_domain": null,
            "website_endpoint": null
          },
          "sensitive_attributes": [],
          "private": "eyJlMmJmYjczMC1lY2FhLTExZTYtOGY4OC0zNDM2M2JjN2M0YzAiOnsiY3JlYXRlIjoxMjAwMDAwMDAwMDAwLCJkZWxldGUiOjM2MDAwMDAwMDAwMDAsInJlYWQiOjEyMDAwMDAwMDAwMDAsInVwZGF0ZSI6MTIwMDAwMDAwMDAwMH19"
        }
      ]
    },
    {
      "mode": "managed",
      "type": "aws_s3_bucket_acl",
      "name": "log_bucket_acl",
      "provider": "provider[\"registry.terraform.io/hashicorp/aws\"]",
      "instances": [
        {
          "schema_version": 0,
          "attributes": {
            "access_control_policy": [
              {
                "grant": [
                  {
                    "grantee": [
                      {
                        "display_name": "",
                        "email_address": "",
                        "id": "",
                        "type": "Group",
                        "uri": "http://acs.amazonaws.com/groups/s3/LogDelivery"
                      }
                    ],
                    "permission": "READ_ACP"
                  },
                  {
                    "grantee": [
                      {
                        "display_name": "",
                        "email_address": "",
                        "id": "",
                        "type": "Group",
                        "uri": "http://acs.amazonaws.com/groups/s3/LogDelivery"
                      }
                    ],
                    "permission": "WRITE"
                  },
                  {
                    "grantee": [
                      {
                        "display_name": "",
                        "email_address": "",
                        "id": "0ac2dedf956e01af8c3cad0fe4d461940bee91c56daef159028a70e289861c11",
                        "type": "CanonicalUser",
                        "uri": ""
                      }
                    ],
                    "permission": "FULL_CONTROL"
                  }
                ],
                "owner": [
                  {
                    "display_name": "",
                    "id": "0ac2dedf956e01af8c3cad0fe4d461940bee91c56daef159028a70e289861c11"
                  }
                ]
              }
            ],
            "acl": "log-delivery-write",
            "bucket": "autocap-log-bucket",
            "expected_bucket_owner": "",
            "id": "autocap-log-bucket,log-delivery-write",
            "region": "eu-west-3"
          },
          "sensitive_attributes": [],
          "private": "bnVsbA==",
          "dependencies": [
            "aws_s3_bucket.autocap_log_bucket",
            "aws_s3_bucket_ownership_controls.log_bucket_owner"
          ]
        }
      ]
    },
    {
      "mode": "managed",
      "type": "aws_s3_bucket_ownership_controls",
      "name": "autocap_media_ctrl",
      "provider": "provider[\"registry.terraform.io/hashicorp/aws\"]",
      "instances": [
        {
          "schema_version": 0,
          "attributes": {
            "bucket": "autocap-media",
            "id": "autocap-media",
            "region": "eu-west-3",
            "rule": [
              {
                "object_ownership": "BucketOwnerEnforced"
              }
            ]
          },
          "sensitive_attributes": [],
          "private": "bnVsbA==",
          "dependencies": [
            "aws_s3_bucket.autocap_media",
            "aws_s3_bucket_public_access_block.autocap_media_pub"
          ]
        }
      ]
    },
    {
      "mode": "managed",
      "type": "aws_s3_bucket_ownership_controls",
      "name": "log_bucket_owner",
      "provider": "provider[\"registry.terraform.io/hashicorp/aws\"]",
      "instances": [
        {
          "schema_version": 0,
          "attributes": {
            "bucket": "autocap-log-bucket",
            "id": "autocap-log-bucket",
            "region": "eu-west-3",
            "rule": [
              {
                "object_ownership": "ObjectWriter"
              }
            ]
          },
          "sensitive_attributes": [],
          "private": "bnVsbA==",
          "dependencies": [
            "aws_s3_bucket.autocap_log_bucket"
          ]
        }
      ]
    },
    {
      "mode": "managed",
      "type": "aws_s3_bucket_policy",
      "name": "autocap_log_bucket_policy",
      "provider": "provider[\"registry.terraform.io/hashicorp/aws\"]",
      "instances": [
        {
          "schema_version": 0,
          "attributes": {
            "bucket": "autocap-log-bucket",
            "id": "autocap-log-bucket",
            "policy": "{\"Statement\":[{\"Action\":[\"s3:PutObject\",\"s3:PutBucketAcl\",\"s3:GetObject\",\"s3:GetBucketAcl\"],\"Effect\":\"Allow\",\"Principal\":{\"AWS\":\"*\"},\"Resource\":[\"arn:aws:s3:::autocap-log-bucket/*\",\"arn:aws:s3:::autocap-log-bucket\"]}],\"Version\":\"2012-10-17\"}",
            "region": "eu-west-3"
          },
          "sensitive_attributes": [],
          "private": "bnVsbA==",
          "dependencies": [
            "aws_s3_bucket.autocap_log_bucket",
            "data.aws_iam_policy_document.log_bucket_access_policy"
          ]
        }
      ]
    },
    {
      "mode": "managed",
      "type": "aws_s3_bucket_policy",
      "name": "autocap_media_policy",
      "provider": "provider[\"registry.terraform.io/hashicorp/aws\"]",
      "instances": [
        {
          "schema_version": 0,
          "attributes": {
            "bucket": "autocap-media",
            "id": "autocap-media",
            "policy": "{\"Statement\":[{\"Action\":[\"s3:ListBucket\",\"s3:GetObjectVersion\",\"s3:GetObject\"],\"Effect\":\"Allow\",\"Principal\":{\"AWS\":\"*\"},\"Resource\":[\"arn:aws:s3:::autocap-media/*\",\"arn:aws:s3:::autocap-media\"]}],\"Version\":\"2012-10-17\"}",
            "region": "eu-west-3"
          },
          "sensitive_attributes": [],
          "private": "bnVsbA==",
          "dependencies": [
            "aws_s3_bucket.autocap_media",
            "data.aws_iam_policy_document.autocap_media_policy"
          ]
        }
      ]
    },
    {
      "mode": "managed",
      "type": "aws_s3_bucket_policy",
      "name": "log_bucket_policy",
      "provider": "provider[\"registry.terraform.io/hashicorp/aws\"]",
      "instances": [
        {
          "schema_version": 0,
          "attributes": {
            "bucket": "autocap-log-bucket",
            "id": "autocap-log-bucket",
            "policy": "{\"Statement\":[{\"Action\":\"s3:PutObject\",\"Effect\":\"Allow\",\"Principal\":{\"AWS\":\"arn:aws:iam::127311923021:root\"},\"Resource\":\"arn:aws:s3:::autocap-log-bucket/*\",\"Sid\":\"AWSCloudFrontLogsPolicy\"}],\"Version\":\"2012-10-17\"}",
            "region": "eu-west-3"
          },
          "sensitive_attributes": [],
          "private": "bnVsbA==",
          "dependencies": [
            "aws_s3_bucket.autocap_log_bucket",
            "data.aws_iam_policy_document.log_bucket_policy"
          ]
        }
      ]
    },
    {
      "mode": "managed",
      "type": "aws_s3_bucket_public_access_block",
      "name": "autocap_media_pub",
      "provider": "provider[\"registry.terraform.io/hashicorp/aws\"]",
      "instances": [
        {
          "schema_version": 0,
          "attributes": {
            "block_public_acls": false,
            "block_public_policy": false,
            "bucket": "autocap-media",
            "id": "autocap-media",
            "ignore_public_acls": false,
            "region": "eu-west-3",
            "restrict_public_buckets": false,
            "skip_destroy": null
          },
          "sensitive_attributes": [],
          "private": "bnVsbA==",
          "dependencies": [
            "aws_s3_bucket.autocap_media"
          ]
        }
      ]
    },
    {
      "mode": "managed",
      "type": "aws_s3_bucket_public_access_block",
      "name": "log_bucket_access_block",
      "provider": "provider[\"registry.terraform.io/hashicorp/aws\"]",
      "instances": [
        {
          "schema_version": 0,
          "attributes": {
            "block_public_acls": false,
            "block_public_policy": false,
            "bucket": "autocap-log-bucket",
            "id": "autocap-log-bucket",
            "ignore_public_acls": false,
            "region": "eu-west-3",
            "restrict_public_buckets": false,
            "skip_destroy": null
          },
          "sensitive_attributes": [],
          "private": "bnVsbA==",
          "dependencies": [
            "aws_s3_bucket.autocap_log_bucket"
          ]
        }
      ]
    },
    {
      "mode": "managed",
      "type": "aws_security_group",
      "name": "autocap_sg",
      "provider": "provider[\"registry.terraform.io/hashicorp/aws\"]",
      "instances": [
        {
          "schema_version": 1,
          "attributes": {
            "arn": "arn:aws:ec2:eu-west-3:015937138823:security-group/sg-0c0a7f9aabd2ef5a7",
            "description": "Managed by Terraform",
            "egress": [
              {
                "cidr_blocks": [
                  "0.0.0.0/0"
                ],
                "description": "Allow all outbound",
                "from_port": 0,
                "ipv6_cidr_blocks": [],
                "prefix_list_ids": [],
                "protocol": "-1",
                "security_groups": [],
                "self": false,
                "to_port": 0
              }
            ],
            "id": "sg-0c0a7f9aabd2ef5a7",
            "ingress": [
              {
                "cidr_blocks": [
                  "0.0.0.0/0"
                ],
                "description": "Allow http inbound traffic",
                "from_port": 80,
                "ipv6_cidr_blocks": [],
                "prefix_list_ids": [],
                "protocol": "tcp",
                "security_groups": [],
                "self": false,
                "to_port": 80
              },
              {
                "cidr_blocks": [
                  "0.0.0.0/0"
                ],
                "description": "Allow https inbound traffic",
                "from_port": 443,
                "ipv6_cidr_blocks": [],
                "prefix_list_ids": [],
                "protocol": "tcp",
                "security_groups": [],
                "self": false,
                "to_port": 443
              },
              {
                "cidr_blocks": [
                  "0.0.0.0/0"
                ],
                "description": "Allow ssh inbound traffic",
                "from_port": 22,
                "ipv6_cidr_blocks": [],
                "prefix_list_ids": [],
                "protocol": "tcp",
                "security_groups": [],
                "self": false,
                "to_port": 22
              }
            ],
            "name": "autocap-autocap_sg",
            "name_prefix": "",
            "owner_id": "015937138823",
            "region": "eu-west-3",
            "revoke_rules_on_delete": false,
            "tags": {
              "Name": "autocap-autocap_sg"
            },
            "tags_all": {
              "Name": "autocap-autocap_sg"
            },
            "timeouts": null,
            "vpc_id": "vpc-0e20ae1977e18f461"
          },
          "sensitive_attributes": [],
          "private": "eyJlMmJmYjczMC1lY2FhLTExZTYtOGY4OC0zNDM2M2JjN2M0YzAiOnsiY3JlYXRlIjo2MDAwMDAwMDAwMDAsImRlbGV0ZSI6OTAwMDAwMDAwMDAwfSwic2NoZW1hX3ZlcnNpb24iOiIxIn0=",
          "dependencies": [
            "aws_vpc.vpc"
          ]
        }
      ]
    },
    {
      "mode": "managed",
      "type": "aws_security_group",
      "name": "rds_sg",
      "provider": "provider[\"registry.terraform.io/hashicorp/aws\"]",
      "instances": [
        {
          "schema_version": 1,
          "attributes": {
            "arn": "arn:aws:ec2:eu-west-3:015937138823:security-group/sg-0d94ac76f91b44c68",
            "description": "Allow MySQL from EC2 in public subnets",
            "egress": [
              {
                "cidr_blocks": [
                  "0.0.0.0/0"
                ],
                "description": "",
                "from_port": 0,
                "ipv6_cidr_blocks": [],
                "prefix_list_ids": [],
                "protocol": "-1",
                "security_groups": [],
                "self": false,
                "to_port": 0
              }
            ],
            "id": "sg-0d94ac76f91b44c68",
            "ingress": [
              {
                "cidr_blocks": [
                  "10.0.1.0/24",
                  "10.0.2.0/24"
                ],
                "description": "",
                "from_port": 3306,
                "ipv6_cidr_blocks": [],
                "prefix_list_ids": [],
                "protocol": "tcp",
                "security_groups": [],
                "self": false,
                "to_port": 3306
              }
            ],
            "name": "autocap-rds_sg",
            "name_prefix": "",
            "owner_id": "015937138823",
            "region": "eu-west-3",
            "revoke_rules_on_delete": false,
            "tags": {
              "Name": "autocap-rds_sg"
            },
            "tags_all": {
              "Name": "autocap-rds_sg"
            },
            "timeouts": null,
            "vpc_id": "vpc-0e20ae1977e18f461"
          },
          "sensitive_attributes": [],
          "private": "eyJlMmJmYjczMC1lY2FhLTExZTYtOGY4OC0zNDM2M2JjN2M0YzAiOnsiY3JlYXRlIjo2MDAwMDAwMDAwMDAsImRlbGV0ZSI6OTAwMDAwMDAwMDAwfSwic2NoZW1hX3ZlcnNpb24iOiIxIn0=",
          "dependencies": [
            "aws_vpc.vpc"
          ]
        }
      ]
    },
    {
      "mode": "managed",
      "type": "aws_subnet",
      "name": "prv_sn1",
      "provider": "provider[\"registry.terraform.io/hashicorp/aws\"]",
      "instances": [
        {
          "schema_version": 1,
          "attributes": {
            "arn": "arn:aws:ec2:eu-west-3:015937138823:subnet/subnet-0b003330416146b87",
            "assign_ipv6_address_on_creation": false,
            "availability_zone": "eu-west-3a",
            "availability_zone_id": "euw3-az1",
            "cidr_block": "10.0.3.0/24",
            "customer_owned_ipv4_pool": "",
            "enable_dns64": false,
            "enable_lni_at_device_index": 0,
            "enable_resource_name_dns_a_record_on_launch": false,
            "enable_resource_name_dns_aaaa_record_on_launch": false,
            "id": "subnet-0b003330416146b87",
            "ipv6_cidr_block": "",
            "ipv6_cidr_block_association_id": "",
            "ipv6_native": false,
            "map_customer_owned_ip_on_launch": false,
            "map_public_ip_on_launch": false,
            "outpost_arn": "",
            "owner_id": "015937138823",
            "private_dns_hostname_type_on_launch": "ip-name",
            "region": "eu-west-3",
            "tags": {
              "Name": "autocap-prv_sn1"
            },
            "tags_all": {
              "Name": "autocap-prv_sn1"
            },
            "timeouts": null,
            "vpc_id": "vpc-0e20ae1977e18f461"
          },
          "sensitive_attributes": [],
          "private": "eyJlMmJmYjczMC1lY2FhLTExZTYtOGY4OC0zNDM2M2JjN2M0YzAiOnsiY3JlYXRlIjo2MDAwMDAwMDAwMDAsImRlbGV0ZSI6MTIwMDAwMDAwMDAwMH0sInNjaGVtYV92ZXJzaW9uIjoiMSJ9",
          "dependencies": [
            "aws_vpc.vpc"
          ]
        }
      ]
    },
    {
      "mode": "managed",
      "type": "aws_subnet",
      "name": "prv_sn2",
      "provider": "provider[\"registry.terraform.io/hashicorp/aws\"]",
      "instances": [
        {
          "schema_version": 1,
          "attributes": {
            "arn": "arn:aws:ec2:eu-west-3:015937138823:subnet/subnet-0cb9819bd21cb0c32",
            "assign_ipv6_address_on_creation": false,
            "availability_zone": "eu-west-3b",
            "availability_zone_id": "euw3-az2",
            "cidr_block": "10.0.4.0/24",
            "customer_owned_ipv4_pool": "",
            "enable_dns64": false,
            "enable_lni_at_device_index": 0,
            "enable_resource_name_dns_a_record_on_launch": false,
            "enable_resource_name_dns_aaaa_record_on_launch": false,
            "id": "subnet-0cb9819bd21cb0c32",
            "ipv6_cidr_block": "",
            "ipv6_cidr_block_association_id": "",
            "ipv6_native": false,
            "map_customer_owned_ip_on_launch": false,
            "map_public_ip_on_launch": false,
            "outpost_arn": "",
            "owner_id": "015937138823",
            "private_dns_hostname_type_on_launch": "ip-name",
            "region": "eu-west-3",
            "tags": {
              "Name": "autocap-prv_sn2"
            },
            "tags_all": {
              "Name": "autocap-prv_sn2"
            },
            "timeouts": null,
            "vpc_id": "vpc-0e20ae1977e18f461"
          },
          "sensitive_attributes": [],
          "private": "eyJlMmJmYjczMC1lY2FhLTExZTYtOGY4OC0zNDM2M2JjN2M0YzAiOnsiY3JlYXRlIjo2MDAwMDAwMDAwMDAsImRlbGV0ZSI6MTIwMDAwMDAwMDAwMH0sInNjaGVtYV92ZXJzaW9uIjoiMSJ9",
          "dependencies": [
            "aws_vpc.vpc"
          ]
        }
      ]
    },
    {
      "mode": "managed",
      "type": "aws_subnet",
      "name": "pub_sn1",
      "provider": "provider[\"registry.terraform.io/hashicorp/aws\"]",
      "instances": [
        {
          "schema_version": 1,
          "attributes": {
            "arn": "arn:aws:ec2:eu-west-3:015937138823:subnet/subnet-0d22c97c5be10df50",
            "assign_ipv6_address_on_creation": false,
            "availability_zone": "eu-west-3a",
            "availability_zone_id": "euw3-az1",
            "cidr_block": "10.0.1.0/24",
            "customer_owned_ipv4_pool": "",
            "enable_dns64": false,
            "enable_lni_at_device_index": 0,
            "enable_resource_name_dns_a_record_on_launch": false,
            "enable_resource_name_dns_aaaa_record_on_launch": false,
            "id": "subnet-0d22c97c5be10df50",
            "ipv6_cidr_block": "",
            "ipv6_cidr_block_association_id": "",
            "ipv6_native": false,
            "map_customer_owned_ip_on_launch": false,
            "map_public_ip_on_launch": false,
            "outpost_arn": "",
            "owner_id": "015937138823",
            "private_dns_hostname_type_on_launch": "ip-name",
            "region": "eu-west-3",
            "tags": {
              "Name": "autocap-pub_sn1"
            },
            "tags_all": {
              "Name": "autocap-pub_sn1"
            },
            "timeouts": null,
            "vpc_id": "vpc-0e20ae1977e18f461"
          },
          "sensitive_attributes": [],
          "private": "eyJlMmJmYjczMC1lY2FhLTExZTYtOGY4OC0zNDM2M2JjN2M0YzAiOnsiY3JlYXRlIjo2MDAwMDAwMDAwMDAsImRlbGV0ZSI6MTIwMDAwMDAwMDAwMH0sInNjaGVtYV92ZXJzaW9uIjoiMSJ9",
          "dependencies": [
            "aws_vpc.vpc"
          ]
        }
      ]
    },
    {
      "mode": "managed",
      "type": "aws_subnet",
      "name": "pub_sn2",
      "provider": "provider[\"registry.terraform.io/hashicorp/aws\"]",
      "instances": [
        {
          "schema_version": 1,
          "attributes": {
            "arn": "arn:aws:ec2:eu-west-3:015937138823:subnet/subnet-04cb6fde1a11c3f15",
            "assign_ipv6_address_on_creation": false,
            "availability_zone": "eu-west-3b",
            "availability_zone_id": "euw3-az2",
            "cidr_block": "10.0.2.0/24",
            "customer_owned_ipv4_pool": "",
            "enable_dns64": false,
            "enable_lni_at_device_index": 0,
            "enable_resource_name_dns_a_record_on_launch": false,
            "enable_resource_name_dns_aaaa_record_on_launch": false,
            "id": "subnet-04cb6fde1a11c3f15",
            "ipv6_cidr_block": "",
            "ipv6_cidr_block_association_id": "",
            "ipv6_native": false,
            "map_customer_owned_ip_on_launch": false,
            "map_public_ip_on_launch": false,
            "outpost_arn": "",
            "owner_id": "015937138823",
            "private_dns_hostname_type_on_launch": "ip-name",
            "region": "eu-west-3",
            "tags": {
              "Name": "autocap-pub_sn2"
            },
            "tags_all": {
              "Name": "autocap-pub_sn2"
            },
            "timeouts": null,
            "vpc_id": "vpc-0e20ae1977e18f461"
          },
          "sensitive_attributes": [],
          "private": "eyJlMmJmYjczMC1lY2FhLTExZTYtOGY4OC0zNDM2M2JjN2M0YzAiOnsiY3JlYXRlIjo2MDAwMDAwMDAwMDAsImRlbGV0ZSI6MTIwMDAwMDAwMDAwMH0sInNjaGVtYV92ZXJzaW9uIjoiMSJ9",
          "dependencies": [
            "aws_vpc.vpc"
          ]
        }
      ]
    },
    {
      "mode": "managed",
      "type": "aws_vpc",
      "name": "vpc",
      "provider": "provider[\"registry.terraform.io/hashicorp/aws\"]",
      "instances": [
        {
          "schema_version": 1,
          "attributes": {
            "arn": "arn:aws:ec2:eu-west-3:015937138823:vpc/vpc-0e20ae1977e18f461",
            "assign_generated_ipv6_cidr_block": false,
            "cidr_block": "10.0.0.0/16",
            "default_network_acl_id": "acl-08c0f401c3ddc0775",
            "default_route_table_id": "rtb-068b6ffa282070815",
            "default_security_group_id": "sg-0921c876d56024de9",
            "dhcp_options_id": "dopt-04d40c5b6c070c218",
            "enable_dns_hostnames": false,
            "enable_dns_support": true,
            "enable_network_address_usage_metrics": false,
            "id": "vpc-0e20ae1977e18f461",
            "instance_tenancy": "default",
            "ipv4_ipam_pool_id": null,
            "ipv4_netmask_length": null,
            "ipv6_association_id": "",
            "ipv6_cidr_block": "",
            "ipv6_cidr_block_network_border_group": "",
            "ipv6_ipam_pool_id": "",
            "ipv6_netmask_length": 0,
            "main_route_table_id": "rtb-068b6ffa282070815",
            "owner_id": "015937138823",
            "region": "eu-west-3",
            "tags": {
              "Name": "autocap-vpc"
            },
            "tags_all": {
              "Name": "autocap-vpc"
            }
          },
          "sensitive_attributes": [],
          "private": "eyJzY2hlbWFfdmVyc2lvbiI6IjEifQ=="
        }
      ]
    },
    {
      "mode": "managed",
      "type": "local_file",
      "name": "private_key",
      "provider": "provider[\"registry.terraform.io/hashicorp/local\"]",
      "instances": [
        {
          "schema_version": 0,
          "attributes": {
            "content": "-----BEGIN RSA PRIVATE KEY-----\nMIIJJwIBAAKCAgEAyNMFf8WUL4ZjqL5y1kqDt+FQEq6AX2hw6FvJihEijON11uA+\nKPapbvESVHEQ+dypRVHwYw+DR/JJGkKCZpIZw8XAj6Umzy31agZj/iyg0+6bn7bv\n8FcpAcmSYikSMj8wt60e79zp5VPzfyKAOvXAJoVn0J5Zb5FznJo+bMfVU7B6s4jz\nEvJ4SeMNs6gmyc8UyU0tqHikmIbOG3eDw61eYCl49dAVjqN7K6fmGB8OLK83zhVC\ncL9EsXIJP6aticMbAAiSfR6AVG4GLgE0gdACy9FbjYq9voB+Rkkf+ycC9VNtC00j\n2ce7Qu7qQqkI5Fgw6psn/T99T5zP2i1xK1YPz8shJt1ljfrHCrgpDIqU39eQF5zx\nJgqr+m7yqbbqzEkPG6XbIMvafYEd9pROHxd8Vh/fuJb1rOB8EJ30n3maNu3jXDIb\nnmL+yoXN0yIkzFeipFYKe+zNbaBEaxdNFUfGb9Vw4QKG1seWtBFkSZiH3L3kdwe7\nxcMtGLMiJ9Yp8UUkp5zTwJINAMRfv0luUWSmlnUyAk88J7YVtWxfq5Jj9bHwVO/P\nq4ogaf+8OjG1fEj27vH153E8Oq15g3QzN1yZzcpbsgCM8HfHB+bFr4B8OMu1ekXR\njAjfs3IWRpq77YS4hghfL1i5FThLB3XSp2yms16urCV34/jo4SSUDq4CZgkCAwEA\nAQKCAgACsDsqnWKBIF4agYeCsYyshtT46w0c5IZea0bPaltOt4d5pkGEGt6PIFBh\nK6z71fsOH9gFUM0ucWKOehrKH2U+PFok53kVh5qkHgxzTUr54KqEq4DwHrqVzjT/\ndhKgSZLwDTPqJ3Lvdv2TfiAT/1DgiHiopPYINaeZORdiLWqrAXnNss+jjqC9nHna\ney3JwH6ZaJxr3PGXI8wujJ20SOXdM7DthCjwYo/g4xEu0XucbYa5uN8i00IAKMlR\nk3xPPnq7YrdTUCKM/swRDEMVBHaFHqWzHLWy5IAhlhOvhl4rxT94dJfo78Y5/H4h\nAPz1fENrYJhbHjZ3PQorSYsc9rykwr4pE6lrkw9TXVtXmr6g7Z0he1glrKRrbNIk\nocfwrKMaLdFEFUqgOUJ0x2WBw6mhDzXPVA0J2YV0V+xHEanCTCFg3sWz7ZIJUiW2\nkgvFr/8gptn7/rQBnC4YE1TKi6liKyXFV+QRkDaKHdYYygtdAZJT0+PUgpO/aY4b\n1i1o2RwHr2E3y0TqI0m+efCJIEAd7rPYgL0T8Bp/r0vX2P5ZEDDX08DQaCG0tQcq\nQp+9A7/UglX25CncKknekpnoQWrAkPERHb2IO3cVj4ouyJDdJoKp1j295a6k6G4u\ndaRsE6c+Y+4hDzxF41vDiIWFh8L7A5mY+9335xC6ruOBsfokAQKCAQEA6DORudjt\nmuQLV5J7JlSvOykz0iYvuoA2XM3Am5ajR1rabcuOGEpjqlNpYYg0KqF/iVPxc+h7\nYiL95ptWDBbqDAULnSev264OdFjZcpLTBz+ABSSc/bLqloidLDcwo6EL9nNJgOkh\nKjlXo2F5Ew6ChDOtcQjEtmPobkeMPQQAFyNjGnj3nkYWRbmlc9GwnTlkOBRt8qhh\nOsncBgEhdIPdE/p7txabCnLK4ngOIoAWfmByV9r1wGWBX44uW+txt3O5htdobXOe\ncd+IAuiBBw51VFnD96vnSUmLyoiLcI4ColoD9r3ztrEQCSSrxjN0mya+dWj8REVC\nw8F8hpOyDWw2UQKCAQEA3WgwOvE56YuHvMh51Altn0151G7Y50re8WUR+t659O4u\nRp4xFG0IXWa/PDi9dAjs6JP8SK7gNi+tjF8HHFjnkKZjNnBroM8c49R5XfZttbGK\n1r4ibe+fxh+3txaDPp9oxhvLi1HO0j8c51WyIjhEjevnrV1Lb4gGQnb98kSSrobf\nIyk6BqJSs/v091vtlUO1Tn5MNyfPFdG/MsMqjawj7+Jj8PL8xReW7KvegQIlvw8E\n6xXq2E2t+nTOu4tporcCET2oExqwqYILkwPMaGnC3ubkum2UL93DjDI8xb1eBfjB\nufCzdB9sx/Th0+KvVNovrx/HL1CnhR2LomuSRfvuOQKCAQBUcRSIqmvWDSJWyW1B\nhkBnWld/D+YBg8jBPQ3TRxe/xjly/jiBeuP9t/G1x0t5SVvQ/BbtmNjt2l3NNCY5\npUed8WPE1f7s+8JD61/Ae8aEd0I+HI9+70bCUZIe1z838kQgbtKHL8Cg01OclcDq\n/jbWjth/J7opvfFz0U8djUvfHj5XDTC3fTNyTc3ubY41zv40KrHFMhiRwYDjKhwZ\nfC60qj29WlotlYtUimZRg5UqhjZu3rDKM9+1eUZApUGofkw0zjcqvoYbUTfsHtN1\nVnuyniZW9kvY6gcNM1TKLMqmcefJHlD32jJDsPNK08GO/qr6laBPz4Q1HjMD2chB\ne13RAoIBAAK/ISIKDgrcpUFtRz2fJFH+lw1QlrY/0oYyF8gB7VKhhcdwfPFg7OKj\nvKmVlpwS5EV6WH3aVYO2kbOVFjR+0diUh9SMDnm/N/+Hij3lKbVAT5WcZDby6wt9\nJz1JNTWYqqcSfzLqP+ORztz7zirogck07PnUl3P5vwIiEcJooV0y5R+9ii+84cPD\n02UiKc9ZOK2RmYZxovsFUBbkHuoFAakfKNg7W3FieofTFf6JtUgqeogkDHbEd+0M\nd+gRsazIEml+V1BtW1Wu/E/Fk0qUTUuQl7PMWjNB0AQ0N1bIo5r1XAnfd4pwPVw5\nqHeFb2FhF4hXn5PxrzJSjIHmTbk6h9kCggEACSJrxT/waXUufurDuW7VPdQS79/6\nwVkd2JoL7i3+a68G/zYzKJOfY4UatoAFnp7yTaITsVB1r1glhD7lC5NrXkp3qg4J\nMupptzj95XfVL07rK6zITPNtclkuZavpvpAD8KwAHE3TCWy4ste9kwhp7UZdIKdq\n9GaVN6szg9XOxPYTNriZDRdCbEK9txwOhk7aWwAXEp6u4f0K4HMBiZLUAoG4qKwm\nv1/2zLLtxjgp7LLLIX42472Pgg8dmqPD0jeiZZs0FoyXlLCEq6ILpqGNF5twI4d5\nSXShEWmyBxbNXnAMKAXuPskmf2hqdkJ4U3E6ngBzPKFkHJWUbPYGgC767w==\n-----END RSA PRIVATE KEY-----\n",
            "content_base64": null,
            "content_base64sha256": "xt3IFL9NEmYbYg2LgLbr8ckQvORiOOpxZGlIfmqMPs0=",
            "content_base64sha512": "SBRk5apdjZ+9TMxDwn50sPlLfdq4RdB/i5R2hIDtK81g35DGgvBjr6Xv48SzwjG7R2/D/7OGAl6NFHxrScCGag==",
            "content_md5": "df9e36e615f3dce2d211c84834894e60",
            "content_sha1": "c4c8cbbad3017c79392447cbf34b4fc834925b51",
            "content_sha256": "c6ddc814bf4d12661b620d8b80b6ebf1c910bce46238ea716469487e6a8c3ecd",
            "content_sha512": "481464e5aa5d8d9fbd4ccc43c27e74b0f94b7ddab845d07f8b94768480ed2bcd60df90c682f063afa5efe3c4b3c231bb476fc3ffb386025e8d147c6b49c0866a",
            "directory_permission": "0777",
            "file_permission": "600",
            "filename": "autocap_key.pem",
            "id": "c4c8cbbad3017c79392447cbf34b4fc834925b51",
            "sensitive_content": null,
            "source": null
          },
          "sensitive_attributes": [
            [
              {
                "type": "get_attr",
                "value": "sensitive_content"
              }
            ],
            [
              {
                "type": "get_attr",
                "value": "content"
              }
            ]
          ],
          "dependencies": [
            "tls_private_key.key"
          ]
        }
      ]
    },
    {
      "mode": "managed",
      "type": "tls_private_key",
      "name": "key",
      "provider": "provider[\"registry.terraform.io/hashicorp/tls\"]",
      "instances": [
        {
          "schema_version": 1,
          "attributes": {
            "algorithm": "RSA",
            "ecdsa_curve": "P224",
            "id": "42ed9bf3152ab1054e3a3ddae730c94c61153c6c",
            "private_key_openssh": "-----BEGIN OPENSSH PRIVATE KEY-----\nb3BlbnNzaC1rZXktdjEAAAAABG5vbmUAAAAEbm9uZQAAAAAAAAABAAACFwAAAAdz\nc2gtcnNhAAAAAwEAAQAAAgEAyNMFf8WUL4ZjqL5y1kqDt+FQEq6AX2hw6FvJihEi\njON11uA+KPapbvESVHEQ+dypRVHwYw+DR/JJGkKCZpIZw8XAj6Umzy31agZj/iyg\n0+6bn7bv8FcpAcmSYikSMj8wt60e79zp5VPzfyKAOvXAJoVn0J5Zb5FznJo+bMfV\nU7B6s4jzEvJ4SeMNs6gmyc8UyU0tqHikmIbOG3eDw61eYCl49dAVjqN7K6fmGB8O\nLK83zhVCcL9EsXIJP6aticMbAAiSfR6AVG4GLgE0gdACy9FbjYq9voB+Rkkf+ycC\n9VNtC00j2ce7Qu7qQqkI5Fgw6psn/T99T5zP2i1xK1YPz8shJt1ljfrHCrgpDIqU\n39eQF5zxJgqr+m7yqbbqzEkPG6XbIMvafYEd9pROHxd8Vh/fuJb1rOB8EJ30n3ma\nNu3jXDIbnmL+yoXN0yIkzFeipFYKe+zNbaBEaxdNFUfGb9Vw4QKG1seWtBFkSZiH\n3L3kdwe7xcMtGLMiJ9Yp8UUkp5zTwJINAMRfv0luUWSmlnUyAk88J7YVtWxfq5Jj\n9bHwVO/Pq4ogaf+8OjG1fEj27vH153E8Oq15g3QzN1yZzcpbsgCM8HfHB+bFr4B8\nOMu1ekXRjAjfs3IWRpq77YS4hghfL1i5FThLB3XSp2yms16urCV34/jo4SSUDq4C\nZgkAAAc40C4xntAuMZ4AAAAHc3NoLXJzYQAAAgEAyNMFf8WUL4ZjqL5y1kqDt+FQ\nEq6AX2hw6FvJihEijON11uA+KPapbvESVHEQ+dypRVHwYw+DR/JJGkKCZpIZw8XA\nj6Umzy31agZj/iyg0+6bn7bv8FcpAcmSYikSMj8wt60e79zp5VPzfyKAOvXAJoVn\n0J5Zb5FznJo+bMfVU7B6s4jzEvJ4SeMNs6gmyc8UyU0tqHikmIbOG3eDw61eYCl4\n9dAVjqN7K6fmGB8OLK83zhVCcL9EsXIJP6aticMbAAiSfR6AVG4GLgE0gdACy9Fb\njYq9voB+Rkkf+ycC9VNtC00j2ce7Qu7qQqkI5Fgw6psn/T99T5zP2i1xK1YPz8sh\nJt1ljfrHCrgpDIqU39eQF5zxJgqr+m7yqbbqzEkPG6XbIMvafYEd9pROHxd8Vh/f\nuJb1rOB8EJ30n3maNu3jXDIbnmL+yoXN0yIkzFeipFYKe+zNbaBEaxdNFUfGb9Vw\n4QKG1seWtBFkSZiH3L3kdwe7xcMtGLMiJ9Yp8UUkp5zTwJINAMRfv0luUWSmlnUy\nAk88J7YVtWxfq5Jj9bHwVO/Pq4ogaf+8OjG1fEj27vH153E8Oq15g3QzN1yZzcpb\nsgCM8HfHB+bFr4B8OMu1ekXRjAjfs3IWRpq77YS4hghfL1i5FThLB3XSp2yms16u\nrCV34/jo4SSUDq4CZgkAAAADAQABAAACAAKwOyqdYoEgXhqBh4KxjKyG1PjrDRzk\nhl5rRs9qW063h3mmQYQa3o8gUGErrPvV+w4f2AVQzS5xYo56GsofZT48WiTneRWH\nmqQeDHNNSvngqoSrgPAeupXONP92EqBJkvANM+oncu92/ZN+IBP/UOCIeKik9gg1\np5k5F2ItaqsBec2yz6OOoL2cedp7LcnAfplonGvc8ZcjzC6MnbRI5d0zsO2EKPBi\nj+DjES7Re5xthrm43yLTQgAoyVGTfE8+ertit1NQIoz+zBEMQxUEdoUepbMctbLk\ngCGWE6+GXivFP3h0l+jvxjn8fiEA/PV8Q2tgmFseNnc9CitJixz2vKTCvikTqWuT\nD1NdW1eavqDtnSF7WCWspGts0iShx/Csoxot0UQVSqA5QnTHZYHDqaEPNc9UDQnZ\nhXRX7EcRqcJMIWDexbPtkglSJbaSC8Wv/yCm2fv+tAGcLhgTVMqLqWIrJcVX5BGQ\nNood1hjKC10BklPT49SCk79pjhvWLWjZHAevYTfLROojSb558IkgQB3us9iAvRPw\nGn+vS9fY/lkQMNfTwNBoIbS1BypCn70Dv9SCVfbkKdwqSd6SmehBasCQ8REdvYg7\ndxWPii7IkN0mgqnWPb3lrqTobi51pGwTpz5j7iEPPEXjW8OIhYWHwvsDmZj73ffn\nELqu44Gx+iQBAAABAAkia8U/8Gl1Ln7qw7lu1T3UEu/f+sFZHdiaC+4t/muvBv82\nMyiTn2OFGraABZ6e8k2iE7FQda9YJYQ+5QuTa15Kd6oOCTLqabc4/eV31S9O6yus\nyEzzbXJZLmWr6b6QA/CsABxN0wlsuLLXvZMIae1GXSCnavRmlTerM4PVzsT2Eza4\nmQ0XQmxCvbccDoZO2lsAFxKeruH9CuBzAYmS1AKBuKisJr9f9syy7cY4KeyyyyF+\nNuO9j4IPHZqjw9I3omWbNBaMl5SwhKuiC6ahjRebcCOHeUl0oRFpsgcWzV5wDCgF\n7j7JJn9oanZCeFNxOp4AczyhZByVlGz2BoAu+u8AAAEBAOgzkbnY7ZrkC1eSeyZU\nrzspM9ImL7qANlzNwJuWo0da2m3LjhhKY6pTaWGINCqhf4lT8XPoe2Ii/eabVgwW\n6gwFC50nr9uuDnRY2XKS0wc/gAUknP2y6paInSw3MKOhC/ZzSYDpISo5V6NheRMO\ngoQzrXEIxLZj6G5HjD0EABcjYxp4955GFkW5pXPRsJ05ZDgUbfKoYTrJ3AYBIXSD\n3RP6e7cWmwpyyuJ4DiKAFn5gclfa9cBlgV+OLlvrcbdzuYbXaG1znnHfiALogQcO\ndVRZw/er50lJi8qIi3COAqJaA/a987axEAkkq8YzdJsmvnVo/ERFQsPBfIaTsg1s\nNlEAAAEBAN1oMDrxOemLh7zIedQJbZ9NedRu2OdK3vFlEfreufTuLkaeMRRtCF1m\nvzw4vXQI7OiT/Eiu4DYvrYxfBxxY55CmYzZwa6DPHOPUeV32bbWxita+Im3vn8Yf\nt7cWgz6faMYby4tRztI/HOdVsiI4RI3r561dS2+IBkJ2/fJEkq6G3yMpOgaiUrP7\n9Pdb7ZVDtU5+TDcnzxXRvzLDKo2sI+/iY/Dy/MUXluyr3oECJb8PBOsV6thNrfp0\nzruLaaK3AhE9qBMasKmCC5MDzGhpwt7m5LptlC/dw4wyPMW9XgX4wbnws3QfbMf0\n4dPir1TaL68fxy9Qp4Udi6JrkkX77jkAAAAAAQID\n-----END OPENSSH PRIVATE KEY-----\n",
            "private_key_pem": "-----BEGIN RSA PRIVATE KEY-----\nMIIJJwIBAAKCAgEAyNMFf8WUL4ZjqL5y1kqDt+FQEq6AX2hw6FvJihEijON11uA+\nKPapbvESVHEQ+dypRVHwYw+DR/JJGkKCZpIZw8XAj6Umzy31agZj/iyg0+6bn7bv\n8FcpAcmSYikSMj8wt60e79zp5VPzfyKAOvXAJoVn0J5Zb5FznJo+bMfVU7B6s4jz\nEvJ4SeMNs6gmyc8UyU0tqHikmIbOG3eDw61eYCl49dAVjqN7K6fmGB8OLK83zhVC\ncL9EsXIJP6aticMbAAiSfR6AVG4GLgE0gdACy9FbjYq9voB+Rkkf+ycC9VNtC00j\n2ce7Qu7qQqkI5Fgw6psn/T99T5zP2i1xK1YPz8shJt1ljfrHCrgpDIqU39eQF5zx\nJgqr+m7yqbbqzEkPG6XbIMvafYEd9pROHxd8Vh/fuJb1rOB8EJ30n3maNu3jXDIb\nnmL+yoXN0yIkzFeipFYKe+zNbaBEaxdNFUfGb9Vw4QKG1seWtBFkSZiH3L3kdwe7\nxcMtGLMiJ9Yp8UUkp5zTwJINAMRfv0luUWSmlnUyAk88J7YVtWxfq5Jj9bHwVO/P\nq4ogaf+8OjG1fEj27vH153E8Oq15g3QzN1yZzcpbsgCM8HfHB+bFr4B8OMu1ekXR\njAjfs3IWRpq77YS4hghfL1i5FThLB3XSp2yms16urCV34/jo4SSUDq4CZgkCAwEA\nAQKCAgACsDsqnWKBIF4agYeCsYyshtT46w0c5IZea0bPaltOt4d5pkGEGt6PIFBh\nK6z71fsOH9gFUM0ucWKOehrKH2U+PFok53kVh5qkHgxzTUr54KqEq4DwHrqVzjT/\ndhKgSZLwDTPqJ3Lvdv2TfiAT/1DgiHiopPYINaeZORdiLWqrAXnNss+jjqC9nHna\ney3JwH6ZaJxr3PGXI8wujJ20SOXdM7DthCjwYo/g4xEu0XucbYa5uN8i00IAKMlR\nk3xPPnq7YrdTUCKM/swRDEMVBHaFHqWzHLWy5IAhlhOvhl4rxT94dJfo78Y5/H4h\nAPz1fENrYJhbHjZ3PQorSYsc9rykwr4pE6lrkw9TXVtXmr6g7Z0he1glrKRrbNIk\nocfwrKMaLdFEFUqgOUJ0x2WBw6mhDzXPVA0J2YV0V+xHEanCTCFg3sWz7ZIJUiW2\nkgvFr/8gptn7/rQBnC4YE1TKi6liKyXFV+QRkDaKHdYYygtdAZJT0+PUgpO/aY4b\n1i1o2RwHr2E3y0TqI0m+efCJIEAd7rPYgL0T8Bp/r0vX2P5ZEDDX08DQaCG0tQcq\nQp+9A7/UglX25CncKknekpnoQWrAkPERHb2IO3cVj4ouyJDdJoKp1j295a6k6G4u\ndaRsE6c+Y+4hDzxF41vDiIWFh8L7A5mY+9335xC6ruOBsfokAQKCAQEA6DORudjt\nmuQLV5J7JlSvOykz0iYvuoA2XM3Am5ajR1rabcuOGEpjqlNpYYg0KqF/iVPxc+h7\nYiL95ptWDBbqDAULnSev264OdFjZcpLTBz+ABSSc/bLqloidLDcwo6EL9nNJgOkh\nKjlXo2F5Ew6ChDOtcQjEtmPobkeMPQQAFyNjGnj3nkYWRbmlc9GwnTlkOBRt8qhh\nOsncBgEhdIPdE/p7txabCnLK4ngOIoAWfmByV9r1wGWBX44uW+txt3O5htdobXOe\ncd+IAuiBBw51VFnD96vnSUmLyoiLcI4ColoD9r3ztrEQCSSrxjN0mya+dWj8REVC\nw8F8hpOyDWw2UQKCAQEA3WgwOvE56YuHvMh51Altn0151G7Y50re8WUR+t659O4u\nRp4xFG0IXWa/PDi9dAjs6JP8SK7gNi+tjF8HHFjnkKZjNnBroM8c49R5XfZttbGK\n1r4ibe+fxh+3txaDPp9oxhvLi1HO0j8c51WyIjhEjevnrV1Lb4gGQnb98kSSrobf\nIyk6BqJSs/v091vtlUO1Tn5MNyfPFdG/MsMqjawj7+Jj8PL8xReW7KvegQIlvw8E\n6xXq2E2t+nTOu4tporcCET2oExqwqYILkwPMaGnC3ubkum2UL93DjDI8xb1eBfjB\nufCzdB9sx/Th0+KvVNovrx/HL1CnhR2LomuSRfvuOQKCAQBUcRSIqmvWDSJWyW1B\nhkBnWld/D+YBg8jBPQ3TRxe/xjly/jiBeuP9t/G1x0t5SVvQ/BbtmNjt2l3NNCY5\npUed8WPE1f7s+8JD61/Ae8aEd0I+HI9+70bCUZIe1z838kQgbtKHL8Cg01OclcDq\n/jbWjth/J7opvfFz0U8djUvfHj5XDTC3fTNyTc3ubY41zv40KrHFMhiRwYDjKhwZ\nfC60qj29WlotlYtUimZRg5UqhjZu3rDKM9+1eUZApUGofkw0zjcqvoYbUTfsHtN1\nVnuyniZW9kvY6gcNM1TKLMqmcefJHlD32jJDsPNK08GO/qr6laBPz4Q1HjMD2chB\ne13RAoIBAAK/ISIKDgrcpUFtRz2fJFH+lw1QlrY/0oYyF8gB7VKhhcdwfPFg7OKj\nvKmVlpwS5EV6WH3aVYO2kbOVFjR+0diUh9SMDnm/N/+Hij3lKbVAT5WcZDby6wt9\nJz1JNTWYqqcSfzLqP+ORztz7zirogck07PnUl3P5vwIiEcJooV0y5R+9ii+84cPD\n02UiKc9ZOK2RmYZxovsFUBbkHuoFAakfKNg7W3FieofTFf6JtUgqeogkDHbEd+0M\nd+gRsazIEml+V1BtW1Wu/E/Fk0qUTUuQl7PMWjNB0AQ0N1bIo5r1XAnfd4pwPVw5\nqHeFb2FhF4hXn5PxrzJSjIHmTbk6h9kCggEACSJrxT/waXUufurDuW7VPdQS79/6\nwVkd2JoL7i3+a68G/zYzKJOfY4UatoAFnp7yTaITsVB1r1glhD7lC5NrXkp3qg4J\nMupptzj95XfVL07rK6zITPNtclkuZavpvpAD8KwAHE3TCWy4ste9kwhp7UZdIKdq\n9GaVN6szg9XOxPYTNriZDRdCbEK9txwOhk7aWwAXEp6u4f0K4HMBiZLUAoG4qKwm\nv1/2zLLtxjgp7LLLIX42472Pgg8dmqPD0jeiZZs0FoyXlLCEq6ILpqGNF5twI4d5\nSXShEWmyBxbNXnAMKAXuPskmf2hqdkJ4U3E6ngBzPKFkHJWUbPYGgC767w==\n-----END RSA PRIVATE KEY-----\n",
            "private_key_pem_pkcs8": "-----BEGIN PRIVATE KEY-----\nMIIJQQIBADANBgkqhkiG9w0BAQEFAASCCSswggknAgEAAoICAQDI0wV/xZQvhmOo\nvnLWSoO34VASroBfaHDoW8mKESKM43XW4D4o9qlu8RJUcRD53KlFUfBjD4NH8kka\nQoJmkhnDxcCPpSbPLfVqBmP+LKDT7puftu/wVykByZJiKRIyPzC3rR7v3OnlU/N/\nIoA69cAmhWfQnllvkXOcmj5sx9VTsHqziPMS8nhJ4w2zqCbJzxTJTS2oeKSYhs4b\nd4PDrV5gKXj10BWOo3srp+YYHw4srzfOFUJwv0Sxcgk/pq2JwxsACJJ9HoBUbgYu\nATSB0ALL0VuNir2+gH5GSR/7JwL1U20LTSPZx7tC7upCqQjkWDDqmyf9P31PnM/a\nLXErVg/PyyEm3WWN+scKuCkMipTf15AXnPEmCqv6bvKpturMSQ8bpdsgy9p9gR32\nlE4fF3xWH9+4lvWs4HwQnfSfeZo27eNcMhueYv7Khc3TIiTMV6KkVgp77M1toERr\nF00VR8Zv1XDhAobWx5a0EWRJmIfcveR3B7vFwy0YsyIn1inxRSSnnNPAkg0AxF+/\nSW5RZKaWdTICTzwnthW1bF+rkmP1sfBU78+riiBp/7w6MbV8SPbu8fXncTw6rXmD\ndDM3XJnNyluyAIzwd8cH5sWvgHw4y7V6RdGMCN+zchZGmrvthLiGCF8vWLkVOEsH\nddKnbKazXq6sJXfj+OjhJJQOrgJmCQIDAQABAoICAAKwOyqdYoEgXhqBh4KxjKyG\n1PjrDRzkhl5rRs9qW063h3mmQYQa3o8gUGErrPvV+w4f2AVQzS5xYo56GsofZT48\nWiTneRWHmqQeDHNNSvngqoSrgPAeupXONP92EqBJkvANM+oncu92/ZN+IBP/UOCI\neKik9gg1p5k5F2ItaqsBec2yz6OOoL2cedp7LcnAfplonGvc8ZcjzC6MnbRI5d0z\nsO2EKPBij+DjES7Re5xthrm43yLTQgAoyVGTfE8+ertit1NQIoz+zBEMQxUEdoUe\npbMctbLkgCGWE6+GXivFP3h0l+jvxjn8fiEA/PV8Q2tgmFseNnc9CitJixz2vKTC\nvikTqWuTD1NdW1eavqDtnSF7WCWspGts0iShx/Csoxot0UQVSqA5QnTHZYHDqaEP\nNc9UDQnZhXRX7EcRqcJMIWDexbPtkglSJbaSC8Wv/yCm2fv+tAGcLhgTVMqLqWIr\nJcVX5BGQNood1hjKC10BklPT49SCk79pjhvWLWjZHAevYTfLROojSb558IkgQB3u\ns9iAvRPwGn+vS9fY/lkQMNfTwNBoIbS1BypCn70Dv9SCVfbkKdwqSd6SmehBasCQ\n8REdvYg7dxWPii7IkN0mgqnWPb3lrqTobi51pGwTpz5j7iEPPEXjW8OIhYWHwvsD\nmZj73ffnELqu44Gx+iQBAoIBAQDoM5G52O2a5AtXknsmVK87KTPSJi+6gDZczcCb\nlqNHWtpty44YSmOqU2lhiDQqoX+JU/Fz6HtiIv3mm1YMFuoMBQudJ6/brg50WNly\nktMHP4AFJJz9suqWiJ0sNzCjoQv2c0mA6SEqOVejYXkTDoKEM61xCMS2Y+huR4w9\nBAAXI2MaePeeRhZFuaVz0bCdOWQ4FG3yqGE6ydwGASF0g90T+nu3FpsKcsrieA4i\ngBZ+YHJX2vXAZYFfji5b63G3c7mG12htc55x34gC6IEHDnVUWcP3q+dJSYvKiItw\njgKiWgP2vfO2sRAJJKvGM3SbJr51aPxERULDwXyGk7INbDZRAoIBAQDdaDA68Tnp\ni4e8yHnUCW2fTXnUbtjnSt7xZRH63rn07i5GnjEUbQhdZr88OL10COzok/xIruA2\nL62MXwccWOeQpmM2cGugzxzj1Hld9m21sYrWviJt75/GH7e3FoM+n2jGG8uLUc7S\nPxznVbIiOESN6+etXUtviAZCdv3yRJKuht8jKToGolKz+/T3W+2VQ7VOfkw3J88V\n0b8ywyqNrCPv4mPw8vzFF5bsq96BAiW/DwTrFerYTa36dM67i2mitwIRPagTGrCp\ngguTA8xoacLe5uS6bZQv3cOMMjzFvV4F+MG58LN0H2zH9OHT4q9U2i+vH8cvUKeF\nHYuia5JF++45AoIBAFRxFIiqa9YNIlbJbUGGQGdaV38P5gGDyME9DdNHF7/GOXL+\nOIF64/238bXHS3lJW9D8Fu2Y2O3aXc00JjmlR53xY8TV/uz7wkPrX8B7xoR3Qj4c\nj37vRsJRkh7XPzfyRCBu0ocvwKDTU5yVwOr+NtaO2H8nuim98XPRTx2NS98ePlcN\nMLd9M3JNze5tjjXO/jQqscUyGJHBgOMqHBl8LrSqPb1aWi2Vi1SKZlGDlSqGNm7e\nsMoz37V5RkClQah+TDTONyq+hhtRN+we03VWe7KeJlb2S9jqBw0zVMosyqZx58ke\nUPfaMkOw80rTwY7+qvqVoE/PhDUeMwPZyEF7XdECggEAAr8hIgoOCtylQW1HPZ8k\nUf6XDVCWtj/ShjIXyAHtUqGFx3B88WDs4qO8qZWWnBLkRXpYfdpVg7aRs5UWNH7R\n2JSH1IwOeb83/4eKPeUptUBPlZxkNvLrC30nPUk1NZiqpxJ/Muo/45HO3PvOKuiB\nyTTs+dSXc/m/AiIRwmihXTLlH72KL7zhw8PTZSIpz1k4rZGZhnGi+wVQFuQe6gUB\nqR8o2DtbcWJ6h9MV/om1SCp6iCQMdsR37Qx36BGxrMgSaX5XUG1bVa78T8WTSpRN\nS5CXs8xaM0HQBDQ3VsijmvVcCd93inA9XDmod4VvYWEXiFefk/GvMlKMgeZNuTqH\n2QKCAQAJImvFP/BpdS5+6sO5btU91BLv3/rBWR3YmgvuLf5rrwb/NjMok59jhRq2\ngAWenvJNohOxUHWvWCWEPuULk2teSneqDgky6mm3OP3ld9UvTusrrMhM821yWS5l\nq+m+kAPwrAAcTdMJbLiy172TCGntRl0gp2r0ZpU3qzOD1c7E9hM2uJkNF0JsQr23\nHA6GTtpbABcSnq7h/QrgcwGJktQCgbiorCa/X/bMsu3GOCnsssshfjbjvY+CDx2a\no8PSN6JlmzQWjJeUsISrogumoY0Xm3Ajh3lJdKERabIHFs1ecAwoBe4+ySZ/aGp2\nQnhTcTqeAHM8oWQclZRs9gaALvrv\n-----END PRIVATE KEY-----\n",
            "public_key_fingerprint_md5": "45:1f:c0:69:fe:c7:d4:f3:57:20:36:35:62:6d:a7:bf",
            "public_key_fingerprint_sha256": "SHA256:YynIiprAL5cwRj/287MsFXUoejzcuNYnitoA67hqyUI",
            "public_key_openssh": "ssh-rsa AAAAB3NzaC1yc2EAAAADAQABAAACAQDI0wV/xZQvhmOovnLWSoO34VASroBfaHDoW8mKESKM43XW4D4o9qlu8RJUcRD53KlFUfBjD4NH8kkaQoJmkhnDxcCPpSbPLfVqBmP+LKDT7puftu/wVykByZJiKRIyPzC3rR7v3OnlU/N/IoA69cAmhWfQnllvkXOcmj5sx9VTsHqziPMS8nhJ4w2zqCbJzxTJTS2oeKSYhs4bd4PDrV5gKXj10BWOo3srp+YYHw4srzfOFUJwv0Sxcgk/pq2JwxsACJJ9HoBUbgYuATSB0ALL0VuNir2+gH5GSR/7JwL1U20LTSPZx7tC7upCqQjkWDDqmyf9P31PnM/aLXErVg/PyyEm3WWN+scKuCkMipTf15AXnPEmCqv6bvKpturMSQ8bpdsgy9p9gR32lE4fF3xWH9+4lvWs4HwQnfSfeZo27eNcMhueYv7Khc3TIiTMV6KkVgp77M1toERrF00VR8Zv1XDhAobWx5a0EWRJmIfcveR3B7vFwy0YsyIn1inxRSSnnNPAkg0AxF+/SW5RZKaWdTICTzwnthW1bF+rkmP1sfBU78+riiBp/7w6MbV8SPbu8fXncTw6rXmDdDM3XJnNyluyAIzwd8cH5sWvgHw4y7V6RdGMCN+zchZGmrvthLiGCF8vWLkVOEsHddKnbKazXq6sJXfj+OjhJJQOrgJmCQ==\n",
            "public_key_pem": "-----BEGIN PUBLIC KEY-----\nMIICIjANBgkqhkiG9w0BAQEFAAOCAg8AMIICCgKCAgEAyNMFf8WUL4ZjqL5y1kqD\nt+FQEq6AX2hw6FvJihEijON11uA+KPapbvESVHEQ+dypRVHwYw+DR/JJGkKCZpIZ\nw8XAj6Umzy31agZj/iyg0+6bn7bv8FcpAcmSYikSMj8wt60e79zp5VPzfyKAOvXA\nJoVn0J5Zb5FznJo+bMfVU7B6s4jzEvJ4SeMNs6gmyc8UyU0tqHikmIbOG3eDw61e\nYCl49dAVjqN7K6fmGB8OLK83zhVCcL9EsXIJP6aticMbAAiSfR6AVG4GLgE0gdAC\ny9FbjYq9voB+Rkkf+ycC9VNtC00j2ce7Qu7qQqkI5Fgw6psn/T99T5zP2i1xK1YP\nz8shJt1ljfrHCrgpDIqU39eQF5zxJgqr+m7yqbbqzEkPG6XbIMvafYEd9pROHxd8\nVh/fuJb1rOB8EJ30n3maNu3jXDIbnmL+yoXN0yIkzFeipFYKe+zNbaBEaxdNFUfG\nb9Vw4QKG1seWtBFkSZiH3L3kdwe7xcMtGLMiJ9Yp8UUkp5zTwJINAMRfv0luUWSm\nlnUyAk88J7YVtWxfq5Jj9bHwVO/Pq4ogaf+8OjG1fEj27vH153E8Oq15g3QzN1yZ\nzcpbsgCM8HfHB+bFr4B8OMu1ekXRjAjfs3IWRpq77YS4hghfL1i5FThLB3XSp2ym\ns16urCV34/jo4SSUDq4CZgkCAwEAAQ==\n-----END PUBLIC KEY-----\n",
            "rsa_bits": 4096
          },
          "sensitive_attributes": [
            [
              {
                "type": "get_attr",
                "value": "private_key_openssh"
              }
            ],
            [
              {
                "type": "get_attr",
                "value": "private_key_pem"
              }
            ],
            [
              {
                "type": "get_attr",
                "value": "private_key_pem_pkcs8"
              }
            ]
          ]
        }
      ]
    }
  ],
  "check_results": null
}
