{
  "version": 4,
  "terraform_version": "1.11.3",
  "serial": 1276,
  "lineage": "907a8323-7aaf-70a1-f9dc-b3ded2e6ff5a",
  "outputs": {
    "alb_dns_name": {
      "value": "autocap-lb-67938074.eu-west-3.elb.amazonaws.com",
      "type": "string"
    },
    "pre_scan_status": {
      "value": "Pre-scan completed. Check Slack and checkov_output.JSON file for details.",
      "type": "string"
    },
    "wordpress_instance_public_ip": {
      "value": "15.237.252.163",
      "type": "string"
    }
  },
  "resources": [
    {
      "mode": "data",
      "type": "aws_cloudfront_distribution",
      "name": "cloudfront",
      "provider": "provider[\"registry.terraform.io/hashicorp/aws\"]",
      "instances": [
        {
          "schema_version": 0,
          "attributes": {
            "aliases": [],
            "anycast_ip_list_id": "",
            "arn": "arn:aws:cloudfront::015937138823:distribution/EDXCHWYQXXTK7",
            "domain_name": "d4rja5jbwziy6.cloudfront.net",
            "enabled": true,
            "etag": "EO43Z4UW76MZO",
            "hosted_zone_id": "Z2FDTNDATAQYW2",
            "id": "EDXCHWYQXXTK7",
            "in_progress_validation_batches": 0,
            "last_modified_time": "2025-12-13 21:12:13.829 +0000 UTC",
            "status": "Deployed",
            "tags": {
              "Name": "autocap-cloudfront"
            },
            "web_acl_id": ""
          },
          "sensitive_attributes": []
        }
      ]
    },
    {
      "mode": "data",
      "type": "aws_iam_policy_document",
      "name": "autocap_media_policy",
      "provider": "provider[\"registry.terraform.io/hashicorp/aws\"]",
      "instances": [
        {
          "schema_version": 0,
          "attributes": {
            "id": "3089675213",
            "json": "{\n  \"Version\": \"2012-10-17\",\n  \"Statement\": [\n    {\n      \"Effect\": \"Allow\",\n      \"Action\": [\n        \"s3:ListBucket\",\n        \"s3:GetObjectVersion\",\n        \"s3:GetObject\"\n      ],\n      \"Resource\": [\n        \"arn:aws:s3:::autocap-media/*\",\n        \"arn:aws:s3:::autocap-media\"\n      ],\n      \"Principal\": {\n        \"AWS\": \"*\"\n      }\n    }\n  ]\n}",
            "minified_json": "{\"Version\":\"2012-10-17\",\"Statement\":[{\"Effect\":\"Allow\",\"Action\":[\"s3:ListBucket\",\"s3:GetObjectVersion\",\"s3:GetObject\"],\"Resource\":[\"arn:aws:s3:::autocap-media/*\",\"arn:aws:s3:::autocap-media\"],\"Principal\":{\"AWS\":\"*\"}}]}",
            "override_json": null,
            "override_policy_documents": null,
            "policy_id": null,
            "source_json": null,
            "source_policy_documents": null,
            "statement": [
              {
                "actions": [
                  "s3:GetObject",
                  "s3:GetObjectVersion",
                  "s3:ListBucket"
                ],
                "condition": [],
                "effect": "Allow",
                "not_actions": [],
                "not_principals": [],
                "not_resources": [],
                "principals": [
                  {
                    "identifiers": [
                      "*"
                    ],
                    "type": "AWS"
                  }
                ],
                "resources": [
                  "arn:aws:s3:::autocap-media",
                  "arn:aws:s3:::autocap-media/*"
                ],
                "sid": ""
              }
            ],
            "version": "2012-10-17"
          },
          "sensitive_attributes": []
        }
      ]
    },
    {
      "mode": "data",
      "type": "aws_iam_policy_document",
      "name": "log_bucket_access_policy",
      "provider": "provider[\"registry.terraform.io/hashicorp/aws\"]",
      "instances": [
        {
          "schema_version": 0,
          "attributes": {
            "id": "392116535",
            "json": "{\n  \"Version\": \"2012-10-17\",\n  \"Statement\": [\n    {\n      \"Sid\": \"AllowELBLogging\",\n      \"Effect\": \"Allow\",\n      \"Action\": [\n        \"s3:PutObjectAcl\",\n        \"s3:PutObject\"\n      ],\n      \"Resource\": \"arn:aws:s3:::autocap-log-bucket/*\",\n      \"Principal\": {\n        \"Service\": \"elasticloadbalancing.amazonaws.com\"\n      }\n    }\n  ]\n}",
            "minified_json": "{\"Version\":\"2012-10-17\",\"Statement\":[{\"Sid\":\"AllowELBLogging\",\"Effect\":\"Allow\",\"Action\":[\"s3:PutObjectAcl\",\"s3:PutObject\"],\"Resource\":\"arn:aws:s3:::autocap-log-bucket/*\",\"Principal\":{\"Service\":\"elasticloadbalancing.amazonaws.com\"}}]}",
            "override_json": null,
            "override_policy_documents": null,
            "policy_id": null,
            "source_json": null,
            "source_policy_documents": null,
            "statement": [
              {
                "actions": [
                  "s3:PutObject",
                  "s3:PutObjectAcl"
                ],
                "condition": [],
                "effect": "Allow",
                "not_actions": [],
                "not_principals": [],
                "not_resources": [],
                "principals": [
                  {
                    "identifiers": [
                      "elasticloadbalancing.amazonaws.com"
                    ],
                    "type": "Service"
                  }
                ],
                "resources": [
                  "arn:aws:s3:::autocap-log-bucket/*"
                ],
                "sid": "AllowELBLogging"
              }
            ],
            "version": "2012-10-17"
          },
          "sensitive_attributes": []
        }
      ]
    },
    {
      "mode": "data",
      "type": "aws_route53_zone",
      "name": "autocap-zone",
      "provider": "provider[\"registry.terraform.io/hashicorp/aws\"]",
      "instances": [
        {
          "schema_version": 0,
          "attributes": {
            "arn": "arn:aws:route53:::hostedzone/Z09756952XK8JN9KS9B9O",
            "caller_reference": "a7a22b44-7b4d-4a70-ac3c-618287d78508",
            "comment": "",
            "enable_accelerated_recovery": false,
            "id": "Z09756952XK8JN9KS9B9O",
            "linked_service_description": null,
            "linked_service_principal": null,
            "name": "odochidevops.space",
            "name_servers": [
              "ns-1599.awsdns-07.co.uk",
              "ns-902.awsdns-48.net",
              "ns-111.awsdns-13.com",
              "ns-1141.awsdns-14.org"
            ],
            "primary_name_server": "ns-1599.awsdns-07.co.uk",
            "private_zone": false,
            "resource_record_set_count": 2,
            "tags": {},
            "vpc_id": null,
            "zone_id": "Z09756952XK8JN9KS9B9O"
          },
          "sensitive_attributes": []
        }
      ]
    },
    {
      "mode": "managed",
      "type": "aws_acm_certificate",
      "name": "acm-cert",
      "provider": "provider[\"registry.terraform.io/hashicorp/aws\"]",
      "instances": [
        {
          "schema_version": 0,
          "attributes": {
            "arn": "arn:aws:acm:eu-west-3:015937138823:certificate/0dcd2710-c64f-4a99-87c4-4ee52a14db38",
            "certificate_authority_arn": "",
            "certificate_body": null,
            "certificate_chain": null,
            "domain_name": "greatminds.sbs",
            "domain_validation_options": [
              {
                "domain_name": "greatminds.sbs",
                "resource_record_name": "_146d73ca998cedc0a2de77befce90d4d.greatminds.sbs.",
                "resource_record_type": "CNAME",
                "resource_record_value": "_78a3a0d50667e1418f7f2bf3cf7b25af.jkddzztszm.acm-validations.aws."
              }
            ],
            "early_renewal_duration": "",
            "id": "arn:aws:acm:eu-west-3:015937138823:certificate/0dcd2710-c64f-4a99-87c4-4ee52a14db38",
            "key_algorithm": "RSA_2048",
            "not_after": "",
            "not_before": "",
            "options": [
              {
                "certificate_transparency_logging_preference": "ENABLED",
                "export": "DISABLED"
              }
            ],
            "pending_renewal": false,
            "private_key": null,
            "region": "eu-west-3",
            "renewal_eligibility": "INELIGIBLE",
            "renewal_summary": [],
            "status": "PENDING_VALIDATION",
            "subject_alternative_names": [
              "greatminds.sbs"
            ],
            "tags": {
              "Name": "autocap-acm-cert"
            },
            "tags_all": {
              "Name": "autocap-acm-cert"
            },
            "type": "AMAZON_ISSUED",
            "validation_emails": [],
            "validation_method": "DNS",
            "validation_option": []
          },
          "sensitive_attributes": [
            [
              {
                "type": "get_attr",
                "value": "private_key"
              }
            ]
          ],
          "private": "bnVsbA=="
        }
      ]
    },
    {
      "mode": "managed",
      "type": "aws_ami_from_instance",
      "name": "asg_ami",
      "provider": "provider[\"registry.terraform.io/hashicorp/aws\"]",
      "instances": [
        {
          "schema_version": 0,
          "attributes": {
            "architecture": "x86_64",
            "arn": "arn:aws:ec2:eu-west-3::image/ami-083dfc15f06df9b9a",
            "boot_mode": "uefi-preferred",
            "deprecation_time": "",
            "description": "",
            "ebs_block_device": [
              {
                "delete_on_termination": true,
                "device_name": "/dev/sda1",
                "encrypted": false,
                "iops": 3000,
                "outpost_arn": "",
                "snapshot_id": "snap-02a75d38849d18def",
                "throughput": 125,
                "volume_size": 10,
                "volume_type": "gp3"
              }
            ],
            "ena_support": true,
            "ephemeral_block_device": [],
            "hypervisor": "xen",
            "id": "ami-083dfc15f06df9b9a",
            "image_location": "015937138823/asg-ami",
            "image_owner_alias": "",
            "image_type": "machine",
            "imds_support": "",
            "kernel_id": "",
            "last_launched_time": "",
            "manage_ebs_snapshots": true,
            "name": "asg-ami",
            "owner_id": "015937138823",
            "platform": "",
            "platform_details": "Red Hat Enterprise Linux",
            "public": false,
            "ramdisk_id": "",
            "region": "eu-west-3",
            "root_device_name": "/dev/sda1",
            "root_snapshot_id": "snap-02a75d38849d18def",
            "snapshot_without_reboot": true,
            "source_instance_id": "i-0bd61a9e827565d19",
            "sriov_net_support": "simple",
            "tags": {},
            "tags_all": {},
            "timeouts": null,
            "tpm_support": "",
            "uefi_data": null,
            "usage_operation": "RunInstances:0010",
            "virtualization_type": "hvm"
          },
          "sensitive_attributes": [],
          "private": "eyJlMmJmYjczMC1lY2FhLTExZTYtOGY4OC0zNDM2M2JjN2M0YzAiOnsiY3JlYXRlIjoyNDAwMDAwMDAwMDAwLCJkZWxldGUiOjU0MDAwMDAwMDAwMDAsInVwZGF0ZSI6MjQwMDAwMDAwMDAwMH19",
          "dependencies": [
            "aws_cloudfront_distribution.s3_distribution",
            "aws_db_instance.wordpress_db",
            "aws_db_subnet_group.database",
            "aws_iam_instance_profile.iam-instance-profile",
            "aws_iam_role.iam_role",
            "aws_instance.wordpress_server",
            "aws_key_pair.key",
            "aws_s3_bucket.autocap_media",
            "aws_security_group.autocap_sg",
            "aws_security_group.rds_sg",
            "aws_subnet.prv_sn1",
            "aws_subnet.prv_sn2",
            "aws_subnet.pub_sn1",
            "aws_vpc.vpc",
            "data.aws_cloudfront_distribution.cloudfront",
            "null_resource.pre_scan",
            "time_sleep.ami-sleep",
            "tls_private_key.key"
          ]
        }
      ]
    },
    {
      "mode": "managed",
      "type": "aws_autoscaling_group",
      "name": "asg",
      "provider": "provider[\"registry.terraform.io/hashicorp/aws\"]",
      "instances": [
        {
          "schema_version": 1,
          "attributes": {
            "arn": "arn:aws:autoscaling:eu-west-3:015937138823:autoScalingGroup:13bd73bc-b3ca-4c0c-9c3f-08cffa2d9b23:autoScalingGroupName/autocap-asg",
            "availability_zone_distribution": [
              {
                "capacity_distribution_strategy": "balanced-best-effort"
              }
            ],
            "availability_zones": [
              "eu-west-3a",
              "eu-west-3b"
            ],
            "capacity_rebalance": false,
            "capacity_reservation_specification": [
              {
                "capacity_reservation_preference": "default",
                "capacity_reservation_target": []
              }
            ],
            "context": "",
            "default_cooldown": 300,
            "default_instance_warmup": 0,
            "desired_capacity": 2,
            "desired_capacity_type": "",
            "enabled_metrics": [],
            "force_delete": true,
            "force_delete_warm_pool": false,
            "health_check_grace_period": 300,
            "health_check_type": "EC2",
            "id": "autocap-asg",
            "ignore_failed_scaling_activities": false,
            "initial_lifecycle_hook": [],
            "instance_maintenance_policy": [],
            "instance_refresh": [],
            "launch_configuration": "",
            "launch_template": [
              {
                "id": "lt-026ad07d594a52f2b",
                "name": "autocap-web_lt20251213212737366200000004",
                "version": "$Latest"
              }
            ],
            "load_balancers": [],
            "max_instance_lifetime": 0,
            "max_size": 5,
            "metrics_granularity": "1Minute",
            "min_elb_capacity": null,
            "min_size": 1,
            "mixed_instances_policy": [],
            "name": "autocap-asg",
            "name_prefix": "",
            "placement_group": "",
            "predicted_capacity": 0,
            "protect_from_scale_in": false,
            "region": "eu-west-3",
            "service_linked_role_arn": "arn:aws:iam::015937138823:role/aws-service-role/autoscaling.amazonaws.com/AWSServiceRoleForAutoScaling",
            "suspended_processes": [],
            "tag": [
              {
                "key": "Name",
                "propagate_at_launch": true,
                "value": "ASG"
              }
            ],
            "target_group_arns": [
              "arn:aws:elasticloadbalancing:eu-west-3:015937138823:targetgroup/autocap-tg/db7b6c93c6fa5522"
            ],
            "termination_policies": [],
            "timeouts": null,
            "traffic_source": [
              {
                "identifier": "arn:aws:elasticloadbalancing:eu-west-3:015937138823:targetgroup/autocap-tg/db7b6c93c6fa5522",
                "type": "elbv2"
              }
            ],
            "vpc_zone_identifier": [
              "subnet-04a02378ea24c82a0",
              "subnet-09f0947fa4494f8c5"
            ],
            "wait_for_capacity_timeout": "10m",
            "wait_for_elb_capacity": null,
            "warm_pool": [],
            "warm_pool_size": 0
          },
          "sensitive_attributes": [],
          "private": "eyJlMmJmYjczMC1lY2FhLTExZTYtOGY4OC0zNDM2M2JjN2M0YzAiOnsiZGVsZXRlIjo2MDAwMDAwMDAwMDAsInVwZGF0ZSI6NjAwMDAwMDAwMDAwfSwic2NoZW1hX3ZlcnNpb24iOiIxIn0=",
          "dependencies": [
            "aws_ami_from_instance.asg_ami",
            "aws_cloudfront_distribution.s3_distribution",
            "aws_db_instance.wordpress_db",
            "aws_db_subnet_group.database",
            "aws_iam_instance_profile.iam-instance-profile",
            "aws_iam_role.iam_role",
            "aws_instance.wordpress_server",
            "aws_key_pair.key",
            "aws_launch_template.lnch_lt",
            "aws_lb_target_group.tg",
            "aws_s3_bucket.autocap_media",
            "aws_security_group.autocap_sg",
            "aws_security_group.rds_sg",
            "aws_subnet.prv_sn1",
            "aws_subnet.prv_sn2",
            "aws_subnet.pub_sn1",
            "aws_subnet.pub_sn2",
            "aws_vpc.vpc",
            "data.aws_cloudfront_distribution.cloudfront",
            "null_resource.pre_scan",
            "time_sleep.ami-sleep",
            "tls_private_key.key"
          ]
        }
      ]
    },
    {
      "mode": "managed",
      "type": "aws_autoscaling_policy",
      "name": "asg-policy",
      "provider": "provider[\"registry.terraform.io/hashicorp/aws\"]",
      "instances": [
        {
          "schema_version": 0,
          "attributes": {
            "adjustment_type": "",
            "arn": "arn:aws:autoscaling:eu-west-3:015937138823:scalingPolicy:db3c4a1a-22df-479e-9d39-daf7f6076c7d:autoScalingGroupName/autocap-asg:policyName/$(local.name)-asg-policy",
            "autoscaling_group_name": "autocap-asg",
            "cooldown": 0,
            "enabled": true,
            "estimated_instance_warmup": 0,
            "id": "$(local.name)-asg-policy",
            "metric_aggregation_type": "",
            "min_adjustment_magnitude": 0,
            "name": "$(local.name)-asg-policy",
            "policy_type": "TargetTrackingScaling",
            "predictive_scaling_configuration": [],
            "region": "eu-west-3",
            "scaling_adjustment": 0,
            "step_adjustment": [],
            "target_tracking_configuration": [
              {
                "customized_metric_specification": [],
                "disable_scale_in": false,
                "predefined_metric_specification": [
                  {
                    "predefined_metric_type": "ASGAverageCPUUtilization",
                    "resource_label": ""
                  }
                ],
                "target_value": 50
              }
            ]
          },
          "sensitive_attributes": [],
          "private": "bnVsbA==",
          "dependencies": [
            "aws_ami_from_instance.asg_ami",
            "aws_autoscaling_group.asg",
            "aws_cloudfront_distribution.s3_distribution",
            "aws_db_instance.wordpress_db",
            "aws_db_subnet_group.database",
            "aws_iam_instance_profile.iam-instance-profile",
            "aws_iam_role.iam_role",
            "aws_instance.wordpress_server",
            "aws_key_pair.key",
            "aws_launch_template.lnch_lt",
            "aws_lb_target_group.tg",
            "aws_s3_bucket.autocap_media",
            "aws_security_group.autocap_sg",
            "aws_security_group.rds_sg",
            "aws_subnet.prv_sn1",
            "aws_subnet.prv_sn2",
            "aws_subnet.pub_sn1",
            "aws_subnet.pub_sn2",
            "aws_vpc.vpc",
            "data.aws_cloudfront_distribution.cloudfront",
            "null_resource.pre_scan",
            "time_sleep.ami-sleep",
            "tls_private_key.key"
          ]
        }
      ]
    },
    {
      "mode": "managed",
      "type": "aws_cloudfront_distribution",
      "name": "s3_distribution",
      "provider": "provider[\"registry.terraform.io/hashicorp/aws\"]",
      "instances": [
        {
          "schema_version": 1,
          "attributes": {
            "aliases": [],
            "anycast_ip_list_id": "",
            "arn": "arn:aws:cloudfront::015937138823:distribution/EDXCHWYQXXTK7",
            "caller_reference": "terraform-20251213211211184300000001",
            "comment": null,
            "continuous_deployment_policy_id": "",
            "custom_error_response": [],
            "default_cache_behavior": [
              {
                "allowed_methods": [
                  "DELETE",
                  "GET",
                  "HEAD",
                  "OPTIONS",
                  "PATCH",
                  "POST",
                  "PUT"
                ],
                "cache_policy_id": "",
                "cached_methods": [
                  "GET",
                  "HEAD"
                ],
                "compress": false,
                "default_ttl": 3600,
                "field_level_encryption_id": "",
                "forwarded_values": [
                  {
                    "cookies": [
                      {
                        "forward": "none",
                        "whitelisted_names": []
                      }
                    ],
                    "headers": [],
                    "query_string": false,
                    "query_string_cache_keys": []
                  }
                ],
                "function_association": [],
                "grpc_config": [
                  {
                    "enabled": false
                  }
                ],
                "lambda_function_association": [],
                "max_ttl": 86400,
                "min_ttl": 0,
                "origin_request_policy_id": "",
                "realtime_log_config_arn": "",
                "response_headers_policy_id": "",
                "smooth_streaming": false,
                "target_origin_id": "autocap-media",
                "trusted_key_groups": [],
                "trusted_signers": [],
                "viewer_protocol_policy": "allow-all"
              }
            ],
            "default_root_object": "",
            "domain_name": "d4rja5jbwziy6.cloudfront.net",
            "enabled": true,
            "etag": "EO43Z4UW76MZO",
            "hosted_zone_id": "Z2FDTNDATAQYW2",
            "http_version": "http2",
            "id": "EDXCHWYQXXTK7",
            "in_progress_validation_batches": 0,
            "is_ipv6_enabled": false,
            "last_modified_time": "2025-12-13 21:12:13.829 +0000 UTC",
            "logging_config": [
              {
                "bucket": "autocap-log-bucket.s3.amazonaws.com",
                "include_cookies": false,
                "prefix": "cloudfront-log"
              }
            ],
            "logging_v1_enabled": true,
            "ordered_cache_behavior": [],
            "origin": [
              {
                "connection_attempts": 3,
                "connection_timeout": 10,
                "custom_header": [],
                "custom_origin_config": [],
                "domain_name": "autocap-media.s3.amazonaws.com",
                "origin_access_control_id": "",
                "origin_id": "autocap-media",
                "origin_path": "",
                "origin_shield": [],
                "response_completion_timeout": 0,
                "s3_origin_config": [],
                "vpc_origin_config": []
              }
            ],
            "origin_group": [],
            "price_class": "PriceClass_All",
            "restrictions": [
              {
                "geo_restriction": [
                  {
                    "locations": [],
                    "restriction_type": "none"
                  }
                ]
              }
            ],
            "retain_on_delete": false,
            "staging": false,
            "status": "Deployed",
            "tags": {
              "Name": "autocap-cloudfront"
            },
            "tags_all": {
              "Name": "autocap-cloudfront"
            },
            "trusted_key_groups": [
              {
                "enabled": false,
                "items": []
              }
            ],
            "trusted_signers": [
              {
                "enabled": false,
                "items": []
              }
            ],
            "viewer_certificate": [
              {
                "acm_certificate_arn": "",
                "cloudfront_default_certificate": true,
                "iam_certificate_id": "",
                "minimum_protocol_version": "TLSv1",
                "ssl_support_method": ""
              }
            ],
            "wait_for_deployment": true,
            "web_acl_id": ""
          },
          "sensitive_attributes": [],
          "private": "eyJzY2hlbWFfdmVyc2lvbiI6IjEifQ==",
          "dependencies": [
            "aws_s3_bucket.autocap_media",
            "null_resource.pre_scan"
          ]
        }
      ]
    },
    {
      "mode": "managed",
      "type": "aws_cloudwatch_dashboard",
      "name": "EC2_cloudwatch_dashboard",
      "provider": "provider[\"registry.terraform.io/hashicorp/aws\"]",
      "instances": [
        {
          "schema_version": 0,
          "attributes": {
            "dashboard_arn": "arn:aws:cloudwatch::015937138823:dashboard/EC2dashboard",
            "dashboard_body": "{\"widgets\":[{\"properties\":{\"metrics\":[[\"AWS/EC2\",\"CPUUtilization\",\"InstanceId\",\"i-0bd61a9e827565d19\",{\"label\":\"Average CPU Utilization\"}]],\"period\":300,\"region\":\"eu-west-3\",\"stacked\":false,\"stat\":\"Average\",\"title\":\"EC2 Average CPUUtilization\",\"view\":\"timeSeries\",\"yAxis\":{\"left\":{\"label\":\"Percentage\",\"showUnits\":true}}},\"type\":\"metric\"}]}",
            "dashboard_name": "EC2dashboard",
            "id": "EC2dashboard",
            "region": "eu-west-3"
          },
          "sensitive_attributes": [],
          "private": "bnVsbA==",
          "dependencies": [
            "aws_cloudfront_distribution.s3_distribution",
            "aws_db_instance.wordpress_db",
            "aws_db_subnet_group.database",
            "aws_iam_instance_profile.iam-instance-profile",
            "aws_iam_role.iam_role",
            "aws_instance.wordpress_server",
            "aws_key_pair.key",
            "aws_s3_bucket.autocap_media",
            "aws_security_group.autocap_sg",
            "aws_security_group.rds_sg",
            "aws_subnet.prv_sn1",
            "aws_subnet.prv_sn2",
            "aws_subnet.pub_sn1",
            "aws_vpc.vpc",
            "data.aws_cloudfront_distribution.cloudfront",
            "null_resource.pre_scan",
            "tls_private_key.key"
          ]
        }
      ]
    },
    {
      "mode": "managed",
      "type": "aws_cloudwatch_dashboard",
      "name": "asg_cpu_utilization_dashboard",
      "provider": "provider[\"registry.terraform.io/hashicorp/aws\"]",
      "instances": [
        {
          "schema_version": 0,
          "attributes": {
            "dashboard_arn": "arn:aws:cloudwatch::015937138823:dashboard/asgcpuutilizationdashboard",
            "dashboard_body": "{\"widgets\":[{\"properties\":{\"metrics\":[[\"AWS/EC2\",\"CPUUtilization\",\"AutoScalingGroupName\",\"autocap-asg\",{\"label\":\"Average CPU Utilization\"}]],\"period\":300,\"region\":\"eu-west-3\",\"stacked\":false,\"stat\":\"Average\",\"title\":\"Average CPU Utilization\",\"view\":\"timeSeries\",\"yAxis\":{\"left\":{\"label\":\"Percentage\",\"showUnits\":true}}},\"type\":\"metric\"}]}",
            "dashboard_name": "asgcpuutilizationdashboard",
            "id": "asgcpuutilizationdashboard",
            "region": "eu-west-3"
          },
          "sensitive_attributes": [],
          "private": "bnVsbA==",
          "dependencies": [
            "aws_ami_from_instance.asg_ami",
            "aws_autoscaling_group.asg",
            "aws_cloudfront_distribution.s3_distribution",
            "aws_db_instance.wordpress_db",
            "aws_db_subnet_group.database",
            "aws_iam_instance_profile.iam-instance-profile",
            "aws_iam_role.iam_role",
            "aws_instance.wordpress_server",
            "aws_key_pair.key",
            "aws_launch_template.lnch_lt",
            "aws_lb_target_group.tg",
            "aws_s3_bucket.autocap_media",
            "aws_security_group.autocap_sg",
            "aws_security_group.rds_sg",
            "aws_subnet.prv_sn1",
            "aws_subnet.prv_sn2",
            "aws_subnet.pub_sn1",
            "aws_subnet.pub_sn2",
            "aws_vpc.vpc",
            "data.aws_cloudfront_distribution.cloudfront",
            "null_resource.pre_scan",
            "time_sleep.ami-sleep",
            "tls_private_key.key"
          ]
        }
      ]
    },
    {
      "mode": "managed",
      "type": "aws_cloudwatch_metric_alarm",
      "name": "CMA_Autoscaling_Group",
      "provider": "provider[\"registry.terraform.io/hashicorp/aws\"]",
      "instances": [
        {
          "schema_version": 1,
          "attributes": {
            "actions_enabled": true,
            "alarm_actions": [
              "arn:aws:autoscaling:eu-west-3:015937138823:scalingPolicy:db3c4a1a-22df-479e-9d39-daf7f6076c7d:autoScalingGroupName/autocap-asg:policyName/$(local.name)-asg-policy",
              "arn:aws:sns:eu-west-3:015937138823:server-alert"
            ],
            "alarm_description": "This metric monitors asg cpu utilization",
            "alarm_name": "CMA-asg",
            "arn": "arn:aws:cloudwatch:eu-west-3:015937138823:alarm:CMA-asg",
            "comparison_operator": "GreaterThanOrEqualToThreshold",
            "datapoints_to_alarm": 0,
            "dimensions": {
              "AutoScalingGroupName": "autocap-asg"
            },
            "evaluate_low_sample_count_percentiles": "",
            "evaluation_periods": 2,
            "extended_statistic": "",
            "id": "CMA-asg",
            "insufficient_data_actions": [],
            "metric_name": "CPUUtilization",
            "metric_query": [],
            "namespace": "AWS/EC2",
            "ok_actions": [],
            "period": 120,
            "region": "eu-west-3",
            "statistic": "Average",
            "tags": {},
            "tags_all": {},
            "threshold": 50,
            "threshold_metric_id": "",
            "treat_missing_data": "missing",
            "unit": ""
          },
          "sensitive_attributes": [],
          "private": "eyJzY2hlbWFfdmVyc2lvbiI6IjEifQ==",
          "dependencies": [
            "aws_ami_from_instance.asg_ami",
            "aws_autoscaling_group.asg",
            "aws_autoscaling_policy.asg-policy",
            "aws_cloudfront_distribution.s3_distribution",
            "aws_db_instance.wordpress_db",
            "aws_db_subnet_group.database",
            "aws_iam_instance_profile.iam-instance-profile",
            "aws_iam_role.iam_role",
            "aws_instance.wordpress_server",
            "aws_key_pair.key",
            "aws_launch_template.lnch_lt",
            "aws_lb_target_group.tg",
            "aws_s3_bucket.autocap_media",
            "aws_security_group.autocap_sg",
            "aws_security_group.rds_sg",
            "aws_sns_topic.server_alert",
            "aws_subnet.prv_sn1",
            "aws_subnet.prv_sn2",
            "aws_subnet.pub_sn1",
            "aws_subnet.pub_sn2",
            "aws_vpc.vpc",
            "data.aws_cloudfront_distribution.cloudfront",
            "null_resource.pre_scan",
            "time_sleep.ami-sleep",
            "tls_private_key.key"
          ]
        }
      ]
    },
    {
      "mode": "managed",
      "type": "aws_cloudwatch_metric_alarm",
      "name": "CMA_EC2_Instance",
      "provider": "provider[\"registry.terraform.io/hashicorp/aws\"]",
      "instances": [
        {
          "schema_version": 1,
          "attributes": {
            "actions_enabled": true,
            "alarm_actions": [
              "arn:aws:sns:eu-west-3:015937138823:server-alert"
            ],
            "alarm_description": "This metric monitors ec2 cpu utilization",
            "alarm_name": "CMA-Instance",
            "arn": "arn:aws:cloudwatch:eu-west-3:015937138823:alarm:CMA-Instance",
            "comparison_operator": "GreaterThanOrEqualToThreshold",
            "datapoints_to_alarm": 0,
            "dimensions": {
              "InstanceId": "i-0bd61a9e827565d19"
            },
            "evaluate_low_sample_count_percentiles": "",
            "evaluation_periods": 2,
            "extended_statistic": "",
            "id": "CMA-Instance",
            "insufficient_data_actions": [],
            "metric_name": "CPUUtilization",
            "metric_query": [],
            "namespace": "AWS/EC2",
            "ok_actions": [],
            "period": 120,
            "region": "eu-west-3",
            "statistic": "Average",
            "tags": {},
            "tags_all": {},
            "threshold": 50,
            "threshold_metric_id": "",
            "treat_missing_data": "missing",
            "unit": ""
          },
          "sensitive_attributes": [],
          "private": "eyJzY2hlbWFfdmVyc2lvbiI6IjEifQ==",
          "dependencies": [
            "aws_cloudfront_distribution.s3_distribution",
            "aws_db_instance.wordpress_db",
            "aws_db_subnet_group.database",
            "aws_iam_instance_profile.iam-instance-profile",
            "aws_iam_role.iam_role",
            "aws_instance.wordpress_server",
            "aws_key_pair.key",
            "aws_s3_bucket.autocap_media",
            "aws_security_group.autocap_sg",
            "aws_security_group.rds_sg",
            "aws_sns_topic.server_alert",
            "aws_subnet.prv_sn1",
            "aws_subnet.prv_sn2",
            "aws_subnet.pub_sn1",
            "aws_vpc.vpc",
            "data.aws_cloudfront_distribution.cloudfront",
            "null_resource.pre_scan",
            "tls_private_key.key"
          ]
        }
      ]
    },
    {
      "mode": "managed",
      "type": "aws_db_instance",
      "name": "wordpress_db",
      "provider": "provider[\"registry.terraform.io/hashicorp/aws\"]",
      "instances": [
        {
          "schema_version": 2,
          "attributes": {
            "address": "wordpress-db.c184icugqfwq.eu-west-3.rds.amazonaws.com",
            "allocated_storage": 10,
            "allow_major_version_upgrade": null,
            "apply_immediately": false,
            "arn": "arn:aws:rds:eu-west-3:015937138823:db:wordpress-db",
            "auto_minor_version_upgrade": true,
            "availability_zone": "eu-west-3b",
            "backup_retention_period": 0,
            "backup_target": "region",
            "backup_window": "12:55-13:25",
            "blue_green_update": [],
            "ca_cert_identifier": "rds-ca-rsa2048-g1",
            "character_set_name": "",
            "copy_tags_to_snapshot": false,
            "custom_iam_instance_profile": "",
            "customer_owned_ip_enabled": false,
            "database_insights_mode": "standard",
            "db_name": "wordpress",
            "db_subnet_group_name": "database",
            "dedicated_log_volume": false,
            "delete_automated_backups": true,
            "deletion_protection": false,
            "domain": "",
            "domain_auth_secret_arn": "",
            "domain_dns_ips": [],
            "domain_fqdn": "",
            "domain_iam_role_name": "",
            "domain_ou": "",
            "enabled_cloudwatch_logs_exports": [],
            "endpoint": "wordpress-db.c184icugqfwq.eu-west-3.rds.amazonaws.com:3306",
            "engine": "mysql",
            "engine_lifecycle_support": "open-source-rds-extended-support",
            "engine_version": "5.7",
            "engine_version_actual": "5.7.44-rds.20250818",
            "final_snapshot_identifier": null,
            "hosted_zone_id": "ZMESEXB7ZGGQ3",
            "iam_database_authentication_enabled": false,
            "id": "db-K4XHOCJMXPTQUC56N5LQMSJF5E",
            "identifier": "wordpress-db",
            "identifier_prefix": "",
            "instance_class": "db.t3.micro",
            "iops": 0,
            "kms_key_id": "",
            "latest_restorable_time": "",
            "license_model": "general-public-license",
            "listener_endpoint": [],
            "maintenance_window": "tue:01:35-tue:02:05",
            "manage_master_user_password": null,
            "master_user_secret": [],
            "master_user_secret_kms_key_id": null,
            "max_allocated_storage": 0,
            "monitoring_interval": 0,
            "monitoring_role_arn": "",
            "multi_az": false,
            "nchar_character_set_name": "",
            "network_type": "IPV4",
            "option_group_name": "default:mysql-5-7",
            "parameter_group_name": "default.mysql5.7",
            "password": "admin123",
            "password_wo": null,
            "password_wo_version": null,
            "performance_insights_enabled": false,
            "performance_insights_kms_key_id": "",
            "performance_insights_retention_period": 0,
            "port": 3306,
            "publicly_accessible": false,
            "region": "eu-west-3",
            "replica_mode": "",
            "replicas": [],
            "replicate_source_db": "",
            "resource_id": "db-K4XHOCJMXPTQUC56N5LQMSJF5E",
            "restore_to_point_in_time": [],
            "s3_import": [],
            "skip_final_snapshot": true,
            "snapshot_identifier": null,
            "status": "available",
            "storage_encrypted": false,
            "storage_throughput": 0,
            "storage_type": "gp2",
            "tags": {},
            "tags_all": {},
            "timeouts": null,
            "timezone": "",
            "upgrade_rollout_order": "second",
            "upgrade_storage_config": null,
            "username": "admin",
            "vpc_security_group_ids": [
              "sg-0d95b14b7064a453f"
            ]
          },
          "sensitive_attributes": [
            [
              {
                "type": "get_attr",
                "value": "password_wo"
              }
            ],
            [
              {
                "type": "get_attr",
                "value": "username"
              }
            ],
            [
              {
                "type": "get_attr",
                "value": "password"
              }
            ]
          ],
          "private": "eyJlMmJmYjczMC1lY2FhLTExZTYtOGY4OC0zNDM2M2JjN2M0YzAiOnsiY3JlYXRlIjozMDAwMDAwMDAwMDAwLCJkZWxldGUiOjM2MDAwMDAwMDAwMDAsInVwZGF0ZSI6NDgwMDAwMDAwMDAwMH0sInNjaGVtYV92ZXJzaW9uIjoiMiJ9",
          "dependencies": [
            "aws_db_subnet_group.database",
            "aws_security_group.rds_sg",
            "aws_subnet.prv_sn1",
            "aws_subnet.prv_sn2",
            "aws_vpc.vpc"
          ]
        }
      ]
    },
    {
      "mode": "managed",
      "type": "aws_db_subnet_group",
      "name": "database",
      "provider": "provider[\"registry.terraform.io/hashicorp/aws\"]",
      "instances": [
        {
          "schema_version": 0,
          "attributes": {
            "arn": "arn:aws:rds:eu-west-3:015937138823:subgrp:database",
            "description": "Managed by Terraform",
            "id": "database",
            "name": "database",
            "name_prefix": "",
            "region": "eu-west-3",
            "subnet_ids": [
              "subnet-0562969d6203e449c",
              "subnet-0632be9ac2727d2c0"
            ],
            "supported_network_types": [
              "IPV4"
            ],
            "tags": {
              "Name": "autocap-db-subnet"
            },
            "tags_all": {
              "Name": "autocap-db-subnet"
            },
            "vpc_id": "vpc-0540c6226ddca6527"
          },
          "sensitive_attributes": [],
          "private": "bnVsbA==",
          "dependencies": [
            "aws_subnet.prv_sn1",
            "aws_subnet.prv_sn2",
            "aws_vpc.vpc"
          ]
        }
      ]
    },
    {
      "mode": "managed",
      "type": "aws_eip",
      "name": "eip",
      "provider": "provider[\"registry.terraform.io/hashicorp/aws\"]",
      "instances": [
        {
          "schema_version": 0,
          "attributes": {
            "address": null,
            "allocation_id": "eipalloc-04c6e5e7b9c601970",
            "arn": "arn:aws:ec2:eu-west-3:015937138823:elastic-ip/eipalloc-04c6e5e7b9c601970",
            "associate_with_private_ip": null,
            "association_id": "eipassoc-0f7a1f6d4718b56fa",
            "carrier_ip": "",
            "customer_owned_ip": "",
            "customer_owned_ipv4_pool": "",
            "domain": "vpc",
            "id": "eipalloc-04c6e5e7b9c601970",
            "instance": "",
            "ipam_pool_id": null,
            "network_border_group": "eu-west-3",
            "network_interface": "eni-06079a27a2dad27d1",
            "private_dns": "ip-10-0-1-87.eu-west-3.compute.internal",
            "private_ip": "10.0.1.87",
            "ptr_record": "",
            "public_dns": "ec2-15-236-10-207.eu-west-3.compute.amazonaws.com",
            "public_ip": "15.236.10.207",
            "public_ipv4_pool": "amazon",
            "region": "eu-west-3",
            "tags": {
              "Name": "autocap-eip"
            },
            "tags_all": {
              "Name": "autocap-eip"
            },
            "timeouts": null
          },
          "sensitive_attributes": [],
          "private": "eyJlMmJmYjczMC1lY2FhLTExZTYtOGY4OC0zNDM2M2JjN2M0YzAiOnsiZGVsZXRlIjoxODAwMDAwMDAwMDAsInJlYWQiOjkwMDAwMDAwMDAwMCwidXBkYXRlIjozMDAwMDAwMDAwMDB9fQ=="
        }
      ]
    },
    {
      "mode": "managed",
      "type": "aws_iam_instance_profile",
      "name": "iam-instance-profile",
      "provider": "provider[\"registry.terraform.io/hashicorp/aws\"]",
      "instances": [
        {
          "schema_version": 0,
          "attributes": {
            "arn": "arn:aws:iam::015937138823:instance-profile/autocap-instance-profile",
            "create_date": "2025-12-13T21:03:13Z",
            "id": "autocap-instance-profile",
            "name": "autocap-instance-profile",
            "name_prefix": "",
            "path": "/",
            "role": "autocap-iam_role",
            "tags": {},
            "tags_all": {},
            "unique_id": "AIPAQHNPNOCD5CM5EPYXF"
          },
          "sensitive_attributes": [],
          "private": "bnVsbA==",
          "dependencies": [
            "aws_iam_role.iam_role"
          ]
        }
      ]
    },
    {
      "mode": "managed",
      "type": "aws_iam_policy",
      "name": "s3_policy",
      "provider": "provider[\"registry.terraform.io/hashicorp/aws\"]",
      "instances": [
        {
          "schema_version": 0,
          "attributes": {
            "arn": "arn:aws:iam::015937138823:policy/autocap-s3-policy",
            "attachment_count": 1,
            "description": "",
            "id": "arn:aws:iam::015937138823:policy/autocap-s3-policy",
            "name": "autocap-s3-policy",
            "name_prefix": "",
            "path": "/",
            "policy": "{\"Statement\":[{\"Action\":[\"s3:*\"],\"Effect\":\"Allow\",\"Resource\":\"*\"}],\"Version\":\"2012-10-17\"}",
            "policy_id": "ANPAQHNPNOCD5JBRTMMKB",
            "tags": {},
            "tags_all": {}
          },
          "sensitive_attributes": [],
          "private": "bnVsbA=="
        }
      ]
    },
    {
      "mode": "managed",
      "type": "aws_iam_role",
      "name": "iam_role",
      "provider": "provider[\"registry.terraform.io/hashicorp/aws\"]",
      "instances": [
        {
          "schema_version": 0,
          "attributes": {
            "arn": "arn:aws:iam::015937138823:role/autocap-iam_role",
            "assume_role_policy": "{\"Statement\":[{\"Action\":\"sts:AssumeRole\",\"Effect\":\"Allow\",\"Principal\":{\"Service\":\"ec2.amazonaws.com\"},\"Sid\":\"\"}],\"Version\":\"2012-10-17\"}",
            "create_date": "2025-12-13T21:03:12Z",
            "description": "",
            "force_detach_policies": false,
            "id": "autocap-iam_role",
            "inline_policy": [],
            "managed_policy_arns": [
              "arn:aws:iam::015937138823:policy/autocap-s3-policy"
            ],
            "max_session_duration": 3600,
            "name": "autocap-iam_role",
            "name_prefix": "",
            "path": "/",
            "permissions_boundary": "",
            "tags": {
              "tag-key": "iam_role"
            },
            "tags_all": {
              "tag-key": "iam_role"
            },
            "unique_id": "AROAQHNPNOCDVKQKLHRR5"
          },
          "sensitive_attributes": [],
          "private": "bnVsbA=="
        }
      ]
    },
    {
      "mode": "managed",
      "type": "aws_iam_role_policy_attachment",
      "name": "iam_s3_attachment",
      "provider": "provider[\"registry.terraform.io/hashicorp/aws\"]",
      "instances": [
        {
          "schema_version": 0,
          "attributes": {
            "id": "autocap-iam_role/arn:aws:iam::015937138823:policy/autocap-s3-policy",
            "policy_arn": "arn:aws:iam::015937138823:policy/autocap-s3-policy",
            "role": "autocap-iam_role"
          },
          "sensitive_attributes": [],
          "private": "bnVsbA==",
          "dependencies": [
            "aws_iam_policy.s3_policy",
            "aws_iam_role.iam_role"
          ]
        }
      ]
    },
    {
      "mode": "managed",
      "type": "aws_instance",
      "name": "wordpress_server",
      "provider": "provider[\"registry.terraform.io/hashicorp/aws\"]",
      "instances": [
        {
          "schema_version": 2,
          "attributes": {
            "ami": "ami-04cdc5e4b2145a4a5",
            "arn": "arn:aws:ec2:eu-west-3:015937138823:instance/i-0bd61a9e827565d19",
            "associate_public_ip_address": true,
            "availability_zone": "eu-west-3a",
            "capacity_reservation_specification": [
              {
                "capacity_reservation_preference": "open",
                "capacity_reservation_target": []
              }
            ],
            "cpu_options": [
              {
                "amd_sev_snp": "",
                "core_count": 1,
                "threads_per_core": 2
              }
            ],
            "credit_specification": [
              {
                "cpu_credits": "unlimited"
              }
            ],
            "disable_api_stop": false,
            "disable_api_termination": false,
            "ebs_block_device": [],
            "ebs_optimized": false,
            "enable_primary_ipv6": null,
            "enclave_options": [
              {
                "enabled": false
              }
            ],
            "ephemeral_block_device": [],
            "force_destroy": false,
            "get_password_data": false,
            "hibernation": false,
            "host_id": "",
            "host_resource_group_arn": null,
            "iam_instance_profile": "autocap-instance-profile",
            "id": "i-0bd61a9e827565d19",
            "instance_initiated_shutdown_behavior": "stop",
            "instance_lifecycle": "",
            "instance_market_options": [],
            "instance_state": "running",
            "instance_type": "t3.micro",
            "ipv6_address_count": 0,
            "ipv6_addresses": [],
            "key_name": "autocap-pub-key",
            "launch_template": [],
            "maintenance_options": [
              {
                "auto_recovery": "default"
              }
            ],
            "metadata_options": [
              {
                "http_endpoint": "enabled",
                "http_protocol_ipv6": "disabled",
                "http_put_response_hop_limit": 1,
                "http_tokens": "optional",
                "instance_metadata_tags": "disabled"
              }
            ],
            "monitoring": false,
            "network_interface": [],
            "outpost_arn": "",
            "password_data": "",
            "placement_group": "",
            "placement_group_id": "",
            "placement_partition_number": 0,
            "primary_network_interface": [
              {
                "delete_on_termination": true,
                "network_interface_id": "eni-067bd7816742214de"
              }
            ],
            "primary_network_interface_id": "eni-067bd7816742214de",
            "private_dns": "ip-10-0-1-192.eu-west-3.compute.internal",
            "private_dns_name_options": [
              {
                "enable_resource_name_dns_a_record": false,
                "enable_resource_name_dns_aaaa_record": false,
                "hostname_type": "ip-name"
              }
            ],
            "private_ip": "10.0.1.192",
            "public_dns": "",
            "public_ip": "15.237.252.163",
            "region": "eu-west-3",
            "root_block_device": [
              {
                "delete_on_termination": true,
                "device_name": "/dev/sda1",
                "encrypted": false,
                "iops": 3000,
                "kms_key_id": "",
                "tags": {},
                "tags_all": {},
                "throughput": 125,
                "volume_id": "vol-0024641bbc767fe61",
                "volume_size": 10,
                "volume_type": "gp3"
              }
            ],
            "secondary_private_ips": [],
            "security_groups": [],
            "source_dest_check": true,
            "spot_instance_request_id": "",
            "subnet_id": "subnet-09f0947fa4494f8c5",
            "tags": {
              "Name": "autocap-wordpress_server"
            },
            "tags_all": {
              "Name": "autocap-wordpress_server"
            },
            "tenancy": "default",
            "timeouts": null,
            "user_data": "#!/bin/bash\r\n\r\nsudo yum update -y\r\nsudo yum upgrade -y\r\n\r\n# Start Apache\r\nsystemctl enable httpd\r\nsystemctl start httpd\r\n\r\n#Download and install AWS CLI\r\ncurl \"https://awscli.amazonaws.com/awscli-exe-linux-x86_64.zip\" -o \"awscliv2.zip\"\r\nsudo yum install unzip -y\r\nunzip awscliv2.zip\r\nsudo ./aws/install\r\n\r\n#Install Apache, PHP, and MySQL packages\r\nsudo yum install httpd php php-mysqlnd -y\r\n\r\ncd /var/www/html\r\ntouch indextest.html\r\necho \"This is a test file\" \u003e indextest.html\r\n\r\n#Install wget, download and extract WordPress\r\nsudo yum install wget -y\r\nwget https://wordpress.org/wordpress-6.3.1.tar.gz\r\ntar -xzf wordpress-6.3.1.tar.gz\r\ncp -r wordpress/* /var/www/html/\r\nrm -rf wordpress\r\nrm -rf wordpress-6.3.1.tar.gz\r\n\r\nchmod -R 755 wp-content\r\nchown -R apache:apache wp-content\r\ncd /var/www/html \u0026\u0026 mv wp-config-sample.php wp-config.php\r\n\r\n#Configure the WordPress database connection \r\nsed -i \"s@define( 'DB_NAME', 'database_name_here' )@define( 'DB_NAME', 'wordpress' )@g\" /var/www/html/wp-config.php\r\nsed -i \"s@define( 'DB_USER', 'username_here' )@define( 'DB_USER', 'admin' )@g\" /var/www/html/wp-config.php\r\nsed -i \"s@define( 'DB_PASSWORD', 'password_here' )@define( 'DB_PASSWORD', 'admin123' )@g\" /var/www/html/wp-config.php\r\nsed -i \"s@define( 'DB_HOST', 'localhost' )@define( 'DB_HOST', 'wordpress-db.c184icugqfwq.eu-west-3.rds.amazonaws.com')@g\" /var/www/html/wp-config.php\r\nsudo sed -i  -e '154aAllowOverride All' -e '154d' /etc/httpd/conf/httpd.conf\r\ncat \u003c\u003cEOT\u003e /var/www/html/.htaccess\r\nOptions +FollowSymlinks\r\nRewriteEngine on\r\nRewriteRule ^wp-content/uploads/(.*)$ https://d4rja5jbwziy6.cloudfront.net/wp-content/uploads/$1 [R=301,NC,L]\r\n# BEGIN WordPress\r\n# END WordPress\r\nEOT\r\naws s3 cp --recursive /var/www/html/ s3://autocap-code-bucket\r\naws s3 sync /var/www/html/ s3://autocap-code-bucket\r\necho \"* * * * * ec2-user /usr/local/bin/aws s3 sync s3://autocap-code-bucket /var/www/html/\" \u003e /etc/crontab\r\necho \"* * * * * ec2-user /usr/local/bin/aws s3 sync /var/www/html/wp-content/uploads/ s3://autocap-media\" \u003e\u003e /etc/crontab\r\n\r\nsystemctl restart httpd\r\nsudo setenforce 0\r\nsudo hostnamectl set-hostname webserver\r\n\r\n",
            "user_data_base64": null,
            "user_data_replace_on_change": false,
            "volume_tags": null,
            "vpc_security_group_ids": [
              "sg-0d95b14b7064a453f",
              "sg-0db9c081c9ebd9b9b"
            ]
          },
          "sensitive_attributes": [
            [
              {
                "type": "get_attr",
                "value": "user_data"
              }
            ]
          ],
          "private": "eyJlMmJmYjczMC1lY2FhLTExZTYtOGY4OC0zNDM2M2JjN2M0YzAiOnsiY3JlYXRlIjo2MDAwMDAwMDAwMDAsImRlbGV0ZSI6MTIwMDAwMDAwMDAwMCwicmVhZCI6OTAwMDAwMDAwMDAwLCJ1cGRhdGUiOjYwMDAwMDAwMDAwMH0sInNjaGVtYV92ZXJzaW9uIjoiMiJ9",
          "dependencies": [
            "aws_cloudfront_distribution.s3_distribution",
            "aws_db_instance.wordpress_db",
            "aws_db_subnet_group.database",
            "aws_iam_instance_profile.iam-instance-profile",
            "aws_iam_role.iam_role",
            "aws_key_pair.key",
            "aws_s3_bucket.autocap_media",
            "aws_security_group.autocap_sg",
            "aws_security_group.rds_sg",
            "aws_subnet.prv_sn1",
            "aws_subnet.prv_sn2",
            "aws_subnet.pub_sn1",
            "aws_vpc.vpc",
            "data.aws_cloudfront_distribution.cloudfront",
            "null_resource.pre_scan",
            "tls_private_key.key"
          ]
        }
      ]
    },
    {
      "mode": "managed",
      "type": "aws_internet_gateway",
      "name": "igw",
      "provider": "provider[\"registry.terraform.io/hashicorp/aws\"]",
      "instances": [
        {
          "schema_version": 0,
          "attributes": {
            "arn": "arn:aws:ec2:eu-west-3:015937138823:internet-gateway/igw-0fdddf4aef190b30c",
            "id": "igw-0fdddf4aef190b30c",
            "owner_id": "015937138823",
            "region": "eu-west-3",
            "tags": {
              "Name": "autocap-igw"
            },
            "tags_all": {
              "Name": "autocap-igw"
            },
            "timeouts": null,
            "vpc_id": "vpc-0540c6226ddca6527"
          },
          "sensitive_attributes": [],
          "private": "eyJlMmJmYjczMC1lY2FhLTExZTYtOGY4OC0zNDM2M2JjN2M0YzAiOnsiY3JlYXRlIjoxMjAwMDAwMDAwMDAwLCJkZWxldGUiOjEyMDAwMDAwMDAwMDAsInVwZGF0ZSI6MTIwMDAwMDAwMDAwMH19",
          "dependencies": [
            "aws_vpc.vpc"
          ]
        }
      ]
    },
    {
      "mode": "managed",
      "type": "aws_key_pair",
      "name": "key",
      "provider": "provider[\"registry.terraform.io/hashicorp/aws\"]",
      "instances": [
        {
          "schema_version": 1,
          "attributes": {
            "arn": "arn:aws:ec2:eu-west-3:015937138823:key-pair/autocap-pub-key",
            "fingerprint": "0f:6b:f3:17:bb:0e:c5:59:3c:02:b8:62:a6:04:fa:30",
            "id": "autocap-pub-key",
            "key_name": "autocap-pub-key",
            "key_name_prefix": "",
            "key_pair_id": "key-09a14b532b3294970",
            "key_type": "rsa",
            "public_key": "ssh-rsa AAAAB3NzaC1yc2EAAAADAQABAAACAQC1vRLUfoO65izzW6wA4ABNpw5PMQ2E1ku6C0nHC5+F/NjRcWzOEt69U2AQw0itcfF21LZ+eL5feq7oGqvWuIR6ApBg+dSbVNWkQIh6Ml95oTH9KBQrGqTxBMELZFljZvM/TrhJq7pwQxPqNB361RPqR3ntNz7BySqX8VohENIFhr63XWpeZG4rN//OKlYhrGgu4z2YIEJEOmOmXLsVT7gxoRBA8SKaOLdWy46VH4iexptWIlGNi1XC1d9ESBADnZXH9vmReOKmHUAEmeTy5ooDHVia/8UmIswmaZ4hYlfBTvWZ47zjDvxzM+CBA4hIpeJ4cfCnNwQbzHBk9VfF8GnQEwNdaObRMnoPz8mn/YYUUuH3Kg1O2rjWa81SHqkQ7doLkp4cCWedNzQWZJePZ8V/oiglaFAHpzFE6gL74Nxcy5eFO6T15V1nLxjA3wktu5ci85OyEVgbY57RjHsIU7qb/QAojHeN7U1EDSfOWN3NXzTZriULbslrsK2+2au2aZ7dx19fJLtPt7G5y9bfyLmaBlN0die+leNvXIlqXoaUJznTO10uZGSH/zeDxTYribnVEujTdE+nmjwKnywrmInl2dzO48LvCygAWnbVEK/3l0hDQd5vLqO89nPCsZHs4w14wGby/7Qfd00u+Z8sWD22MCzO+Gfw4c78H6nAP786FQ==",
            "region": "eu-west-3",
            "tags": {},
            "tags_all": {}
          },
          "sensitive_attributes": [],
          "private": "eyJzY2hlbWFfdmVyc2lvbiI6IjEifQ==",
          "dependencies": [
            "tls_private_key.key"
          ]
        }
      ]
    },
    {
      "mode": "managed",
      "type": "aws_launch_template",
      "name": "lnch_lt",
      "provider": "provider[\"registry.terraform.io/hashicorp/aws\"]",
      "instances": [
        {
          "schema_version": 1,
          "attributes": {
            "arn": "arn:aws:ec2:eu-west-3:015937138823:launch-template/lt-026ad07d594a52f2b",
            "block_device_mappings": [],
            "capacity_reservation_specification": [],
            "cpu_options": [],
            "credit_specification": [],
            "default_version": 1,
            "description": "",
            "disable_api_stop": false,
            "disable_api_termination": false,
            "ebs_optimized": "",
            "enclave_options": [],
            "hibernation_options": [],
            "iam_instance_profile": [
              {
                "arn": "",
                "name": "autocap-instance-profile"
              }
            ],
            "id": "lt-026ad07d594a52f2b",
            "image_id": "ami-083dfc15f06df9b9a",
            "instance_initiated_shutdown_behavior": "",
            "instance_market_options": [],
            "instance_requirements": [],
            "instance_type": "t3.micro",
            "kernel_id": "",
            "key_name": "autocap-pub-key",
            "latest_version": 1,
            "license_specification": [],
            "maintenance_options": [],
            "metadata_options": [],
            "monitoring": [],
            "name": "autocap-web_lt20251213212737366200000004",
            "name_prefix": "autocap-web_lt",
            "network_interfaces": [
              {
                "associate_carrier_ip_address": "",
                "associate_public_ip_address": "true",
                "connection_tracking_specification": [],
                "delete_on_termination": "",
                "description": "",
                "device_index": 0,
                "ena_srd_specification": [],
                "interface_type": "",
                "ipv4_address_count": 0,
                "ipv4_addresses": [],
                "ipv4_prefix_count": 0,
                "ipv4_prefixes": [],
                "ipv6_address_count": 0,
                "ipv6_addresses": [],
                "ipv6_prefix_count": 0,
                "ipv6_prefixes": [],
                "network_card_index": 0,
                "network_interface_id": "",
                "primary_ipv6": "",
                "private_ip_address": "",
                "security_groups": [
                  "sg-0db9c081c9ebd9b9b"
                ],
                "subnet_id": ""
              }
            ],
            "placement": [],
            "private_dns_name_options": [],
            "ram_disk_id": "",
            "region": "eu-west-3",
            "security_group_names": [],
            "tag_specifications": [],
            "tags": {},
            "tags_all": {},
            "update_default_version": null,
            "user_data": "IyEvYmluL2Jhc2gNCg0Kc3VkbyB5dW0gdXBkYXRlIC15DQpzdWRvIHl1bSB1cGdyYWRlIC15DQoNCiMgU3RhcnQgQXBhY2hlDQpzeXN0ZW1jdGwgZW5hYmxlIGh0dHBkDQpzeXN0ZW1jdGwgc3RhcnQgaHR0cGQNCg0KI0Rvd25sb2FkIGFuZCBpbnN0YWxsIEFXUyBDTEkNCmN1cmwgImh0dHBzOi8vYXdzY2xpLmFtYXpvbmF3cy5jb20vYXdzY2xpLWV4ZS1saW51eC14ODZfNjQuemlwIiAtbyAiYXdzY2xpdjIuemlwIg0Kc3VkbyB5dW0gaW5zdGFsbCB1bnppcCAteQ0KdW56aXAgYXdzY2xpdjIuemlwDQpzdWRvIC4vYXdzL2luc3RhbGwNCg0KI0luc3RhbGwgQXBhY2hlLCBQSFAsIGFuZCBNeVNRTCBwYWNrYWdlcw0Kc3VkbyB5dW0gaW5zdGFsbCBodHRwZCBwaHAgcGhwLW15c3FsbmQgLXkNCg0KY2QgL3Zhci93d3cvaHRtbA0KdG91Y2ggaW5kZXh0ZXN0Lmh0bWwNCmVjaG8gIlRoaXMgaXMgYSB0ZXN0IGZpbGUiID4gaW5kZXh0ZXN0Lmh0bWwNCg0KI0luc3RhbGwgd2dldCwgZG93bmxvYWQgYW5kIGV4dHJhY3QgV29yZFByZXNzDQpzdWRvIHl1bSBpbnN0YWxsIHdnZXQgLXkNCndnZXQgaHR0cHM6Ly93b3JkcHJlc3Mub3JnL3dvcmRwcmVzcy02LjMuMS50YXIuZ3oNCnRhciAteHpmIHdvcmRwcmVzcy02LjMuMS50YXIuZ3oNCmNwIC1yIHdvcmRwcmVzcy8qIC92YXIvd3d3L2h0bWwvDQpybSAtcmYgd29yZHByZXNzDQpybSAtcmYgd29yZHByZXNzLTYuMy4xLnRhci5neg0KDQpjaG1vZCAtUiA3NTUgd3AtY29udGVudA0KY2hvd24gLVIgYXBhY2hlOmFwYWNoZSB3cC1jb250ZW50DQpjZCAvdmFyL3d3dy9odG1sICYmIG12IHdwLWNvbmZpZy1zYW1wbGUucGhwIHdwLWNvbmZpZy5waHANCg0KI0NvbmZpZ3VyZSB0aGUgV29yZFByZXNzIGRhdGFiYXNlIGNvbm5lY3Rpb24gDQpzZWQgLWkgInNAZGVmaW5lKCAnREJfTkFNRScsICdkYXRhYmFzZV9uYW1lX2hlcmUnIClAZGVmaW5lKCAnREJfTkFNRScsICd3b3JkcHJlc3MnIClAZyIgL3Zhci93d3cvaHRtbC93cC1jb25maWcucGhwDQpzZWQgLWkgInNAZGVmaW5lKCAnREJfVVNFUicsICd1c2VybmFtZV9oZXJlJyApQGRlZmluZSggJ0RCX1VTRVInLCAnYWRtaW4nIClAZyIgL3Zhci93d3cvaHRtbC93cC1jb25maWcucGhwDQpzZWQgLWkgInNAZGVmaW5lKCAnREJfUEFTU1dPUkQnLCAncGFzc3dvcmRfaGVyZScgKUBkZWZpbmUoICdEQl9QQVNTV09SRCcsICdhZG1pbjEyMycgKUBnIiAvdmFyL3d3dy9odG1sL3dwLWNvbmZpZy5waHANCnNlZCAtaSAic0BkZWZpbmUoICdEQl9IT1NUJywgJ2xvY2FsaG9zdCcgKUBkZWZpbmUoICdEQl9IT1NUJywgJ3dvcmRwcmVzcy1kYi5jMTg0aWN1Z3Fmd3EuZXUtd2VzdC0zLnJkcy5hbWF6b25hd3MuY29tJylAZyIgL3Zhci93d3cvaHRtbC93cC1jb25maWcucGhwDQpzdWRvIHNlZCAtaSAgLWUgJzE1NGFBbGxvd092ZXJyaWRlIEFsbCcgLWUgJzE1NGQnIC9ldGMvaHR0cGQvY29uZi9odHRwZC5jb25mDQpjYXQgPDxFT1Q+IC92YXIvd3d3L2h0bWwvLmh0YWNjZXNzDQpPcHRpb25zICtGb2xsb3dTeW1saW5rcw0KUmV3cml0ZUVuZ2luZSBvbg0KUmV3cml0ZVJ1bGUgXndwLWNvbnRlbnQvdXBsb2Fkcy8oLiopJCBodHRwczovL2Q0cmphNWpid3ppeTYuY2xvdWRmcm9udC5uZXQvd3AtY29udGVudC91cGxvYWRzLyQxIFtSPTMwMSxOQyxMXQ0KIyBCRUdJTiBXb3JkUHJlc3MNCiMgRU5EIFdvcmRQcmVzcw0KRU9UDQphd3MgczMgY3AgLS1yZWN1cnNpdmUgL3Zhci93d3cvaHRtbC8gczM6Ly9hdXRvY2FwLWNvZGUtYnVja2V0DQphd3MgczMgc3luYyAvdmFyL3d3dy9odG1sLyBzMzovL2F1dG9jYXAtY29kZS1idWNrZXQNCmVjaG8gIiogKiAqICogKiBlYzItdXNlciAvdXNyL2xvY2FsL2Jpbi9hd3MgczMgc3luYyBzMzovL2F1dG9jYXAtY29kZS1idWNrZXQgL3Zhci93d3cvaHRtbC8iID4gL2V0Yy9jcm9udGFiDQplY2hvICIqICogKiAqICogZWMyLXVzZXIgL3Vzci9sb2NhbC9iaW4vYXdzIHMzIHN5bmMgL3Zhci93d3cvaHRtbC93cC1jb250ZW50L3VwbG9hZHMvIHMzOi8vYXV0b2NhcC1tZWRpYSIgPj4gL2V0Yy9jcm9udGFiDQoNCnN5c3RlbWN0bCByZXN0YXJ0IGh0dHBkDQpzdWRvIHNldGVuZm9yY2UgMA0Kc3VkbyBob3N0bmFtZWN0bCBzZXQtaG9zdG5hbWUgd2Vic2VydmVyDQoNCg==",
            "vpc_security_group_ids": []
          },
          "sensitive_attributes": [
            [
              {
                "type": "get_attr",
                "value": "user_data"
              }
            ]
          ],
          "private": "eyJzY2hlbWFfdmVyc2lvbiI6IjEifQ==",
          "dependencies": [
            "aws_ami_from_instance.asg_ami",
            "aws_cloudfront_distribution.s3_distribution",
            "aws_db_instance.wordpress_db",
            "aws_db_subnet_group.database",
            "aws_iam_instance_profile.iam-instance-profile",
            "aws_iam_role.iam_role",
            "aws_instance.wordpress_server",
            "aws_key_pair.key",
            "aws_s3_bucket.autocap_media",
            "aws_security_group.autocap_sg",
            "aws_security_group.rds_sg",
            "aws_subnet.prv_sn1",
            "aws_subnet.prv_sn2",
            "aws_subnet.pub_sn1",
            "aws_vpc.vpc",
            "data.aws_cloudfront_distribution.cloudfront",
            "null_resource.pre_scan",
            "time_sleep.ami-sleep",
            "tls_private_key.key"
          ]
        }
      ]
    },
    {
      "mode": "managed",
      "type": "aws_lb",
      "name": "lb",
      "provider": "provider[\"registry.terraform.io/hashicorp/aws\"]",
      "instances": [
        {
          "schema_version": 0,
          "attributes": {
            "access_logs": [
              {
                "bucket": "",
                "enabled": false,
                "prefix": ""
              }
            ],
            "arn": "arn:aws:elasticloadbalancing:eu-west-3:015937138823:loadbalancer/app/autocap-lb/1d2ecd126fb77281",
            "arn_suffix": "app/autocap-lb/1d2ecd126fb77281",
            "client_keep_alive": 3600,
            "connection_logs": [
              {
                "bucket": "",
                "enabled": false,
                "prefix": ""
              }
            ],
            "customer_owned_ipv4_pool": "",
            "desync_mitigation_mode": "defensive",
            "dns_name": "autocap-lb-67938074.eu-west-3.elb.amazonaws.com",
            "dns_record_client_routing_policy": null,
            "drop_invalid_header_fields": false,
            "enable_cross_zone_load_balancing": true,
            "enable_deletion_protection": false,
            "enable_http2": true,
            "enable_tls_version_and_cipher_suite_headers": false,
            "enable_waf_fail_open": false,
            "enable_xff_client_port": false,
            "enable_zonal_shift": false,
            "enforce_security_group_inbound_rules_on_private_link_traffic": "",
            "health_check_logs": [
              {
                "bucket": "",
                "enabled": false,
                "prefix": ""
              }
            ],
            "id": "arn:aws:elasticloadbalancing:eu-west-3:015937138823:loadbalancer/app/autocap-lb/1d2ecd126fb77281",
            "idle_timeout": 60,
            "internal": false,
            "ip_address_type": "ipv4",
            "ipam_pools": [],
            "load_balancer_type": "application",
            "minimum_load_balancer_capacity": [],
            "name": "autocap-lb",
            "name_prefix": "",
            "preserve_host_header": false,
            "region": "eu-west-3",
            "secondary_ips_auto_assigned_per_subnet": null,
            "security_groups": [
              "sg-0db9c081c9ebd9b9b"
            ],
            "subnet_mapping": [
              {
                "allocation_id": "",
                "ipv6_address": "",
                "outpost_id": "",
                "private_ipv4_address": "",
                "subnet_id": "subnet-04a02378ea24c82a0"
              },
              {
                "allocation_id": "",
                "ipv6_address": "",
                "outpost_id": "",
                "private_ipv4_address": "",
                "subnet_id": "subnet-09f0947fa4494f8c5"
              }
            ],
            "subnets": [
              "subnet-04a02378ea24c82a0",
              "subnet-09f0947fa4494f8c5"
            ],
            "tags": {
              "Name": "autocap-autocap-lb"
            },
            "tags_all": {
              "Name": "autocap-autocap-lb"
            },
            "timeouts": null,
            "vpc_id": "vpc-0540c6226ddca6527",
            "xff_header_processing_mode": "append",
            "zone_id": "Z3Q77PNBQS71R4"
          },
          "sensitive_attributes": [],
          "private": "eyJlMmJmYjczMC1lY2FhLTExZTYtOGY4OC0zNDM2M2JjN2M0YzAiOnsiY3JlYXRlIjo2MDAwMDAwMDAwMDAsImRlbGV0ZSI6NjAwMDAwMDAwMDAwLCJ1cGRhdGUiOjYwMDAwMDAwMDAwMH19",
          "dependencies": [
            "aws_s3_bucket.autocap_log_bucket",
            "aws_s3_bucket_policy.autocap_log_bucket_policy",
            "aws_security_group.autocap_sg",
            "aws_subnet.pub_sn1",
            "aws_subnet.pub_sn2",
            "aws_vpc.vpc",
            "data.aws_iam_policy_document.log_bucket_access_policy"
          ]
        }
      ]
    },
    {
      "mode": "managed",
      "type": "aws_lb_listener",
      "name": "lb-listener",
      "provider": "provider[\"registry.terraform.io/hashicorp/aws\"]",
      "instances": [
        {
          "schema_version": 0,
          "attributes": {
            "alpn_policy": null,
            "arn": "arn:aws:elasticloadbalancing:eu-west-3:015937138823:listener/app/autocap-lb/1d2ecd126fb77281/239772fd44a39912",
            "certificate_arn": null,
            "default_action": [
              {
                "authenticate_cognito": [],
                "authenticate_oidc": [],
                "fixed_response": [],
                "forward": [],
                "jwt_validation": [],
                "order": 1,
                "redirect": [],
                "target_group_arn": "arn:aws:elasticloadbalancing:eu-west-3:015937138823:targetgroup/autocap-tg/db7b6c93c6fa5522",
                "type": "forward"
              }
            ],
            "id": "arn:aws:elasticloadbalancing:eu-west-3:015937138823:listener/app/autocap-lb/1d2ecd126fb77281/239772fd44a39912",
            "load_balancer_arn": "arn:aws:elasticloadbalancing:eu-west-3:015937138823:loadbalancer/app/autocap-lb/1d2ecd126fb77281",
            "mutual_authentication": [],
            "port": 80,
            "protocol": "HTTP",
            "region": "eu-west-3",
            "routing_http_request_x_amzn_mtls_clientcert_header_name": null,
            "routing_http_request_x_amzn_mtls_clientcert_issuer_header_name": null,
            "routing_http_request_x_amzn_mtls_clientcert_leaf_header_name": null,
            "routing_http_request_x_amzn_mtls_clientcert_serial_number_header_name": null,
            "routing_http_request_x_amzn_mtls_clientcert_subject_header_name": null,
            "routing_http_request_x_amzn_mtls_clientcert_validity_header_name": null,
            "routing_http_request_x_amzn_tls_cipher_suite_header_name": null,
            "routing_http_request_x_amzn_tls_version_header_name": null,
            "routing_http_response_access_control_allow_credentials_header_value": "",
            "routing_http_response_access_control_allow_headers_header_value": "",
            "routing_http_response_access_control_allow_methods_header_value": "",
            "routing_http_response_access_control_allow_origin_header_value": "",
            "routing_http_response_access_control_expose_headers_header_value": "",
            "routing_http_response_access_control_max_age_header_value": "",
            "routing_http_response_content_security_policy_header_value": "",
            "routing_http_response_server_enabled": true,
            "routing_http_response_strict_transport_security_header_value": "",
            "routing_http_response_x_content_type_options_header_value": "",
            "routing_http_response_x_frame_options_header_value": "",
            "ssl_policy": "",
            "tags": null,
            "tags_all": {},
            "tcp_idle_timeout_seconds": null,
            "timeouts": null
          },
          "sensitive_attributes": [],
          "private": "eyJlMmJmYjczMC1lY2FhLTExZTYtOGY4OC0zNDM2M2JjN2M0YzAiOnsiY3JlYXRlIjozMDAwMDAwMDAwMDAsInVwZGF0ZSI6MzAwMDAwMDAwMDAwfX0=",
          "dependencies": [
            "aws_lb.lb",
            "aws_lb_target_group.tg",
            "aws_s3_bucket.autocap_log_bucket",
            "aws_s3_bucket_policy.autocap_log_bucket_policy",
            "aws_security_group.autocap_sg",
            "aws_subnet.pub_sn1",
            "aws_subnet.pub_sn2",
            "aws_vpc.vpc",
            "data.aws_iam_policy_document.log_bucket_access_policy"
          ]
        }
      ]
    },
    {
      "mode": "managed",
      "type": "aws_lb_target_group",
      "name": "tg",
      "provider": "provider[\"registry.terraform.io/hashicorp/aws\"]",
      "instances": [
        {
          "schema_version": 0,
          "attributes": {
            "arn": "arn:aws:elasticloadbalancing:eu-west-3:015937138823:targetgroup/autocap-tg/db7b6c93c6fa5522",
            "arn_suffix": "targetgroup/autocap-tg/db7b6c93c6fa5522",
            "connection_termination": null,
            "deregistration_delay": "300",
            "health_check": [
              {
                "enabled": true,
                "healthy_threshold": 3,
                "interval": 60,
                "matcher": "200",
                "path": "/indextest.html",
                "port": "80",
                "protocol": "HTTP",
                "timeout": 30,
                "unhealthy_threshold": 5
              }
            ],
            "id": "arn:aws:elasticloadbalancing:eu-west-3:015937138823:targetgroup/autocap-tg/db7b6c93c6fa5522",
            "ip_address_type": "ipv4",
            "lambda_multi_value_headers_enabled": false,
            "load_balancer_arns": [],
            "load_balancing_algorithm_type": "round_robin",
            "load_balancing_anomaly_mitigation": "off",
            "load_balancing_cross_zone_enabled": "use_load_balancer_configuration",
            "name": "autocap-tg",
            "name_prefix": "",
            "port": 80,
            "preserve_client_ip": null,
            "protocol": "HTTP",
            "protocol_version": "HTTP1",
            "proxy_protocol_v2": false,
            "region": "eu-west-3",
            "slow_start": 0,
            "stickiness": [
              {
                "cookie_duration": 86400,
                "cookie_name": "",
                "enabled": false,
                "type": "lb_cookie"
              }
            ],
            "tags": {},
            "tags_all": {},
            "target_control_port": 0,
            "target_failover": [
              {
                "on_deregistration": null,
                "on_unhealthy": null
              }
            ],
            "target_group_health": [
              {
                "dns_failover": [
                  {
                    "minimum_healthy_targets_count": "1",
                    "minimum_healthy_targets_percentage": "off"
                  }
                ],
                "unhealthy_state_routing": [
                  {
                    "minimum_healthy_targets_count": 1,
                    "minimum_healthy_targets_percentage": "off"
                  }
                ]
              }
            ],
            "target_health_state": [
              {
                "enable_unhealthy_connection_termination": null,
                "unhealthy_draining_interval": null
              }
            ],
            "target_type": "instance",
            "vpc_id": "vpc-0540c6226ddca6527"
          },
          "sensitive_attributes": [],
          "private": "bnVsbA==",
          "dependencies": [
            "aws_vpc.vpc"
          ]
        }
      ]
    },
    {
      "mode": "managed",
      "type": "aws_lb_target_group_attachment",
      "name": "tg-attach",
      "provider": "provider[\"registry.terraform.io/hashicorp/aws\"]",
      "instances": [
        {
          "schema_version": 0,
          "attributes": {
            "availability_zone": null,
            "id": "arn:aws:elasticloadbalancing:eu-west-3:015937138823:targetgroup/autocap-tg/db7b6c93c6fa5522-20251213211548079900000003",
            "port": 80,
            "region": "eu-west-3",
            "target_group_arn": "arn:aws:elasticloadbalancing:eu-west-3:015937138823:targetgroup/autocap-tg/db7b6c93c6fa5522",
            "target_id": "i-0bd61a9e827565d19"
          },
          "sensitive_attributes": [],
          "private": "bnVsbA==",
          "dependencies": [
            "aws_cloudfront_distribution.s3_distribution",
            "aws_db_instance.wordpress_db",
            "aws_db_subnet_group.database",
            "aws_iam_instance_profile.iam-instance-profile",
            "aws_iam_role.iam_role",
            "aws_instance.wordpress_server",
            "aws_key_pair.key",
            "aws_lb_target_group.tg",
            "aws_s3_bucket.autocap_media",
            "aws_security_group.autocap_sg",
            "aws_security_group.rds_sg",
            "aws_subnet.prv_sn1",
            "aws_subnet.prv_sn2",
            "aws_subnet.pub_sn1",
            "aws_vpc.vpc",
            "data.aws_cloudfront_distribution.cloudfront",
            "null_resource.pre_scan",
            "tls_private_key.key"
          ]
        }
      ]
    },
    {
      "mode": "managed",
      "type": "aws_nat_gateway",
      "name": "ngw",
      "provider": "provider[\"registry.terraform.io/hashicorp/aws\"]",
      "instances": [
        {
          "schema_version": 0,
          "attributes": {
            "allocation_id": "eipalloc-04c6e5e7b9c601970",
            "association_id": "eipassoc-0f7a1f6d4718b56fa",
            "auto_provision_zones": null,
            "auto_scaling_ips": null,
            "availability_mode": "zonal",
            "availability_zone_address": [],
            "connectivity_type": "public",
            "id": "nat-0a36101ddc580b419",
            "network_interface_id": "eni-06079a27a2dad27d1",
            "private_ip": "10.0.1.87",
            "public_ip": "15.236.10.207",
            "region": "eu-west-3",
            "regional_nat_gateway_address": [],
            "regional_nat_gateway_auto_mode": null,
            "route_table_id": null,
            "secondary_allocation_ids": [],
            "secondary_private_ip_address_count": 0,
            "secondary_private_ip_addresses": [],
            "subnet_id": "subnet-09f0947fa4494f8c5",
            "tags": {
              "Name": "autocap-ngw"
            },
            "tags_all": {
              "Name": "autocap-ngw"
            },
            "timeouts": null,
            "vpc_id": "vpc-0540c6226ddca6527"
          },
          "sensitive_attributes": [],
          "private": "eyJlMmJmYjczMC1lY2FhLTExZTYtOGY4OC0zNDM2M2JjN2M0YzAiOnsiY3JlYXRlIjo2MDAwMDAwMDAwMDAsImRlbGV0ZSI6MTgwMDAwMDAwMDAwMCwidXBkYXRlIjo2MDAwMDAwMDAwMDB9fQ==",
          "dependencies": [
            "aws_eip.eip",
            "aws_subnet.pub_sn1",
            "aws_vpc.vpc"
          ]
        }
      ]
    },
    {
      "mode": "managed",
      "type": "aws_route53_record",
      "name": "autocap-record",
      "provider": "provider[\"registry.terraform.io/hashicorp/aws\"]",
      "instances": [
        {
          "schema_version": 2,
          "attributes": {
            "alias": [
              {
                "evaluate_target_health": true,
                "name": "autocap-lb-67938074.eu-west-3.elb.amazonaws.com",
                "zone_id": "Z3Q77PNBQS71R4"
              }
            ],
            "allow_overwrite": null,
            "cidr_routing_policy": [],
            "failover_routing_policy": [],
            "fqdn": "odochidevops.space",
            "geolocation_routing_policy": [],
            "geoproximity_routing_policy": [],
            "health_check_id": "",
            "id": "Z09756952XK8JN9KS9B9O_odochidevops.space_A",
            "latency_routing_policy": [],
            "multivalue_answer_routing_policy": false,
            "name": "odochidevops.space",
            "records": null,
            "set_identifier": "",
            "timeouts": null,
            "ttl": 0,
            "type": "A",
            "weighted_routing_policy": [],
            "zone_id": "Z09756952XK8JN9KS9B9O"
          },
          "sensitive_attributes": [],
          "private": "eyJlMmJmYjczMC1lY2FhLTExZTYtOGY4OC0zNDM2M2JjN2M0YzAiOnsiY3JlYXRlIjoxODAwMDAwMDAwMDAwLCJkZWxldGUiOjE4MDAwMDAwMDAwMDAsInVwZGF0ZSI6MTgwMDAwMDAwMDAwMH0sInNjaGVtYV92ZXJzaW9uIjoiMiJ9",
          "dependencies": [
            "aws_lb.lb",
            "aws_s3_bucket.autocap_log_bucket",
            "aws_s3_bucket_policy.autocap_log_bucket_policy",
            "aws_security_group.autocap_sg",
            "aws_subnet.pub_sn1",
            "aws_subnet.pub_sn2",
            "aws_vpc.vpc",
            "data.aws_iam_policy_document.log_bucket_access_policy",
            "data.aws_route53_zone.autocap-zone"
          ]
        }
      ]
    },
    {
      "mode": "managed",
      "type": "aws_route_table",
      "name": "prv_rt",
      "provider": "provider[\"registry.terraform.io/hashicorp/aws\"]",
      "instances": [
        {
          "schema_version": 0,
          "attributes": {
            "arn": "arn:aws:ec2:eu-west-3:015937138823:route-table/rtb-08a710dc8556d58f6",
            "id": "rtb-08a710dc8556d58f6",
            "owner_id": "015937138823",
            "propagating_vgws": [],
            "region": "eu-west-3",
            "route": [
              {
                "carrier_gateway_id": "",
                "cidr_block": "0.0.0.0/0",
                "core_network_arn": "",
                "destination_prefix_list_id": "",
                "egress_only_gateway_id": "",
                "gateway_id": "nat-0a36101ddc580b419",
                "ipv6_cidr_block": "",
                "local_gateway_id": "",
                "nat_gateway_id": "",
                "network_interface_id": "",
                "transit_gateway_id": "",
                "vpc_endpoint_id": "",
                "vpc_peering_connection_id": ""
              }
            ],
            "tags": {
              "Name": "autocap-prv_rt"
            },
            "tags_all": {
              "Name": "autocap-prv_rt"
            },
            "timeouts": null,
            "vpc_id": "vpc-0540c6226ddca6527"
          },
          "sensitive_attributes": [],
          "private": "eyJlMmJmYjczMC1lY2FhLTExZTYtOGY4OC0zNDM2M2JjN2M0YzAiOnsiY3JlYXRlIjozMDAwMDAwMDAwMDAsImRlbGV0ZSI6MzAwMDAwMDAwMDAwLCJ1cGRhdGUiOjEyMDAwMDAwMDAwMH19",
          "dependencies": [
            "aws_eip.eip",
            "aws_nat_gateway.ngw",
            "aws_subnet.pub_sn1",
            "aws_vpc.vpc"
          ]
        }
      ]
    },
    {
      "mode": "managed",
      "type": "aws_route_table",
      "name": "pub_rt",
      "provider": "provider[\"registry.terraform.io/hashicorp/aws\"]",
      "instances": [
        {
          "schema_version": 0,
          "attributes": {
            "arn": "arn:aws:ec2:eu-west-3:015937138823:route-table/rtb-0cf661554e8287c4c",
            "id": "rtb-0cf661554e8287c4c",
            "owner_id": "015937138823",
            "propagating_vgws": [],
            "region": "eu-west-3",
            "route": [
              {
                "carrier_gateway_id": "",
                "cidr_block": "0.0.0.0/0",
                "core_network_arn": "",
                "destination_prefix_list_id": "",
                "egress_only_gateway_id": "",
                "gateway_id": "igw-0fdddf4aef190b30c",
                "ipv6_cidr_block": "",
                "local_gateway_id": "",
                "nat_gateway_id": "",
                "network_interface_id": "",
                "transit_gateway_id": "",
                "vpc_endpoint_id": "",
                "vpc_peering_connection_id": ""
              }
            ],
            "tags": {
              "Name": "autocap-pub_rt"
            },
            "tags_all": {
              "Name": "autocap-pub_rt"
            },
            "timeouts": null,
            "vpc_id": "vpc-0540c6226ddca6527"
          },
          "sensitive_attributes": [],
          "private": "eyJlMmJmYjczMC1lY2FhLTExZTYtOGY4OC0zNDM2M2JjN2M0YzAiOnsiY3JlYXRlIjozMDAwMDAwMDAwMDAsImRlbGV0ZSI6MzAwMDAwMDAwMDAwLCJ1cGRhdGUiOjEyMDAwMDAwMDAwMH19",
          "dependencies": [
            "aws_internet_gateway.igw",
            "aws_vpc.vpc"
          ]
        }
      ]
    },
    {
      "mode": "managed",
      "type": "aws_route_table_association",
      "name": "ass_prv_sn1",
      "provider": "provider[\"registry.terraform.io/hashicorp/aws\"]",
      "instances": [
        {
          "schema_version": 0,
          "attributes": {
            "gateway_id": "",
            "id": "rtbassoc-07e007f8b6ff141e6",
            "region": "eu-west-3",
            "route_table_id": "rtb-08a710dc8556d58f6",
            "subnet_id": "subnet-0562969d6203e449c",
            "timeouts": null
          },
          "sensitive_attributes": [],
          "private": "eyJlMmJmYjczMC1lY2FhLTExZTYtOGY4OC0zNDM2M2JjN2M0YzAiOnsiY3JlYXRlIjozMDAwMDAwMDAwMDAsImRlbGV0ZSI6MzAwMDAwMDAwMDAwLCJ1cGRhdGUiOjEyMDAwMDAwMDAwMH19",
          "dependencies": [
            "aws_eip.eip",
            "aws_nat_gateway.ngw",
            "aws_route_table.prv_rt",
            "aws_subnet.prv_sn1",
            "aws_subnet.pub_sn1",
            "aws_vpc.vpc"
          ]
        }
      ]
    },
    {
      "mode": "managed",
      "type": "aws_route_table_association",
      "name": "ass_prv_sn2",
      "provider": "provider[\"registry.terraform.io/hashicorp/aws\"]",
      "instances": [
        {
          "schema_version": 0,
          "attributes": {
            "gateway_id": "",
            "id": "rtbassoc-0a55d1053f7652d9a",
            "region": "eu-west-3",
            "route_table_id": "rtb-08a710dc8556d58f6",
            "subnet_id": "subnet-0632be9ac2727d2c0",
            "timeouts": null
          },
          "sensitive_attributes": [],
          "private": "eyJlMmJmYjczMC1lY2FhLTExZTYtOGY4OC0zNDM2M2JjN2M0YzAiOnsiY3JlYXRlIjozMDAwMDAwMDAwMDAsImRlbGV0ZSI6MzAwMDAwMDAwMDAwLCJ1cGRhdGUiOjEyMDAwMDAwMDAwMH19",
          "dependencies": [
            "aws_eip.eip",
            "aws_nat_gateway.ngw",
            "aws_route_table.prv_rt",
            "aws_subnet.prv_sn2",
            "aws_subnet.pub_sn1",
            "aws_vpc.vpc"
          ]
        }
      ]
    },
    {
      "mode": "managed",
      "type": "aws_route_table_association",
      "name": "ass_pub_sn1",
      "provider": "provider[\"registry.terraform.io/hashicorp/aws\"]",
      "instances": [
        {
          "schema_version": 0,
          "attributes": {
            "gateway_id": "",
            "id": "rtbassoc-0333430f1b1633a92",
            "region": "eu-west-3",
            "route_table_id": "rtb-0cf661554e8287c4c",
            "subnet_id": "subnet-09f0947fa4494f8c5",
            "timeouts": null
          },
          "sensitive_attributes": [],
          "private": "eyJlMmJmYjczMC1lY2FhLTExZTYtOGY4OC0zNDM2M2JjN2M0YzAiOnsiY3JlYXRlIjozMDAwMDAwMDAwMDAsImRlbGV0ZSI6MzAwMDAwMDAwMDAwLCJ1cGRhdGUiOjEyMDAwMDAwMDAwMH19",
          "dependencies": [
            "aws_internet_gateway.igw",
            "aws_route_table.pub_rt",
            "aws_subnet.pub_sn1",
            "aws_vpc.vpc"
          ]
        }
      ]
    },
    {
      "mode": "managed",
      "type": "aws_route_table_association",
      "name": "ass_pub_sn2",
      "provider": "provider[\"registry.terraform.io/hashicorp/aws\"]",
      "instances": [
        {
          "schema_version": 0,
          "attributes": {
            "gateway_id": "",
            "id": "rtbassoc-09b565ba833b730d4",
            "region": "eu-west-3",
            "route_table_id": "rtb-0cf661554e8287c4c",
            "subnet_id": "subnet-04a02378ea24c82a0",
            "timeouts": null
          },
          "sensitive_attributes": [],
          "private": "eyJlMmJmYjczMC1lY2FhLTExZTYtOGY4OC0zNDM2M2JjN2M0YzAiOnsiY3JlYXRlIjozMDAwMDAwMDAwMDAsImRlbGV0ZSI6MzAwMDAwMDAwMDAwLCJ1cGRhdGUiOjEyMDAwMDAwMDAwMH19",
          "dependencies": [
            "aws_internet_gateway.igw",
            "aws_route_table.pub_rt",
            "aws_subnet.pub_sn2",
            "aws_vpc.vpc"
          ]
        }
      ]
    },
    {
      "mode": "managed",
      "type": "aws_s3_bucket",
      "name": "autocap_log_bucket",
      "provider": "provider[\"registry.terraform.io/hashicorp/aws\"]",
      "instances": [
        {
          "schema_version": 0,
          "attributes": {
            "acceleration_status": "",
            "acl": null,
            "arn": "arn:aws:s3:::autocap-log-bucket",
            "bucket": "autocap-log-bucket",
            "bucket_domain_name": "autocap-log-bucket.s3.amazonaws.com",
            "bucket_prefix": "",
            "bucket_region": "eu-west-3",
            "bucket_regional_domain_name": "autocap-log-bucket.s3.eu-west-3.amazonaws.com",
            "cors_rule": [],
            "force_destroy": true,
            "grant": [
              {
                "id": "0ac2dedf956e01af8c3cad0fe4d461940bee91c56daef159028a70e289861c11",
                "permissions": [
                  "FULL_CONTROL"
                ],
                "type": "CanonicalUser",
                "uri": ""
              }
            ],
            "hosted_zone_id": "Z3R1K369G5AVDG",
            "id": "autocap-log-bucket",
            "lifecycle_rule": [],
            "logging": [],
            "object_lock_configuration": [],
            "object_lock_enabled": false,
            "policy": "{\"Statement\":[{\"Action\":[\"s3:PutObjectAcl\",\"s3:PutObject\"],\"Effect\":\"Allow\",\"Principal\":{\"Service\":\"elasticloadbalancing.amazonaws.com\"},\"Resource\":\"arn:aws:s3:::autocap-log-bucket/*\",\"Sid\":\"AllowELBLogging\"}],\"Version\":\"2012-10-17\"}",
            "region": "eu-west-3",
            "replication_configuration": [],
            "request_payer": "BucketOwner",
            "server_side_encryption_configuration": [
              {
                "rule": [
                  {
                    "apply_server_side_encryption_by_default": [
                      {
                        "kms_master_key_id": "",
                        "sse_algorithm": "AES256"
                      }
                    ],
                    "bucket_key_enabled": false
                  }
                ]
              }
            ],
            "tags": {
              "Name": "autocap-autocap-log-bucket"
            },
            "tags_all": {
              "Name": "autocap-autocap-log-bucket"
            },
            "timeouts": null,
            "versioning": [
              {
                "enabled": false,
                "mfa_delete": false
              }
            ],
            "website": [],
            "website_domain": null,
            "website_endpoint": null
          },
          "sensitive_attributes": [],
          "private": "eyJlMmJmYjczMC1lY2FhLTExZTYtOGY4OC0zNDM2M2JjN2M0YzAiOnsiY3JlYXRlIjoxMjAwMDAwMDAwMDAwLCJkZWxldGUiOjM2MDAwMDAwMDAwMDAsInJlYWQiOjEyMDAwMDAwMDAwMDAsInVwZGF0ZSI6MTIwMDAwMDAwMDAwMH19"
        }
      ]
    },
    {
      "mode": "managed",
      "type": "aws_s3_bucket",
      "name": "autocap_media",
      "provider": "provider[\"registry.terraform.io/hashicorp/aws\"]",
      "instances": [
        {
          "schema_version": 0,
          "attributes": {
            "acceleration_status": "",
            "acl": null,
            "arn": "arn:aws:s3:::autocap-media",
            "bucket": "autocap-media",
            "bucket_domain_name": "autocap-media.s3.amazonaws.com",
            "bucket_prefix": "",
            "bucket_region": "eu-west-3",
            "bucket_regional_domain_name": "autocap-media.s3.eu-west-3.amazonaws.com",
            "cors_rule": [],
            "force_destroy": true,
            "grant": [
              {
                "id": "0ac2dedf956e01af8c3cad0fe4d461940bee91c56daef159028a70e289861c11",
                "permissions": [
                  "FULL_CONTROL"
                ],
                "type": "CanonicalUser",
                "uri": ""
              }
            ],
            "hosted_zone_id": "Z3R1K369G5AVDG",
            "id": "autocap-media",
            "lifecycle_rule": [],
            "logging": [],
            "object_lock_configuration": [],
            "object_lock_enabled": false,
            "policy": "{\"Statement\":[{\"Action\":[\"s3:ListBucket\",\"s3:GetObjectVersion\",\"s3:GetObject\"],\"Effect\":\"Allow\",\"Principal\":{\"AWS\":\"*\"},\"Resource\":[\"arn:aws:s3:::autocap-media/*\",\"arn:aws:s3:::autocap-media\"]}],\"Version\":\"2012-10-17\"}",
            "region": "eu-west-3",
            "replication_configuration": [],
            "request_payer": "BucketOwner",
            "server_side_encryption_configuration": [
              {
                "rule": [
                  {
                    "apply_server_side_encryption_by_default": [
                      {
                        "kms_master_key_id": "",
                        "sse_algorithm": "AES256"
                      }
                    ],
                    "bucket_key_enabled": false
                  }
                ]
              }
            ],
            "tags": {
              "Name": "autocap-autocap-media"
            },
            "tags_all": {
              "Name": "autocap-autocap-media"
            },
            "timeouts": null,
            "versioning": [
              {
                "enabled": false,
                "mfa_delete": false
              }
            ],
            "website": [],
            "website_domain": null,
            "website_endpoint": null
          },
          "sensitive_attributes": [],
          "private": "eyJlMmJmYjczMC1lY2FhLTExZTYtOGY4OC0zNDM2M2JjN2M0YzAiOnsiY3JlYXRlIjoxMjAwMDAwMDAwMDAwLCJkZWxldGUiOjM2MDAwMDAwMDAwMDAsInJlYWQiOjEyMDAwMDAwMDAwMDAsInVwZGF0ZSI6MTIwMDAwMDAwMDAwMH19",
          "dependencies": [
            "null_resource.pre_scan"
          ]
        }
      ]
    },
    {
      "mode": "managed",
      "type": "aws_s3_bucket",
      "name": "code_bucket",
      "provider": "provider[\"registry.terraform.io/hashicorp/aws\"]",
      "instances": [
        {
          "schema_version": 0,
          "attributes": {
            "acceleration_status": "",
            "acl": null,
            "arn": "arn:aws:s3:::autocap-code-bucket",
            "bucket": "autocap-code-bucket",
            "bucket_domain_name": "autocap-code-bucket.s3.amazonaws.com",
            "bucket_prefix": "",
            "bucket_region": "eu-west-3",
            "bucket_regional_domain_name": "autocap-code-bucket.s3.eu-west-3.amazonaws.com",
            "cors_rule": [],
            "force_destroy": true,
            "grant": [
              {
                "id": "0ac2dedf956e01af8c3cad0fe4d461940bee91c56daef159028a70e289861c11",
                "permissions": [
                  "FULL_CONTROL"
                ],
                "type": "CanonicalUser",
                "uri": ""
              }
            ],
            "hosted_zone_id": "Z3R1K369G5AVDG",
            "id": "autocap-code-bucket",
            "lifecycle_rule": [],
            "logging": [],
            "object_lock_configuration": [],
            "object_lock_enabled": false,
            "policy": "",
            "region": "eu-west-3",
            "replication_configuration": [],
            "request_payer": "BucketOwner",
            "server_side_encryption_configuration": [
              {
                "rule": [
                  {
                    "apply_server_side_encryption_by_default": [
                      {
                        "kms_master_key_id": "",
                        "sse_algorithm": "AES256"
                      }
                    ],
                    "bucket_key_enabled": false
                  }
                ]
              }
            ],
            "tags": {
              "Name": "autocap-code-bucket"
            },
            "tags_all": {
              "Name": "autocap-code-bucket"
            },
            "timeouts": null,
            "versioning": [
              {
                "enabled": false,
                "mfa_delete": false
              }
            ],
            "website": [],
            "website_domain": null,
            "website_endpoint": null
          },
          "sensitive_attributes": [],
          "private": "eyJlMmJmYjczMC1lY2FhLTExZTYtOGY4OC0zNDM2M2JjN2M0YzAiOnsiY3JlYXRlIjoxMjAwMDAwMDAwMDAwLCJkZWxldGUiOjM2MDAwMDAwMDAwMDAsInJlYWQiOjEyMDAwMDAwMDAwMDAsInVwZGF0ZSI6MTIwMDAwMDAwMDAwMH19",
          "dependencies": [
            "null_resource.pre_scan"
          ]
        }
      ]
    },
    {
      "mode": "managed",
      "type": "aws_s3_bucket_ownership_controls",
      "name": "autocap_media_ctrl",
      "provider": "provider[\"registry.terraform.io/hashicorp/aws\"]",
      "instances": [
        {
          "schema_version": 0,
          "attributes": {
            "bucket": "autocap-media",
            "id": "autocap-media",
            "region": "eu-west-3",
            "rule": [
              {
                "object_ownership": "BucketOwnerEnforced"
              }
            ]
          },
          "sensitive_attributes": [],
          "private": "bnVsbA==",
          "dependencies": [
            "aws_s3_bucket.autocap_media",
            "aws_s3_bucket_public_access_block.autocap_media_pub",
            "null_resource.pre_scan"
          ]
        }
      ]
    },
    {
      "mode": "managed",
      "type": "aws_s3_bucket_ownership_controls",
      "name": "log_bucket_owner",
      "provider": "provider[\"registry.terraform.io/hashicorp/aws\"]",
      "instances": [
        {
          "schema_version": 0,
          "attributes": {
            "bucket": "autocap-log-bucket",
            "id": "autocap-log-bucket",
            "region": "eu-west-3",
            "rule": [
              {
                "object_ownership": "BucketOwnerPreferred"
              }
            ]
          },
          "sensitive_attributes": [],
          "private": "bnVsbA==",
          "dependencies": [
            "aws_s3_bucket.autocap_log_bucket"
          ]
        }
      ]
    },
    {
      "mode": "managed",
      "type": "aws_s3_bucket_policy",
      "name": "autocap_log_bucket_policy",
      "provider": "provider[\"registry.terraform.io/hashicorp/aws\"]",
      "instances": [
        {
          "schema_version": 0,
          "attributes": {
            "bucket": "autocap-log-bucket",
            "id": "autocap-log-bucket",
            "policy": "{\"Statement\":[{\"Action\":[\"s3:PutObjectAcl\",\"s3:PutObject\"],\"Effect\":\"Allow\",\"Principal\":{\"Service\":\"elasticloadbalancing.amazonaws.com\"},\"Resource\":\"arn:aws:s3:::autocap-log-bucket/*\",\"Sid\":\"AllowELBLogging\"}],\"Version\":\"2012-10-17\"}",
            "region": "eu-west-3"
          },
          "sensitive_attributes": [],
          "private": "bnVsbA==",
          "dependencies": [
            "aws_s3_bucket.autocap_log_bucket",
            "data.aws_iam_policy_document.log_bucket_access_policy"
          ]
        }
      ]
    },
    {
      "mode": "managed",
      "type": "aws_s3_bucket_policy",
      "name": "autocap_media_policy",
      "provider": "provider[\"registry.terraform.io/hashicorp/aws\"]",
      "instances": [
        {
          "schema_version": 0,
          "attributes": {
            "bucket": "autocap-media",
            "id": "autocap-media",
            "policy": "{\"Statement\":[{\"Action\":[\"s3:ListBucket\",\"s3:GetObjectVersion\",\"s3:GetObject\"],\"Effect\":\"Allow\",\"Principal\":{\"AWS\":\"*\"},\"Resource\":[\"arn:aws:s3:::autocap-media/*\",\"arn:aws:s3:::autocap-media\"]}],\"Version\":\"2012-10-17\"}",
            "region": "eu-west-3"
          },
          "sensitive_attributes": [],
          "private": "bnVsbA==",
          "dependencies": [
            "aws_s3_bucket.autocap_media",
            "data.aws_iam_policy_document.autocap_media_policy",
            "null_resource.pre_scan"
          ]
        }
      ]
    },
    {
      "mode": "managed",
      "type": "aws_s3_bucket_public_access_block",
      "name": "autocap_media_pub",
      "provider": "provider[\"registry.terraform.io/hashicorp/aws\"]",
      "instances": [
        {
          "schema_version": 0,
          "attributes": {
            "block_public_acls": false,
            "block_public_policy": false,
            "bucket": "autocap-media",
            "id": "autocap-media",
            "ignore_public_acls": false,
            "region": "eu-west-3",
            "restrict_public_buckets": false,
            "skip_destroy": null
          },
          "sensitive_attributes": [],
          "private": "bnVsbA==",
          "dependencies": [
            "aws_s3_bucket.autocap_media",
            "null_resource.pre_scan"
          ]
        }
      ]
    },
    {
      "mode": "managed",
      "type": "aws_s3_bucket_public_access_block",
      "name": "log_bucket_access_block",
      "provider": "provider[\"registry.terraform.io/hashicorp/aws\"]",
      "instances": [
        {
          "schema_version": 0,
          "attributes": {
            "block_public_acls": false,
            "block_public_policy": true,
            "bucket": "autocap-log-bucket",
            "id": "autocap-log-bucket",
            "ignore_public_acls": false,
            "region": "eu-west-3",
            "restrict_public_buckets": false,
            "skip_destroy": null
          },
          "sensitive_attributes": [],
          "private": "bnVsbA==",
          "dependencies": [
            "aws_s3_bucket.autocap_log_bucket"
          ]
        }
      ]
    },
    {
      "mode": "managed",
      "type": "aws_security_group",
      "name": "autocap_sg",
      "provider": "provider[\"registry.terraform.io/hashicorp/aws\"]",
      "instances": [
        {
          "schema_version": 1,
          "attributes": {
            "arn": "arn:aws:ec2:eu-west-3:015937138823:security-group/sg-0db9c081c9ebd9b9b",
            "description": "Allow inbound traffic",
            "egress": [
              {
                "cidr_blocks": [
                  "0.0.0.0/0"
                ],
                "description": "",
                "from_port": 0,
                "ipv6_cidr_blocks": [],
                "prefix_list_ids": [],
                "protocol": "-1",
                "security_groups": [],
                "self": false,
                "to_port": 0
              }
            ],
            "id": "sg-0db9c081c9ebd9b9b",
            "ingress": [
              {
                "cidr_blocks": [
                  "0.0.0.0/0"
                ],
                "description": "HTTP",
                "from_port": 80,
                "ipv6_cidr_blocks": [],
                "prefix_list_ids": [],
                "protocol": "tcp",
                "security_groups": [],
                "self": false,
                "to_port": 80
              },
              {
                "cidr_blocks": [
                  "0.0.0.0/0"
                ],
                "description": "HTTPS",
                "from_port": 443,
                "ipv6_cidr_blocks": [],
                "prefix_list_ids": [],
                "protocol": "tcp",
                "security_groups": [],
                "self": false,
                "to_port": 443
              },
              {
                "cidr_blocks": [
                  "0.0.0.0/0"
                ],
                "description": "SSH",
                "from_port": 22,
                "ipv6_cidr_blocks": [],
                "prefix_list_ids": [],
                "protocol": "tcp",
                "security_groups": [],
                "self": false,
                "to_port": 22
              }
            ],
            "name": "autocap-sg",
            "name_prefix": "",
            "owner_id": "015937138823",
            "region": "eu-west-3",
            "revoke_rules_on_delete": false,
            "tags": {
              "Name": "autocap-autocap-sg"
            },
            "tags_all": {
              "Name": "autocap-autocap-sg"
            },
            "timeouts": null,
            "vpc_id": "vpc-0540c6226ddca6527"
          },
          "sensitive_attributes": [],
          "private": "eyJlMmJmYjczMC1lY2FhLTExZTYtOGY4OC0zNDM2M2JjN2M0YzAiOnsiY3JlYXRlIjo2MDAwMDAwMDAwMDAsImRlbGV0ZSI6OTAwMDAwMDAwMDAwfSwic2NoZW1hX3ZlcnNpb24iOiIxIn0=",
          "dependencies": [
            "aws_vpc.vpc"
          ]
        }
      ]
    },
    {
      "mode": "managed",
      "type": "aws_security_group",
      "name": "rds_sg",
      "provider": "provider[\"registry.terraform.io/hashicorp/aws\"]",
      "instances": [
        {
          "schema_version": 1,
          "attributes": {
            "arn": "arn:aws:ec2:eu-west-3:015937138823:security-group/sg-0d95b14b7064a453f",
            "description": "Allow outbound traffic",
            "egress": [
              {
                "cidr_blocks": [
                  "0.0.0.0/0"
                ],
                "description": "All TRAFFIC",
                "from_port": 0,
                "ipv6_cidr_blocks": [],
                "prefix_list_ids": [],
                "protocol": "-1",
                "security_groups": [],
                "self": false,
                "to_port": 0
              }
            ],
            "id": "sg-0d95b14b7064a453f",
            "ingress": [
              {
                "cidr_blocks": [
                  "10.0.1.0/24",
                  "10.0.2.0/24"
                ],
                "description": "MYSQPORT",
                "from_port": 3306,
                "ipv6_cidr_blocks": [],
                "prefix_list_ids": [],
                "protocol": "tcp",
                "security_groups": [],
                "self": false,
                "to_port": 3306
              }
            ],
            "name": "rds-sg",
            "name_prefix": "",
            "owner_id": "015937138823",
            "region": "eu-west-3",
            "revoke_rules_on_delete": false,
            "tags": {
              "Name": "autocap-rds-sg"
            },
            "tags_all": {
              "Name": "autocap-rds-sg"
            },
            "timeouts": null,
            "vpc_id": "vpc-0540c6226ddca6527"
          },
          "sensitive_attributes": [],
          "private": "eyJlMmJmYjczMC1lY2FhLTExZTYtOGY4OC0zNDM2M2JjN2M0YzAiOnsiY3JlYXRlIjo2MDAwMDAwMDAwMDAsImRlbGV0ZSI6OTAwMDAwMDAwMDAwfSwic2NoZW1hX3ZlcnNpb24iOiIxIn0=",
          "dependencies": [
            "aws_vpc.vpc"
          ]
        }
      ]
    },
    {
      "mode": "managed",
      "type": "aws_sns_topic",
      "name": "server_alert",
      "provider": "provider[\"registry.terraform.io/hashicorp/aws\"]",
      "instances": [
        {
          "schema_version": 0,
          "attributes": {
            "application_failure_feedback_role_arn": "",
            "application_success_feedback_role_arn": "",
            "application_success_feedback_sample_rate": 0,
            "archive_policy": "",
            "arn": "arn:aws:sns:eu-west-3:015937138823:server-alert",
            "beginning_archive_time": "",
            "content_based_deduplication": false,
            "delivery_policy": "{\"http\":{\"defaultHealthyRetryPolicy\":{\"minDelayTarget\":20,\"maxDelayTarget\":20,\"numRetries\":3,\"numMaxDelayRetries\":0,\"numNoDelayRetries\":0,\"numMinDelayRetries\":0,\"backoffFunction\":\"linear\"},\"disableSubscriptionOverrides\":false,\"defaultThrottlePolicy\":{\"maxReceivesPerSecond\":1}}}",
            "display_name": "",
            "fifo_throughput_scope": "",
            "fifo_topic": false,
            "firehose_failure_feedback_role_arn": "",
            "firehose_success_feedback_role_arn": "",
            "firehose_success_feedback_sample_rate": 0,
            "http_failure_feedback_role_arn": "",
            "http_success_feedback_role_arn": "",
            "http_success_feedback_sample_rate": 0,
            "id": "arn:aws:sns:eu-west-3:015937138823:server-alert",
            "kms_master_key_id": "",
            "lambda_failure_feedback_role_arn": "",
            "lambda_success_feedback_role_arn": "",
            "lambda_success_feedback_sample_rate": 0,
            "name": "server-alert",
            "name_prefix": "",
            "owner": "015937138823",
            "policy": "{\"Id\":\"__default_policy_ID\",\"Statement\":[{\"Action\":[\"SNS:GetTopicAttributes\",\"SNS:SetTopicAttributes\",\"SNS:AddPermission\",\"SNS:RemovePermission\",\"SNS:DeleteTopic\",\"SNS:Subscribe\",\"SNS:ListSubscriptionsByTopic\",\"SNS:Publish\"],\"Condition\":{\"StringEquals\":{\"AWS:SourceOwner\":\"015937138823\"}},\"Effect\":\"Allow\",\"Principal\":{\"AWS\":\"*\"},\"Resource\":\"arn:aws:sns:eu-west-3:015937138823:server-alert\",\"Sid\":\"__default_statement_ID\"}],\"Version\":\"2008-10-17\"}",
            "region": "eu-west-3",
            "signature_version": 0,
            "sqs_failure_feedback_role_arn": "",
            "sqs_success_feedback_role_arn": "",
            "sqs_success_feedback_sample_rate": 0,
            "tags": {},
            "tags_all": {},
            "tracing_config": ""
          },
          "sensitive_attributes": [],
          "private": "bnVsbA=="
        }
      ]
    },
    {
      "mode": "managed",
      "type": "aws_sns_topic_subscription",
      "name": "autocap_updates_sqs_target",
      "provider": "provider[\"registry.terraform.io/hashicorp/aws\"]",
      "instances": [
        {
          "schema_version": 0,
          "attributes": {
            "arn": "arn:aws:sns:eu-west-3:015937138823:server-alert:f41ef3bb-677d-4045-8815-425ce3707d56",
            "confirmation_timeout_in_minutes": 1,
            "confirmation_was_authenticated": false,
            "delivery_policy": "",
            "endpoint": "chinweodochi@gmail.com",
            "endpoint_auto_confirms": false,
            "filter_policy": "",
            "filter_policy_scope": "",
            "id": "arn:aws:sns:eu-west-3:015937138823:server-alert:f41ef3bb-677d-4045-8815-425ce3707d56",
            "owner_id": "015937138823",
            "pending_confirmation": true,
            "protocol": "email",
            "raw_message_delivery": false,
            "redrive_policy": "",
            "region": "eu-west-3",
            "replay_policy": "",
            "subscription_role_arn": "",
            "topic_arn": "arn:aws:sns:eu-west-3:015937138823:server-alert"
          },
          "sensitive_attributes": [],
          "private": "bnVsbA==",
          "dependencies": [
            "aws_sns_topic.server_alert"
          ]
        }
      ]
    },
    {
      "mode": "managed",
      "type": "aws_subnet",
      "name": "prv_sn1",
      "provider": "provider[\"registry.terraform.io/hashicorp/aws\"]",
      "instances": [
        {
          "schema_version": 1,
          "attributes": {
            "arn": "arn:aws:ec2:eu-west-3:015937138823:subnet/subnet-0562969d6203e449c",
            "assign_ipv6_address_on_creation": false,
            "availability_zone": "eu-west-3a",
            "availability_zone_id": "euw3-az1",
            "cidr_block": "10.0.3.0/24",
            "customer_owned_ipv4_pool": "",
            "enable_dns64": false,
            "enable_lni_at_device_index": 0,
            "enable_resource_name_dns_a_record_on_launch": false,
            "enable_resource_name_dns_aaaa_record_on_launch": false,
            "id": "subnet-0562969d6203e449c",
            "ipv6_cidr_block": "",
            "ipv6_cidr_block_association_id": "",
            "ipv6_native": false,
            "map_customer_owned_ip_on_launch": false,
            "map_public_ip_on_launch": false,
            "outpost_arn": "",
            "owner_id": "015937138823",
            "private_dns_hostname_type_on_launch": "ip-name",
            "region": "eu-west-3",
            "tags": {
              "Name": "autocap-prv_sn1"
            },
            "tags_all": {
              "Name": "autocap-prv_sn1"
            },
            "timeouts": null,
            "vpc_id": "vpc-0540c6226ddca6527"
          },
          "sensitive_attributes": [],
          "private": "eyJlMmJmYjczMC1lY2FhLTExZTYtOGY4OC0zNDM2M2JjN2M0YzAiOnsiY3JlYXRlIjo2MDAwMDAwMDAwMDAsImRlbGV0ZSI6MTIwMDAwMDAwMDAwMH0sInNjaGVtYV92ZXJzaW9uIjoiMSJ9",
          "dependencies": [
            "aws_vpc.vpc"
          ]
        }
      ]
    },
    {
      "mode": "managed",
      "type": "aws_subnet",
      "name": "prv_sn2",
      "provider": "provider[\"registry.terraform.io/hashicorp/aws\"]",
      "instances": [
        {
          "schema_version": 1,
          "attributes": {
            "arn": "arn:aws:ec2:eu-west-3:015937138823:subnet/subnet-0632be9ac2727d2c0",
            "assign_ipv6_address_on_creation": false,
            "availability_zone": "eu-west-3b",
            "availability_zone_id": "euw3-az2",
            "cidr_block": "10.0.4.0/24",
            "customer_owned_ipv4_pool": "",
            "enable_dns64": false,
            "enable_lni_at_device_index": 0,
            "enable_resource_name_dns_a_record_on_launch": false,
            "enable_resource_name_dns_aaaa_record_on_launch": false,
            "id": "subnet-0632be9ac2727d2c0",
            "ipv6_cidr_block": "",
            "ipv6_cidr_block_association_id": "",
            "ipv6_native": false,
            "map_customer_owned_ip_on_launch": false,
            "map_public_ip_on_launch": false,
            "outpost_arn": "",
            "owner_id": "015937138823",
            "private_dns_hostname_type_on_launch": "ip-name",
            "region": "eu-west-3",
            "tags": {
              "Name": "autocap-prv_sub2"
            },
            "tags_all": {
              "Name": "autocap-prv_sub2"
            },
            "timeouts": null,
            "vpc_id": "vpc-0540c6226ddca6527"
          },
          "sensitive_attributes": [],
          "private": "eyJlMmJmYjczMC1lY2FhLTExZTYtOGY4OC0zNDM2M2JjN2M0YzAiOnsiY3JlYXRlIjo2MDAwMDAwMDAwMDAsImRlbGV0ZSI6MTIwMDAwMDAwMDAwMH0sInNjaGVtYV92ZXJzaW9uIjoiMSJ9",
          "dependencies": [
            "aws_vpc.vpc"
          ]
        }
      ]
    },
    {
      "mode": "managed",
      "type": "aws_subnet",
      "name": "pub_sn1",
      "provider": "provider[\"registry.terraform.io/hashicorp/aws\"]",
      "instances": [
        {
          "schema_version": 1,
          "attributes": {
            "arn": "arn:aws:ec2:eu-west-3:015937138823:subnet/subnet-09f0947fa4494f8c5",
            "assign_ipv6_address_on_creation": false,
            "availability_zone": "eu-west-3a",
            "availability_zone_id": "euw3-az1",
            "cidr_block": "10.0.1.0/24",
            "customer_owned_ipv4_pool": "",
            "enable_dns64": false,
            "enable_lni_at_device_index": 0,
            "enable_resource_name_dns_a_record_on_launch": false,
            "enable_resource_name_dns_aaaa_record_on_launch": false,
            "id": "subnet-09f0947fa4494f8c5",
            "ipv6_cidr_block": "",
            "ipv6_cidr_block_association_id": "",
            "ipv6_native": false,
            "map_customer_owned_ip_on_launch": false,
            "map_public_ip_on_launch": false,
            "outpost_arn": "",
            "owner_id": "015937138823",
            "private_dns_hostname_type_on_launch": "ip-name",
            "region": "eu-west-3",
            "tags": {
              "Name": "autocap-pub_sn1"
            },
            "tags_all": {
              "Name": "autocap-pub_sn1"
            },
            "timeouts": null,
            "vpc_id": "vpc-0540c6226ddca6527"
          },
          "sensitive_attributes": [],
          "private": "eyJlMmJmYjczMC1lY2FhLTExZTYtOGY4OC0zNDM2M2JjN2M0YzAiOnsiY3JlYXRlIjo2MDAwMDAwMDAwMDAsImRlbGV0ZSI6MTIwMDAwMDAwMDAwMH0sInNjaGVtYV92ZXJzaW9uIjoiMSJ9",
          "dependencies": [
            "aws_vpc.vpc"
          ]
        }
      ]
    },
    {
      "mode": "managed",
      "type": "aws_subnet",
      "name": "pub_sn2",
      "provider": "provider[\"registry.terraform.io/hashicorp/aws\"]",
      "instances": [
        {
          "schema_version": 1,
          "attributes": {
            "arn": "arn:aws:ec2:eu-west-3:015937138823:subnet/subnet-04a02378ea24c82a0",
            "assign_ipv6_address_on_creation": false,
            "availability_zone": "eu-west-3b",
            "availability_zone_id": "euw3-az2",
            "cidr_block": "10.0.2.0/24",
            "customer_owned_ipv4_pool": "",
            "enable_dns64": false,
            "enable_lni_at_device_index": 0,
            "enable_resource_name_dns_a_record_on_launch": false,
            "enable_resource_name_dns_aaaa_record_on_launch": false,
            "id": "subnet-04a02378ea24c82a0",
            "ipv6_cidr_block": "",
            "ipv6_cidr_block_association_id": "",
            "ipv6_native": false,
            "map_customer_owned_ip_on_launch": false,
            "map_public_ip_on_launch": false,
            "outpost_arn": "",
            "owner_id": "015937138823",
            "private_dns_hostname_type_on_launch": "ip-name",
            "region": "eu-west-3",
            "tags": {
              "Name": "autocap-pub_sn2"
            },
            "tags_all": {
              "Name": "autocap-pub_sn2"
            },
            "timeouts": null,
            "vpc_id": "vpc-0540c6226ddca6527"
          },
          "sensitive_attributes": [],
          "private": "eyJlMmJmYjczMC1lY2FhLTExZTYtOGY4OC0zNDM2M2JjN2M0YzAiOnsiY3JlYXRlIjo2MDAwMDAwMDAwMDAsImRlbGV0ZSI6MTIwMDAwMDAwMDAwMH0sInNjaGVtYV92ZXJzaW9uIjoiMSJ9",
          "dependencies": [
            "aws_vpc.vpc"
          ]
        }
      ]
    },
    {
      "mode": "managed",
      "type": "aws_vpc",
      "name": "vpc",
      "provider": "provider[\"registry.terraform.io/hashicorp/aws\"]",
      "instances": [
        {
          "schema_version": 1,
          "attributes": {
            "arn": "arn:aws:ec2:eu-west-3:015937138823:vpc/vpc-0540c6226ddca6527",
            "assign_generated_ipv6_cidr_block": false,
            "cidr_block": "10.0.0.0/16",
            "default_network_acl_id": "acl-019d7f6b0ab4610ba",
            "default_route_table_id": "rtb-000cbf5da6af5b7f3",
            "default_security_group_id": "sg-0e4d679bebd48708d",
            "dhcp_options_id": "dopt-04d40c5b6c070c218",
            "enable_dns_hostnames": false,
            "enable_dns_support": true,
            "enable_network_address_usage_metrics": false,
            "id": "vpc-0540c6226ddca6527",
            "instance_tenancy": "default",
            "ipv4_ipam_pool_id": null,
            "ipv4_netmask_length": null,
            "ipv6_association_id": "",
            "ipv6_cidr_block": "",
            "ipv6_cidr_block_network_border_group": "",
            "ipv6_ipam_pool_id": "",
            "ipv6_netmask_length": 0,
            "main_route_table_id": "rtb-000cbf5da6af5b7f3",
            "owner_id": "015937138823",
            "region": "eu-west-3",
            "tags": {
              "Name": "autocap-vpc"
            },
            "tags_all": {
              "Name": "autocap-vpc"
            }
          },
          "sensitive_attributes": [],
          "private": "eyJzY2hlbWFfdmVyc2lvbiI6IjEifQ=="
        }
      ]
    },
    {
      "mode": "managed",
      "type": "local_file",
      "name": "key",
      "provider": "provider[\"registry.terraform.io/hashicorp/local\"]",
      "instances": [
        {
          "schema_version": 0,
          "attributes": {
            "content": "-----BEGIN RSA PRIVATE KEY-----\nMIIJKAIBAAKCAgEAtb0S1H6DuuYs81usAOAATacOTzENhNZLugtJxwufhfzY0XFs\nzhLevVNgEMNIrXHxdtS2fni+X3qu6Bqr1riEegKQYPnUm1TVpECIejJfeaEx/SgU\nKxqk8QTBC2RZY2bzP064Sau6cEMT6jQd+tUT6kd57Tc+wckql/FaIRDSBYa+t11q\nXmRuKzf/zipWIaxoLuM9mCBCRDpjply7FU+4MaEQQPEimji3VsuOlR+InsabViJR\njYtVwtXfREgQA52Vx/b5kXjiph1ABJnk8uaKAx1Ymv/FJiLMJmmeIWJXwU71meO8\n4w78czPggQOISKXieHHwpzcEG8xwZPVXxfBp0BMDXWjm0TJ6D8/Jp/2GFFLh9yoN\nTtq41mvNUh6pEO3aC5KeHAlnnTc0FmSXj2fFf6IoJWhQB6cxROoC++DcXMuXhTuk\n9eVdZy8YwN8JLbuXIvOTshFYG2Oe0Yx7CFO6m/0AKIx3je1NRA0nzljdzV802a4l\nC27Ja7Ctvtmrtmme3cdfXyS7T7exucvW38i5mgZTdHYnvpXjb1yJal6GlCc50ztd\nLmRkh/83g8U2K4m51RLo03RPp5o8Cp8sK5iJ5dnczuPC7wsoAFp21RCv95dIQ0He\nby6jvPZzwrGR7OMNeMBm8v+0H3dNLvmfLFg9tjAszvhn8OHO/B+pwD+/OhUCAwEA\nAQKCAgAsS1Hckp0+nz0TbyNj7zSDuJSnPnhiCOzaAkhQCAgwWujpWzC+pSC+miSO\n0VnUVDIa2UtFVd5oXPlmPqHlKoG3TwqraBimZy3O45+f0MkuVthdMDiCLPNIfvUh\n9qpGrN/abTBDXGSLWf3vlhY8fVRmRFd2NoHIL2R/NebWqkfV6vpurIjxSp8DT5m8\nQNtPR7r4uo/XlP0xrd19vZonXo+xIOVaPqtFVU9yCxjMRaxBrnxLqP+hdPVJEGFj\nPgERMIZB/3LiPslW3UguFugTP5chnTRsSqxdWBvTvOg6kMJ8reb0Q+pUmOF0no84\nQokj07J30qVpy+HneJNoN9fVuXvAPoMRr8QKxGdqwHxynZp/GXad3y+xCEUh67AC\n4sVw4pL1K7faFX59GoliSKEPtn2wVe4wOYI3ShnY2jZMSkY5qu+mpW/RFtXBpgiq\nhzonyz0DftEhD/mIziDmphq1/xLpaO0A+J9BgQGwm2unMK6JLkGwy9VOuR4GTpAR\n2FXG9FQovKl25FMN0EcJfhohnqNAFZ6fAIypHFt9MrrpMX/dswZfTwaDpK4PbAnr\nt2e6hfrchU17d3CZsaTkAyhemWvNCHnD98lDvOeInFqteIzXPY2XxHXnNn4YSaMu\nJs1A+BZIj6prAMSAiZdzGjSyV7pPtOC8Ei2PFwk83hC1xe2RvQKCAQEA6FfC4YX7\nXcP0RY9tkeREBL1psLJ24u8tRbE9wZ+JsN2IzqoNwkO7MtY6Z6mMQaMa8kaFK9oz\npMKNDyd6N9UUtf1QJssUHjPVJSCreoAQWIP1/HRXE9Mj/pQK7ZlRJtg512vvvnid\nHxfa+SOPb/KQST4Cun0zOhUi5USMvU/pknNVOwZTtMZctjoFPEsgdOIAEeuzdgkF\nB5f1WMS9xWLDrJyA3DU6ttt+kiEcMzrn+NX99BQkKvvF0AIBzsT6ngpbWE6IH5UL\nzg/rPWHS8Vcuki5Y3I3VlSOGzk64sz+tkbINX9OgOOdIXiu+QtHRxb2aWWy8ehbu\n+PXnoBHlbq0nwwKCAQEAyD5DkZeC0dbtsCkHkNhXq5ndgA+oQYqjq6XrQe4kwHVw\nXyB4So+PG9akW6DFwaueoYNBldYGlfWSC9FSPjti7VZbBByHrfROCh/SVlc45i3h\nh1sbL1qcRTN423lk1PIEnZU3m8/BR/aGymJYxanuPG5icVqmPiXw/S9U4grPlFXg\nM/iyfZjCbCVgyP4rPcZoqFh8d1GNUibYjgQL31ZgYzbCZPXvz+8gobb/3rpW6lCT\nZ04X4VO8UJaMTJcuIQluMqho0KDnxYcoXSdQYP0U8yM44RzvHRPzzyOVfj4e/FyU\nOyL6pA+7czPspAWNRmjYtu31X6mh+miKKgP5zYHRRwKCAQBZojnRjUG7G7Sp/To1\nFU3UUkpq236X79OUVltPzj9tVxnHOL2UG1MlupXPlg5A6C6mFuSbVVOlFVUb6ovw\n7ChQSUhZnvDE8hQhfagJ20vzCf2lBjDtuf/h37UTkplHFhXCcKaN4bQj4a0dfkWA\n16AoUV72GQThPHQ45KgzBJhEYnAYFEnIrNnphxqr9wOvc9y5DSgvui0Rj+Mb+tKH\nSqHYfowL6BEdqDH9J/7cGLaTPeL5/acyWe0nYQ7XeRCCVdaFi85h+LsUJPoItSuO\n5aZWyMCJXcJvBcSk5KPGqyNH2NvmAxuFuFwn0FJXLuDxm0LnitZvd1d7/kn8a8sK\nVozHAoIBAD5qig07uN9Hq1cZsu4HQWyPzWc5eizT1iiO00H9xR7ofFpqeJRlIyp+\nQUT+XCX+JLgbfboCuJLNtPRSDtyvDisEm+IwMmqamCi3uoyHK4k0C/RxBYxBJiy7\n2pQuxqtJtP6ZoHfEzm5r/Z/f/+O9EDFuBulmZCNDGFcTBdZfoEyQaA5LGvfjQdcL\n35tG/puG2OCAlGts1CwjR6Ucxcab2feS/g0SS+n4k6dUr3TxiF4JN6kfwnnN7AkC\npEDLbumFUwAfVmyRey0q7/35XyicOod/Fx+0MSRTL9AFO3faTTZEdT/pq06wSLGk\nIcMOp/amf8albbKf4Yl4RHjMPHU+XckCggEBAK9h/TZALEtwqTII3B2mgGAPKdrN\nxXOKqvj+CXU33SpZoS4uIZPmX7tprWmw52ixwU0915aj5dzX+XbqAqV9AGf9qoLQ\n1TyCNxNjTlSSFuFJz6VgzcWhr5+ML472tbb4p/rBhE5v1+cJ6ZfSAHuGWKi9Pyxr\nn3No+bJGBvAul5ammsoJIrFYMJVf2RikpWbijCnEYHJ7jfS4wD/87EqqiLHYh2oh\ndLlV91tFwRv0cwYk/582flfzFDPw1V5UoQMriL3zu8GABLDfJdrxOTwNQBl0CxFQ\nhIIy6MLz47ay8LXDPrIeRDt4Hy7dD4Y5DieFSo2hosCHbUWjMb+kyOyhSJI=\n-----END RSA PRIVATE KEY-----\n",
            "content_base64": null,
            "content_base64sha256": "qwqcpGPm8gx0ED8OISDYKBwB4HkE+sHfB+i9Fj7v+w8=",
            "content_base64sha512": "aXSeGj5SdFPrzQ/OxHqsSfRObP0r6ZkvDWoaykkGBGGQKjh2SVDuO9Zi4F4X129mio8rcR9PS9mjKb0qfH3y2Q==",
            "content_md5": "b6cd94214adb879482198605f89eaf73",
            "content_sha1": "7636480819be4299f7537a6299e4c4d157c6f2f1",
            "content_sha256": "ab0a9ca463e6f20c74103f0e2120d8281c01e07904fac1df07e8bd163eeffb0f",
            "content_sha512": "69749e1a3e527453ebcd0fcec47aac49f44e6cfd2be9992f0d6a1aca49060461902a38764950ee3bd662e05e17d76f668a8f2b711f4f4bd9a329bd2a7c7df2d9",
            "directory_permission": "0777",
            "file_permission": "600",
            "filename": "autocap-key",
            "id": "7636480819be4299f7537a6299e4c4d157c6f2f1",
            "sensitive_content": null,
            "source": null
          },
          "sensitive_attributes": [
            [
              {
                "type": "get_attr",
                "value": "content"
              }
            ],
            [
              {
                "type": "get_attr",
                "value": "sensitive_content"
              }
            ]
          ],
          "dependencies": [
            "null_resource.pre_scan",
            "tls_private_key.key"
          ]
        }
      ]
    },
    {
      "mode": "managed",
      "type": "null_resource",
      "name": "pre_scan",
      "provider": "provider[\"registry.terraform.io/hashicorp/null\"]",
      "instances": [
        {
          "schema_version": 0,
          "attributes": {
            "id": "5041843522920526860",
            "triggers": {
              "always_run": "2025-12-13T22:44:09Z"
            }
          },
          "sensitive_attributes": []
        }
      ]
    },
    {
      "mode": "managed",
      "type": "time_sleep",
      "name": "ami-sleep",
      "provider": "provider[\"registry.terraform.io/hashicorp/time\"]",
      "instances": [
        {
          "schema_version": 0,
          "attributes": {
            "create_duration": "360s",
            "destroy_duration": null,
            "id": "2025-12-13T21:21:47Z",
            "triggers": null
          },
          "sensitive_attributes": [],
          "dependencies": [
            "aws_cloudfront_distribution.s3_distribution",
            "aws_db_instance.wordpress_db",
            "aws_db_subnet_group.database",
            "aws_iam_instance_profile.iam-instance-profile",
            "aws_iam_role.iam_role",
            "aws_instance.wordpress_server",
            "aws_key_pair.key",
            "aws_s3_bucket.autocap_media",
            "aws_security_group.autocap_sg",
            "aws_security_group.rds_sg",
            "aws_subnet.prv_sn1",
            "aws_subnet.prv_sn2",
            "aws_subnet.pub_sn1",
            "aws_vpc.vpc",
            "data.aws_cloudfront_distribution.cloudfront",
            "null_resource.pre_scan",
            "tls_private_key.key"
          ]
        }
      ]
    },
    {
      "mode": "managed",
      "type": "tls_private_key",
      "name": "key",
      "provider": "provider[\"registry.terraform.io/hashicorp/tls\"]",
      "instances": [
        {
          "schema_version": 1,
          "attributes": {
            "algorithm": "RSA",
            "ecdsa_curve": "P224",
            "id": "71f97832aafc34e9a6d6e43207d3c5c823e0d380",
            "private_key_openssh": "-----BEGIN OPENSSH PRIVATE KEY-----\nb3BlbnNzaC1rZXktdjEAAAAABG5vbmUAAAAEbm9uZQAAAAAAAAABAAACFwAAAAdz\nc2gtcnNhAAAAAwEAAQAAAgEAtb0S1H6DuuYs81usAOAATacOTzENhNZLugtJxwuf\nhfzY0XFszhLevVNgEMNIrXHxdtS2fni+X3qu6Bqr1riEegKQYPnUm1TVpECIejJf\neaEx/SgUKxqk8QTBC2RZY2bzP064Sau6cEMT6jQd+tUT6kd57Tc+wckql/FaIRDS\nBYa+t11qXmRuKzf/zipWIaxoLuM9mCBCRDpjply7FU+4MaEQQPEimji3VsuOlR+I\nnsabViJRjYtVwtXfREgQA52Vx/b5kXjiph1ABJnk8uaKAx1Ymv/FJiLMJmmeIWJX\nwU71meO84w78czPggQOISKXieHHwpzcEG8xwZPVXxfBp0BMDXWjm0TJ6D8/Jp/2G\nFFLh9yoNTtq41mvNUh6pEO3aC5KeHAlnnTc0FmSXj2fFf6IoJWhQB6cxROoC++Dc\nXMuXhTuk9eVdZy8YwN8JLbuXIvOTshFYG2Oe0Yx7CFO6m/0AKIx3je1NRA0nzljd\nzV802a4lC27Ja7Ctvtmrtmme3cdfXyS7T7exucvW38i5mgZTdHYnvpXjb1yJal6G\nlCc50ztdLmRkh/83g8U2K4m51RLo03RPp5o8Cp8sK5iJ5dnczuPC7wsoAFp21RCv\n95dIQ0Heby6jvPZzwrGR7OMNeMBm8v+0H3dNLvmfLFg9tjAszvhn8OHO/B+pwD+/\nOhUAAAc4BgH79AYB+/QAAAAHc3NoLXJzYQAAAgEAtb0S1H6DuuYs81usAOAATacO\nTzENhNZLugtJxwufhfzY0XFszhLevVNgEMNIrXHxdtS2fni+X3qu6Bqr1riEegKQ\nYPnUm1TVpECIejJfeaEx/SgUKxqk8QTBC2RZY2bzP064Sau6cEMT6jQd+tUT6kd5\n7Tc+wckql/FaIRDSBYa+t11qXmRuKzf/zipWIaxoLuM9mCBCRDpjply7FU+4MaEQ\nQPEimji3VsuOlR+InsabViJRjYtVwtXfREgQA52Vx/b5kXjiph1ABJnk8uaKAx1Y\nmv/FJiLMJmmeIWJXwU71meO84w78czPggQOISKXieHHwpzcEG8xwZPVXxfBp0BMD\nXWjm0TJ6D8/Jp/2GFFLh9yoNTtq41mvNUh6pEO3aC5KeHAlnnTc0FmSXj2fFf6Io\nJWhQB6cxROoC++DcXMuXhTuk9eVdZy8YwN8JLbuXIvOTshFYG2Oe0Yx7CFO6m/0A\nKIx3je1NRA0nzljdzV802a4lC27Ja7Ctvtmrtmme3cdfXyS7T7exucvW38i5mgZT\ndHYnvpXjb1yJal6GlCc50ztdLmRkh/83g8U2K4m51RLo03RPp5o8Cp8sK5iJ5dnc\nzuPC7wsoAFp21RCv95dIQ0Heby6jvPZzwrGR7OMNeMBm8v+0H3dNLvmfLFg9tjAs\nzvhn8OHO/B+pwD+/OhUAAAADAQABAAACACxLUdySnT6fPRNvI2PvNIO4lKc+eGII\n7NoCSFAICDBa6OlbML6lIL6aJI7RWdRUMhrZS0VV3mhc+WY+oeUqgbdPCqtoGKZn\nLc7jn5/QyS5W2F0wOIIs80h+9SH2qkas39ptMENcZItZ/e+WFjx9VGZEV3Y2gcgv\nZH815taqR9Xq+m6siPFKnwNPmbxA209Huvi6j9eU/TGt3X29midej7Eg5Vo+q0VV\nT3ILGMxFrEGufEuo/6F09UkQYWM+AREwhkH/cuI+yVbdSC4W6BM/lyGdNGxKrF1Y\nG9O86DqQwnyt5vRD6lSY4XSejzhCiSPTsnfSpWnL4ed4k2g319W5e8A+gxGvxArE\nZ2rAfHKdmn8Zdp3fL7EIRSHrsALixXDikvUrt9oVfn0aiWJIoQ+2fbBV7jA5gjdK\nGdjaNkxKRjmq76alb9EW1cGmCKqHOifLPQN+0SEP+YjOIOamGrX/Eulo7QD4n0GB\nAbCba6cwrokuQbDL1U65HgZOkBHYVcb0VCi8qXbkUw3QRwl+GiGeo0AVnp8AjKkc\nW30yuukxf92zBl9PBoOkrg9sCeu3Z7qF+tyFTXt3cJmxpOQDKF6Za80IecP3yUO8\n54icWq14jNc9jZfEdec2fhhJoy4mzUD4FkiPqmsAxICJl3MaNLJXuk+04LwSLY8X\nCTzeELXF7ZG9AAABAQCvYf02QCxLcKkyCNwdpoBgDynazcVziqr4/gl1N90qWaEu\nLiGT5l+7aa1psOdoscFNPdeWo+Xc1/l26gKlfQBn/aqC0NU8gjcTY05UkhbhSc+l\nYM3Foa+fjC+O9rW2+Kf6wYROb9fnCemX0gB7hliovT8sa59zaPmyRgbwLpeWpprK\nCSKxWDCVX9kYpKVm4owpxGBye430uMA//OxKqoix2IdqIXS5VfdbRcEb9HMGJP+f\nNn5X8xQz8NVeVKEDK4i987vBgASw3yXa8Tk8DUAZdAsRUISCMujC8+O2svC1wz6y\nHkQ7eB8u3Q+GOQ4nhUqNoaLAh21FozG/pMjsoUiSAAABAQDoV8Lhhftdw/RFj22R\n5EQEvWmwsnbi7y1FsT3Bn4mw3YjOqg3CQ7sy1jpnqYxBoxryRoUr2jOkwo0PJ3o3\n1RS1/VAmyxQeM9UlIKt6gBBYg/X8dFcT0yP+lArtmVEm2DnXa+++eJ0fF9r5I49v\n8pBJPgK6fTM6FSLlRIy9T+mSc1U7BlO0xly2OgU8SyB04gAR67N2CQUHl/VYxL3F\nYsOsnIDcNTq2236SIRwzOuf41f30FCQq+8XQAgHOxPqeCltYTogflQvOD+s9YdLx\nVy6SLljcjdWVI4bOTrizP62Rsg1f06A450heK75C0dHFvZpZbLx6Fu749eegEeVu\nrSfDAAABAQDIPkORl4LR1u2wKQeQ2Fermd2AD6hBiqOrpetB7iTAdXBfIHhKj48b\n1qRboMXBq56hg0GV1gaV9ZIL0VI+O2LtVlsEHIet9E4KH9JWVzjmLeGHWxsvWpxF\nM3jbeWTU8gSdlTebz8FH9obKYljFqe48bmJxWqY+JfD9L1TiCs+UVeAz+LJ9mMJs\nJWDI/is9xmioWHx3UY1SJtiOBAvfVmBjNsJk9e/P7yChtv/eulbqUJNnThfhU7xQ\nloxMly4hCW4yqGjQoOfFhyhdJ1Bg/RTzIzjhHO8dE/PPI5V+Ph78XJQ7IvqkD7tz\nM+ykBY1GaNi27fVfqaH6aIoqA/nNgdFHAAAAAAEC\n-----END OPENSSH PRIVATE KEY-----\n",
            "private_key_pem": "-----BEGIN RSA PRIVATE KEY-----\nMIIJKAIBAAKCAgEAtb0S1H6DuuYs81usAOAATacOTzENhNZLugtJxwufhfzY0XFs\nzhLevVNgEMNIrXHxdtS2fni+X3qu6Bqr1riEegKQYPnUm1TVpECIejJfeaEx/SgU\nKxqk8QTBC2RZY2bzP064Sau6cEMT6jQd+tUT6kd57Tc+wckql/FaIRDSBYa+t11q\nXmRuKzf/zipWIaxoLuM9mCBCRDpjply7FU+4MaEQQPEimji3VsuOlR+InsabViJR\njYtVwtXfREgQA52Vx/b5kXjiph1ABJnk8uaKAx1Ymv/FJiLMJmmeIWJXwU71meO8\n4w78czPggQOISKXieHHwpzcEG8xwZPVXxfBp0BMDXWjm0TJ6D8/Jp/2GFFLh9yoN\nTtq41mvNUh6pEO3aC5KeHAlnnTc0FmSXj2fFf6IoJWhQB6cxROoC++DcXMuXhTuk\n9eVdZy8YwN8JLbuXIvOTshFYG2Oe0Yx7CFO6m/0AKIx3je1NRA0nzljdzV802a4l\nC27Ja7Ctvtmrtmme3cdfXyS7T7exucvW38i5mgZTdHYnvpXjb1yJal6GlCc50ztd\nLmRkh/83g8U2K4m51RLo03RPp5o8Cp8sK5iJ5dnczuPC7wsoAFp21RCv95dIQ0He\nby6jvPZzwrGR7OMNeMBm8v+0H3dNLvmfLFg9tjAszvhn8OHO/B+pwD+/OhUCAwEA\nAQKCAgAsS1Hckp0+nz0TbyNj7zSDuJSnPnhiCOzaAkhQCAgwWujpWzC+pSC+miSO\n0VnUVDIa2UtFVd5oXPlmPqHlKoG3TwqraBimZy3O45+f0MkuVthdMDiCLPNIfvUh\n9qpGrN/abTBDXGSLWf3vlhY8fVRmRFd2NoHIL2R/NebWqkfV6vpurIjxSp8DT5m8\nQNtPR7r4uo/XlP0xrd19vZonXo+xIOVaPqtFVU9yCxjMRaxBrnxLqP+hdPVJEGFj\nPgERMIZB/3LiPslW3UguFugTP5chnTRsSqxdWBvTvOg6kMJ8reb0Q+pUmOF0no84\nQokj07J30qVpy+HneJNoN9fVuXvAPoMRr8QKxGdqwHxynZp/GXad3y+xCEUh67AC\n4sVw4pL1K7faFX59GoliSKEPtn2wVe4wOYI3ShnY2jZMSkY5qu+mpW/RFtXBpgiq\nhzonyz0DftEhD/mIziDmphq1/xLpaO0A+J9BgQGwm2unMK6JLkGwy9VOuR4GTpAR\n2FXG9FQovKl25FMN0EcJfhohnqNAFZ6fAIypHFt9MrrpMX/dswZfTwaDpK4PbAnr\nt2e6hfrchU17d3CZsaTkAyhemWvNCHnD98lDvOeInFqteIzXPY2XxHXnNn4YSaMu\nJs1A+BZIj6prAMSAiZdzGjSyV7pPtOC8Ei2PFwk83hC1xe2RvQKCAQEA6FfC4YX7\nXcP0RY9tkeREBL1psLJ24u8tRbE9wZ+JsN2IzqoNwkO7MtY6Z6mMQaMa8kaFK9oz\npMKNDyd6N9UUtf1QJssUHjPVJSCreoAQWIP1/HRXE9Mj/pQK7ZlRJtg512vvvnid\nHxfa+SOPb/KQST4Cun0zOhUi5USMvU/pknNVOwZTtMZctjoFPEsgdOIAEeuzdgkF\nB5f1WMS9xWLDrJyA3DU6ttt+kiEcMzrn+NX99BQkKvvF0AIBzsT6ngpbWE6IH5UL\nzg/rPWHS8Vcuki5Y3I3VlSOGzk64sz+tkbINX9OgOOdIXiu+QtHRxb2aWWy8ehbu\n+PXnoBHlbq0nwwKCAQEAyD5DkZeC0dbtsCkHkNhXq5ndgA+oQYqjq6XrQe4kwHVw\nXyB4So+PG9akW6DFwaueoYNBldYGlfWSC9FSPjti7VZbBByHrfROCh/SVlc45i3h\nh1sbL1qcRTN423lk1PIEnZU3m8/BR/aGymJYxanuPG5icVqmPiXw/S9U4grPlFXg\nM/iyfZjCbCVgyP4rPcZoqFh8d1GNUibYjgQL31ZgYzbCZPXvz+8gobb/3rpW6lCT\nZ04X4VO8UJaMTJcuIQluMqho0KDnxYcoXSdQYP0U8yM44RzvHRPzzyOVfj4e/FyU\nOyL6pA+7czPspAWNRmjYtu31X6mh+miKKgP5zYHRRwKCAQBZojnRjUG7G7Sp/To1\nFU3UUkpq236X79OUVltPzj9tVxnHOL2UG1MlupXPlg5A6C6mFuSbVVOlFVUb6ovw\n7ChQSUhZnvDE8hQhfagJ20vzCf2lBjDtuf/h37UTkplHFhXCcKaN4bQj4a0dfkWA\n16AoUV72GQThPHQ45KgzBJhEYnAYFEnIrNnphxqr9wOvc9y5DSgvui0Rj+Mb+tKH\nSqHYfowL6BEdqDH9J/7cGLaTPeL5/acyWe0nYQ7XeRCCVdaFi85h+LsUJPoItSuO\n5aZWyMCJXcJvBcSk5KPGqyNH2NvmAxuFuFwn0FJXLuDxm0LnitZvd1d7/kn8a8sK\nVozHAoIBAD5qig07uN9Hq1cZsu4HQWyPzWc5eizT1iiO00H9xR7ofFpqeJRlIyp+\nQUT+XCX+JLgbfboCuJLNtPRSDtyvDisEm+IwMmqamCi3uoyHK4k0C/RxBYxBJiy7\n2pQuxqtJtP6ZoHfEzm5r/Z/f/+O9EDFuBulmZCNDGFcTBdZfoEyQaA5LGvfjQdcL\n35tG/puG2OCAlGts1CwjR6Ucxcab2feS/g0SS+n4k6dUr3TxiF4JN6kfwnnN7AkC\npEDLbumFUwAfVmyRey0q7/35XyicOod/Fx+0MSRTL9AFO3faTTZEdT/pq06wSLGk\nIcMOp/amf8albbKf4Yl4RHjMPHU+XckCggEBAK9h/TZALEtwqTII3B2mgGAPKdrN\nxXOKqvj+CXU33SpZoS4uIZPmX7tprWmw52ixwU0915aj5dzX+XbqAqV9AGf9qoLQ\n1TyCNxNjTlSSFuFJz6VgzcWhr5+ML472tbb4p/rBhE5v1+cJ6ZfSAHuGWKi9Pyxr\nn3No+bJGBvAul5ammsoJIrFYMJVf2RikpWbijCnEYHJ7jfS4wD/87EqqiLHYh2oh\ndLlV91tFwRv0cwYk/582flfzFDPw1V5UoQMriL3zu8GABLDfJdrxOTwNQBl0CxFQ\nhIIy6MLz47ay8LXDPrIeRDt4Hy7dD4Y5DieFSo2hosCHbUWjMb+kyOyhSJI=\n-----END RSA PRIVATE KEY-----\n",
            "private_key_pem_pkcs8": "-----BEGIN PRIVATE KEY-----\nMIIJQgIBADANBgkqhkiG9w0BAQEFAASCCSwwggkoAgEAAoICAQC1vRLUfoO65izz\nW6wA4ABNpw5PMQ2E1ku6C0nHC5+F/NjRcWzOEt69U2AQw0itcfF21LZ+eL5feq7o\nGqvWuIR6ApBg+dSbVNWkQIh6Ml95oTH9KBQrGqTxBMELZFljZvM/TrhJq7pwQxPq\nNB361RPqR3ntNz7BySqX8VohENIFhr63XWpeZG4rN//OKlYhrGgu4z2YIEJEOmOm\nXLsVT7gxoRBA8SKaOLdWy46VH4iexptWIlGNi1XC1d9ESBADnZXH9vmReOKmHUAE\nmeTy5ooDHVia/8UmIswmaZ4hYlfBTvWZ47zjDvxzM+CBA4hIpeJ4cfCnNwQbzHBk\n9VfF8GnQEwNdaObRMnoPz8mn/YYUUuH3Kg1O2rjWa81SHqkQ7doLkp4cCWedNzQW\nZJePZ8V/oiglaFAHpzFE6gL74Nxcy5eFO6T15V1nLxjA3wktu5ci85OyEVgbY57R\njHsIU7qb/QAojHeN7U1EDSfOWN3NXzTZriULbslrsK2+2au2aZ7dx19fJLtPt7G5\ny9bfyLmaBlN0die+leNvXIlqXoaUJznTO10uZGSH/zeDxTYribnVEujTdE+nmjwK\nnywrmInl2dzO48LvCygAWnbVEK/3l0hDQd5vLqO89nPCsZHs4w14wGby/7Qfd00u\n+Z8sWD22MCzO+Gfw4c78H6nAP786FQIDAQABAoICACxLUdySnT6fPRNvI2PvNIO4\nlKc+eGII7NoCSFAICDBa6OlbML6lIL6aJI7RWdRUMhrZS0VV3mhc+WY+oeUqgbdP\nCqtoGKZnLc7jn5/QyS5W2F0wOIIs80h+9SH2qkas39ptMENcZItZ/e+WFjx9VGZE\nV3Y2gcgvZH815taqR9Xq+m6siPFKnwNPmbxA209Huvi6j9eU/TGt3X29midej7Eg\n5Vo+q0VVT3ILGMxFrEGufEuo/6F09UkQYWM+AREwhkH/cuI+yVbdSC4W6BM/lyGd\nNGxKrF1YG9O86DqQwnyt5vRD6lSY4XSejzhCiSPTsnfSpWnL4ed4k2g319W5e8A+\ngxGvxArEZ2rAfHKdmn8Zdp3fL7EIRSHrsALixXDikvUrt9oVfn0aiWJIoQ+2fbBV\n7jA5gjdKGdjaNkxKRjmq76alb9EW1cGmCKqHOifLPQN+0SEP+YjOIOamGrX/Eulo\n7QD4n0GBAbCba6cwrokuQbDL1U65HgZOkBHYVcb0VCi8qXbkUw3QRwl+GiGeo0AV\nnp8AjKkcW30yuukxf92zBl9PBoOkrg9sCeu3Z7qF+tyFTXt3cJmxpOQDKF6Za80I\necP3yUO854icWq14jNc9jZfEdec2fhhJoy4mzUD4FkiPqmsAxICJl3MaNLJXuk+0\n4LwSLY8XCTzeELXF7ZG9AoIBAQDoV8Lhhftdw/RFj22R5EQEvWmwsnbi7y1FsT3B\nn4mw3YjOqg3CQ7sy1jpnqYxBoxryRoUr2jOkwo0PJ3o31RS1/VAmyxQeM9UlIKt6\ngBBYg/X8dFcT0yP+lArtmVEm2DnXa+++eJ0fF9r5I49v8pBJPgK6fTM6FSLlRIy9\nT+mSc1U7BlO0xly2OgU8SyB04gAR67N2CQUHl/VYxL3FYsOsnIDcNTq2236SIRwz\nOuf41f30FCQq+8XQAgHOxPqeCltYTogflQvOD+s9YdLxVy6SLljcjdWVI4bOTriz\nP62Rsg1f06A450heK75C0dHFvZpZbLx6Fu749eegEeVurSfDAoIBAQDIPkORl4LR\n1u2wKQeQ2Fermd2AD6hBiqOrpetB7iTAdXBfIHhKj48b1qRboMXBq56hg0GV1gaV\n9ZIL0VI+O2LtVlsEHIet9E4KH9JWVzjmLeGHWxsvWpxFM3jbeWTU8gSdlTebz8FH\n9obKYljFqe48bmJxWqY+JfD9L1TiCs+UVeAz+LJ9mMJsJWDI/is9xmioWHx3UY1S\nJtiOBAvfVmBjNsJk9e/P7yChtv/eulbqUJNnThfhU7xQloxMly4hCW4yqGjQoOfF\nhyhdJ1Bg/RTzIzjhHO8dE/PPI5V+Ph78XJQ7IvqkD7tzM+ykBY1GaNi27fVfqaH6\naIoqA/nNgdFHAoIBAFmiOdGNQbsbtKn9OjUVTdRSSmrbfpfv05RWW0/OP21XGcc4\nvZQbUyW6lc+WDkDoLqYW5JtVU6UVVRvqi/DsKFBJSFme8MTyFCF9qAnbS/MJ/aUG\nMO25/+HftROSmUcWFcJwpo3htCPhrR1+RYDXoChRXvYZBOE8dDjkqDMEmERicBgU\nScis2emHGqv3A69z3LkNKC+6LRGP4xv60odKodh+jAvoER2oMf0n/twYtpM94vn9\npzJZ7SdhDtd5EIJV1oWLzmH4uxQk+gi1K47lplbIwIldwm8FxKTko8arI0fY2+YD\nG4W4XCfQUlcu4PGbQueK1m93V3v+SfxrywpWjMcCggEAPmqKDTu430erVxmy7gdB\nbI/NZzl6LNPWKI7TQf3FHuh8Wmp4lGUjKn5BRP5cJf4kuBt9ugK4ks209FIO3K8O\nKwSb4jAyapqYKLe6jIcriTQL9HEFjEEmLLvalC7Gq0m0/pmgd8TObmv9n9//470Q\nMW4G6WZkI0MYVxMF1l+gTJBoDksa9+NB1wvfm0b+m4bY4ICUa2zULCNHpRzFxpvZ\n95L+DRJL6fiTp1SvdPGIXgk3qR/Cec3sCQKkQMtu6YVTAB9WbJF7LSrv/flfKJw6\nh38XH7QxJFMv0AU7d9pNNkR1P+mrTrBIsaQhww6n9qZ/xqVtsp/hiXhEeMw8dT5d\nyQKCAQEAr2H9NkAsS3CpMgjcHaaAYA8p2s3Fc4qq+P4JdTfdKlmhLi4hk+Zfu2mt\nabDnaLHBTT3XlqPl3Nf5duoCpX0AZ/2qgtDVPII3E2NOVJIW4UnPpWDNxaGvn4wv\njva1tvin+sGETm/X5wnpl9IAe4ZYqL0/LGufc2j5skYG8C6XlqaaygkisVgwlV/Z\nGKSlZuKMKcRgcnuN9LjAP/zsSqqIsdiHaiF0uVX3W0XBG/RzBiT/nzZ+V/MUM/DV\nXlShAyuIvfO7wYAEsN8l2vE5PA1AGXQLEVCEgjLowvPjtrLwtcM+sh5EO3gfLt0P\nhjkOJ4VKjaGiwIdtRaMxv6TI7KFIkg==\n-----END PRIVATE KEY-----\n",
            "public_key_fingerprint_md5": "56:27:4e:95:43:a1:09:0e:c1:87:66:88:9c:d4:ce:1c",
            "public_key_fingerprint_sha256": "SHA256:32e9z0/mpg8xoMqhyt7psHwgj+Y3aTNQ2XxMsnIFZ6A",
            "public_key_openssh": "ssh-rsa AAAAB3NzaC1yc2EAAAADAQABAAACAQC1vRLUfoO65izzW6wA4ABNpw5PMQ2E1ku6C0nHC5+F/NjRcWzOEt69U2AQw0itcfF21LZ+eL5feq7oGqvWuIR6ApBg+dSbVNWkQIh6Ml95oTH9KBQrGqTxBMELZFljZvM/TrhJq7pwQxPqNB361RPqR3ntNz7BySqX8VohENIFhr63XWpeZG4rN//OKlYhrGgu4z2YIEJEOmOmXLsVT7gxoRBA8SKaOLdWy46VH4iexptWIlGNi1XC1d9ESBADnZXH9vmReOKmHUAEmeTy5ooDHVia/8UmIswmaZ4hYlfBTvWZ47zjDvxzM+CBA4hIpeJ4cfCnNwQbzHBk9VfF8GnQEwNdaObRMnoPz8mn/YYUUuH3Kg1O2rjWa81SHqkQ7doLkp4cCWedNzQWZJePZ8V/oiglaFAHpzFE6gL74Nxcy5eFO6T15V1nLxjA3wktu5ci85OyEVgbY57RjHsIU7qb/QAojHeN7U1EDSfOWN3NXzTZriULbslrsK2+2au2aZ7dx19fJLtPt7G5y9bfyLmaBlN0die+leNvXIlqXoaUJznTO10uZGSH/zeDxTYribnVEujTdE+nmjwKnywrmInl2dzO48LvCygAWnbVEK/3l0hDQd5vLqO89nPCsZHs4w14wGby/7Qfd00u+Z8sWD22MCzO+Gfw4c78H6nAP786FQ==\n",
            "public_key_pem": "-----BEGIN PUBLIC KEY-----\nMIICIjANBgkqhkiG9w0BAQEFAAOCAg8AMIICCgKCAgEAtb0S1H6DuuYs81usAOAA\nTacOTzENhNZLugtJxwufhfzY0XFszhLevVNgEMNIrXHxdtS2fni+X3qu6Bqr1riE\negKQYPnUm1TVpECIejJfeaEx/SgUKxqk8QTBC2RZY2bzP064Sau6cEMT6jQd+tUT\n6kd57Tc+wckql/FaIRDSBYa+t11qXmRuKzf/zipWIaxoLuM9mCBCRDpjply7FU+4\nMaEQQPEimji3VsuOlR+InsabViJRjYtVwtXfREgQA52Vx/b5kXjiph1ABJnk8uaK\nAx1Ymv/FJiLMJmmeIWJXwU71meO84w78czPggQOISKXieHHwpzcEG8xwZPVXxfBp\n0BMDXWjm0TJ6D8/Jp/2GFFLh9yoNTtq41mvNUh6pEO3aC5KeHAlnnTc0FmSXj2fF\nf6IoJWhQB6cxROoC++DcXMuXhTuk9eVdZy8YwN8JLbuXIvOTshFYG2Oe0Yx7CFO6\nm/0AKIx3je1NRA0nzljdzV802a4lC27Ja7Ctvtmrtmme3cdfXyS7T7exucvW38i5\nmgZTdHYnvpXjb1yJal6GlCc50ztdLmRkh/83g8U2K4m51RLo03RPp5o8Cp8sK5iJ\n5dnczuPC7wsoAFp21RCv95dIQ0Heby6jvPZzwrGR7OMNeMBm8v+0H3dNLvmfLFg9\ntjAszvhn8OHO/B+pwD+/OhUCAwEAAQ==\n-----END PUBLIC KEY-----\n",
            "rsa_bits": 4096
          },
          "sensitive_attributes": [
            [
              {
                "type": "get_attr",
                "value": "private_key_pem"
              }
            ],
            [
              {
                "type": "get_attr",
                "value": "private_key_openssh"
              }
            ],
            [
              {
                "type": "get_attr",
                "value": "private_key_pem_pkcs8"
              }
            ]
          ]
        }
      ]
    }
  ],
  "check_results": null
}
